
Microsoft Visual Studio Solution File, Format Version 11.00
# Visual Studio 2010
Project("{FAE04EC0-301F-11D3-BF4B-00C04F79EFBC}") = "box2d.Windows8", "box2d.Windows8.csproj", "{B81B6701-7A78-4846-BF6F-04E0591F0F38}"
EndProject
Global
	GlobalSection(SolutionConfigurationPlatforms) = preSolution
		Debug|x86 = Debug|x86
		Release|x86 = Release|x86
	EndGlobalSection
	GlobalSection(ProjectConfigurationPlatforms) = postSolution
		{B81B6701-7A78-4846-BF6F-04E0591F0F38}.Debug|x86.ActiveCfg = Debug|x86
		{B81B6701-7A78-4846-BF6F-04E0591F0F38}.Debug|x86.Build.0 = Debug|x86
		{B81B6701-7A78-4846-BF6F-04E0591F0F38}.Release|x86.ActiveCfg = Release|x86
		{B81B6701-7A78-4846-BF6F-04E0591F0F38}.Release|x86.Build.0 = Release|x86
	EndGlobalSection
	GlobalSection(SolutionProperties) = preSolution
		HideSolutionNode = FALSE
	EndGlobalSection
EndGlobal
