
Microsoft Visual Studio Solution File, Format Version 12.00
# Visual Studio 2012
Project("{FAE04EC0-301F-11D3-BF4B-00C04F79EFBC}") = "EmptyProject.iOS", "EmptyProject.iOS\EmptyProject.iOS.csproj", "{9471883D-11D7-4498-BE5A-8B2ABB3D87BC}"
EndProject
Global
	GlobalSection(SolutionConfigurationPlatforms) = preSolution
		Ad-Hoc|iPhone = Ad-Hoc|iPhone
		Ad-Hoc|iPhoneSimulator = Ad-Hoc|iPhoneSimulator
		AppStore|iPhone = AppStore|iPhone
		AppStore|iPhoneSimulator = AppStore|iPhoneSimulator
		Debug|iPhone = Debug|iPhone
		Debug|iPhoneSimulator = Debug|iPhoneSimulator
		Release|iPhone = Release|iPhone
		Release|iPhoneSimulator = Release|iPhoneSimulator
	EndGlobalSection
	GlobalSection(ProjectConfigurationPlatforms) = postSolution
		{9471883D-11D7-4498-BE5A-8B2ABB3D87BC}.Ad-Hoc|iPhone.ActiveCfg = Ad-Hoc|iPhone
		{9471883D-11D7-4498-BE5A-8B2ABB3D87BC}.Ad-Hoc|iPhone.Build.0 = Ad-Hoc|iPhone
		{9471883D-11D7-4498-BE5A-8B2ABB3D87BC}.Ad-Hoc|iPhoneSimulator.ActiveCfg = Ad-Hoc|iPhoneSimulator
		{9471883D-11D7-4498-BE5A-8B2ABB3D87BC}.Ad-Hoc|iPhoneSimulator.Build.0 = Ad-Hoc|iPhoneSimulator
		{9471883D-11D7-4498-BE5A-8B2ABB3D87BC}.AppStore|iPhone.ActiveCfg = AppStore|iPhone
		{9471883D-11D7-4498-BE5A-8B2ABB3D87BC}.AppStore|iPhone.Build.0 = AppStore|iPhone
		{9471883D-11D7-4498-BE5A-8B2ABB3D87BC}.AppStore|iPhoneSimulator.ActiveCfg = AppStore|iPhoneSimulator
		{9471883D-11D7-4498-BE5A-8B2ABB3D87BC}.AppStore|iPhoneSimulator.Build.0 = AppStore|iPhoneSimulator
		{9471883D-11D7-4498-BE5A-8B2ABB3D87BC}.Debug|iPhone.ActiveCfg = Debug|iPhone
		{9471883D-11D7-4498-BE5A-8B2ABB3D87BC}.Debug|iPhone.Build.0 = Debug|iPhone
		{9471883D-11D7-4498-BE5A-8B2ABB3D87BC}.Debug|iPhoneSimulator.ActiveCfg = Debug|iPhoneSimulator
		{9471883D-11D7-4498-BE5A-8B2ABB3D87BC}.Debug|iPhoneSimulator.Build.0 = Debug|iPhoneSimulator
		{9471883D-11D7-4498-BE5A-8B2ABB3D87BC}.Release|iPhone.ActiveCfg = Release|iPhone
		{9471883D-11D7-4498-BE5A-8B2ABB3D87BC}.Release|iPhone.Build.0 = Release|iPhone
		{9471883D-11D7-4498-BE5A-8B2ABB3D87BC}.Release|iPhoneSimulator.ActiveCfg = Release|iPhoneSimulator
		{9471883D-11D7-4498-BE5A-8B2ABB3D87BC}.Release|iPhoneSimulator.Build.0 = Release|iPhoneSimulator
	EndGlobalSection
	GlobalSection(SolutionProperties) = preSolution
		HideSolutionNode = FALSE
	EndGlobalSection
EndGlobal
