
Microsoft Visual Studio Solution File, Format Version 11.00
# Visual Studio 2010
Project("{FAE04EC0-301F-11D3-BF4B-00C04F79EFBC}") = "tests.PSM", "tests\tests\tests.PSM.csproj", "{33546FA7-14FD-472C-9CC2-C9B93562D458}"
EndProject
Project("{FAE04EC0-301F-11D3-BF4B-00C04F79EFBC}") = "cocos2d.PSM", "cocos2d\cocos2d.PSM.csproj", "{30E7611D-6275-4948-BF43-DA477399100E}"
EndProject
Project("{FAE04EC0-301F-11D3-BF4B-00C04F79EFBC}") = "MonoGame.Framework.PSMobile", "..\mono\MonoGame\MonoGame.Framework\MonoGame.Framework.PSMobile.csproj", "{EA26E76F-FDFE-4A8C-B5A3-C3B5761E28F9}"
EndProject
Project("{FAE04EC0-301F-11D3-BF4B-00C04F79EFBC}") = "Lidgren.Network.PSMobile", "..\mono\MonoGame\ThirdParty\Lidgren.Network\Lidgren.Network.PSMobile.csproj", "{167676EE-E2D5-440A-BB2B-EFBD02BC8493}"
EndProject
Global
	GlobalSection(SolutionConfigurationPlatforms) = preSolution
		Debug|Any CPU = Debug|Any CPU
		Release|Any CPU = Release|Any CPU
	EndGlobalSection
	GlobalSection(ProjectConfigurationPlatforms) = postSolution
		{167676EE-E2D5-440A-BB2B-EFBD02BC8493}.Debug|Any CPU.ActiveCfg = Debug|Any CPU
		{167676EE-E2D5-440A-BB2B-EFBD02BC8493}.Debug|Any CPU.Build.0 = Debug|Any CPU
		{167676EE-E2D5-440A-BB2B-EFBD02BC8493}.Release|Any CPU.ActiveCfg = Release|Any CPU
		{167676EE-E2D5-440A-BB2B-EFBD02BC8493}.Release|Any CPU.Build.0 = Release|Any CPU
		{EA26E76F-FDFE-4A8C-B5A3-C3B5761E28F9}.Debug|Any CPU.ActiveCfg = Debug|Any CPU
		{EA26E76F-FDFE-4A8C-B5A3-C3B5761E28F9}.Debug|Any CPU.Build.0 = Debug|Any CPU
		{EA26E76F-FDFE-4A8C-B5A3-C3B5761E28F9}.Release|Any CPU.ActiveCfg = Release|Any CPU
		{EA26E76F-FDFE-4A8C-B5A3-C3B5761E28F9}.Release|Any CPU.Build.0 = Release|Any CPU
		{30E7611D-6275-4948-BF43-DA477399100E}.Debug|Any CPU.ActiveCfg = Debug|Any CPU
		{30E7611D-6275-4948-BF43-DA477399100E}.Release|Any CPU.ActiveCfg = Release|Any CPU
		{30E7611D-6275-4948-BF43-DA477399100E}.Debug|Any CPU.Build.0 = Debug|Any CPU
		{30E7611D-6275-4948-BF43-DA477399100E}.Release|Any CPU.Build.0 = Release|Any CPU
		{33546FA7-14FD-472C-9CC2-C9B93562D458}.Debug|Any CPU.ActiveCfg = Debug|Any CPU
		{33546FA7-14FD-472C-9CC2-C9B93562D458}.Release|Any CPU.ActiveCfg = Release|Any CPU
		{33546FA7-14FD-472C-9CC2-C9B93562D458}.Debug|Any CPU.Build.0 = Debug|Any CPU
		{33546FA7-14FD-472C-9CC2-C9B93562D458}.Release|Any CPU.Build.0 = Release|Any CPU
	EndGlobalSection
	GlobalSection(MonoDevelopProperties) = preSolution
		StartupItem = tests\tests\tests.PSM.csproj
	EndGlobalSection
	GlobalSection(SolutionProperties) = preSolution
		HideSolutionNode = FALSE
	EndGlobalSection
EndGlobal
