
Microsoft Visual Studio Solution File, Format Version 12.00
# Visual Studio 2010
Project("{FAE04EC0-301F-11D3-BF4B-00C04F79EFBC}") = "cocos2d.iOS", "cocos2d\cocos2d.iOS.csproj", "{A83510D8-7AED-411E-9616-DCFEA180969E}"
EndProject
Project("{FAE04EC0-301F-11D3-BF4B-00C04F79EFBC}") = "tests.iOS", "tests\tests\tests.iOS.csproj", "{8877C885-BEC4-4165-8A19-9C07FF9EC026}"
EndProject
Global
	GlobalSection(SolutionConfigurationPlatforms) = preSolution
		Debug|iPhone = Debug|iPhone
		Debug|iPhoneSimulator = Debug|iPhoneSimulator
		Release|iPhone = Release|iPhone
		Release|iPhoneSimulator = Release|iPhoneSimulator
	EndGlobalSection
	GlobalSection(ProjectConfigurationPlatforms) = postSolution
		{A83510D8-7AED-411E-9616-DCFEA180969E}.Debug|iPhone.ActiveCfg = Debug|iPhone
		{A83510D8-7AED-411E-9616-DCFEA180969E}.Debug|iPhone.Build.0 = Debug|iPhone
		{A83510D8-7AED-411E-9616-DCFEA180969E}.Debug|iPhoneSimulator.ActiveCfg = Debug|iPhoneSimulator
		{A83510D8-7AED-411E-9616-DCFEA180969E}.Debug|iPhoneSimulator.Build.0 = Debug|iPhoneSimulator
		{A83510D8-7AED-411E-9616-DCFEA180969E}.Release|iPhone.ActiveCfg = Release|iPhone
		{A83510D8-7AED-411E-9616-DCFEA180969E}.Release|iPhone.Build.0 = Release|iPhone
		{A83510D8-7AED-411E-9616-DCFEA180969E}.Release|iPhoneSimulator.ActiveCfg = Release|iPhone
		{A83510D8-7AED-411E-9616-DCFEA180969E}.Release|iPhoneSimulator.Build.0 = Release|iPhone
		{8877C885-BEC4-4165-8A19-9C07FF9EC026}.Debug|iPhone.ActiveCfg = Debug|iPhone
		{8877C885-BEC4-4165-8A19-9C07FF9EC026}.Debug|iPhone.Build.0 = Debug|iPhone
		{8877C885-BEC4-4165-8A19-9C07FF9EC026}.Debug|iPhoneSimulator.ActiveCfg = Debug|iPhoneSimulator
		{8877C885-BEC4-4165-8A19-9C07FF9EC026}.Debug|iPhoneSimulator.Build.0 = Debug|iPhoneSimulator
		{8877C885-BEC4-4165-8A19-9C07FF9EC026}.Release|iPhone.ActiveCfg = Release|iPhone
		{8877C885-BEC4-4165-8A19-9C07FF9EC026}.Release|iPhone.Build.0 = Release|iPhone
		{8877C885-BEC4-4165-8A19-9C07FF9EC026}.Release|iPhoneSimulator.ActiveCfg = Release|iPhone
		{8877C885-BEC4-4165-8A19-9C07FF9EC026}.Release|iPhoneSimulator.Build.0 = Release|iPhone
	EndGlobalSection
	GlobalSection(SolutionProperties) = preSolution
		HideSolutionNode = FALSE
	EndGlobalSection
EndGlobal
