Microsoft Visual Studio Solution File, Format Version 12.00
# Visual Studio 2012
Project("{FAE04EC0-301F-11D3-BF4B-00C04F79EFBC}") = "CocosSharp.WinRT", "src\CocosSharp.WinRT.csproj", "{158FF52F-6E3B-498C-9C96-A4DA9FD4E6E0}"
EndProject
Project("{FAE04EC0-301F-11D3-BF4B-00C04F79EFBC}") = "MonoGame.Framework.Windows8", "MonoGame\MonoGame.Framework\MonoGame.Framework.Windows8.csproj", "{0518563C-ACCA-4A14-8C5D-DDBE93E2605F}"
EndProject
Project("{FAE04EC0-301F-11D3-BF4B-00C04F79EFBC}") = "box2d.Windows8", "box2d\box2d.Windows8.csproj", "{B81B6701-7A78-4846-BF6F-04E0591F0F38}"
EndProject
Global
	GlobalSection(SolutionConfigurationPlatforms) = preSolution
		Debug|Any CPU = Debug|Any CPU
		Debug|ARM = Debug|ARM
		Debug|x64 = Debug|x64
		Debug|x86 = Debug|x86
		Release|Any CPU = Release|Any CPU
		Release|ARM = Release|ARM
		Release|x64 = Release|x64
		Release|x86 = Release|x86
	EndGlobalSection
	GlobalSection(ProjectConfigurationPlatforms) = postSolution
		{158FF52F-6E3B-498C-9C96-A4DA9FD4E6E0}.Debug|Any CPU.ActiveCfg = Debug|Any CPU
		{158FF52F-6E3B-498C-9C96-A4DA9FD4E6E0}.Debug|Any CPU.Build.0 = Debug|Any CPU
		{158FF52F-6E3B-498C-9C96-A4DA9FD4E6E0}.Debug|ARM.ActiveCfg = Debug|Any CPU
		{158FF52F-6E3B-498C-9C96-A4DA9FD4E6E0}.Debug|ARM.Build.0 = Debug|Any CPU
		{158FF52F-6E3B-498C-9C96-A4DA9FD4E6E0}.Debug|x64.ActiveCfg = Debug|Any CPU
		{158FF52F-6E3B-498C-9C96-A4DA9FD4E6E0}.Debug|x64.Build.0 = Debug|Any CPU
		{158FF52F-6E3B-498C-9C96-A4DA9FD4E6E0}.Debug|x86.ActiveCfg = Debug|Any CPU
		{158FF52F-6E3B-498C-9C96-A4DA9FD4E6E0}.Debug|x86.Build.0 = Debug|Any CPU
		{158FF52F-6E3B-498C-9C96-A4DA9FD4E6E0}.Release|Any CPU.ActiveCfg = Release|Any CPU
		{158FF52F-6E3B-498C-9C96-A4DA9FD4E6E0}.Release|Any CPU.Build.0 = Release|Any CPU
		{158FF52F-6E3B-498C-9C96-A4DA9FD4E6E0}.Release|ARM.ActiveCfg = Release|ARM
		{158FF52F-6E3B-498C-9C96-A4DA9FD4E6E0}.Release|ARM.Build.0 = Release|ARM
		{158FF52F-6E3B-498C-9C96-A4DA9FD4E6E0}.Release|x64.ActiveCfg = Release|x64
		{158FF52F-6E3B-498C-9C96-A4DA9FD4E6E0}.Release|x64.Build.0 = Release|x64
		{158FF52F-6E3B-498C-9C96-A4DA9FD4E6E0}.Release|x86.ActiveCfg = Release|x86
		{158FF52F-6E3B-498C-9C96-A4DA9FD4E6E0}.Release|x86.Build.0 = Release|x86
		{0518563C-ACCA-4A14-8C5D-DDBE93E2605F}.Debug|Any CPU.ActiveCfg = Debug|Any CPU
		{0518563C-ACCA-4A14-8C5D-DDBE93E2605F}.Debug|Any CPU.Build.0 = Debug|Any CPU
		{0518563C-ACCA-4A14-8C5D-DDBE93E2605F}.Debug|ARM.ActiveCfg = Debug|Any CPU
		{0518563C-ACCA-4A14-8C5D-DDBE93E2605F}.Debug|ARM.Build.0 = Debug|Any CPU
		{0518563C-ACCA-4A14-8C5D-DDBE93E2605F}.Debug|x64.ActiveCfg = Debug|Any CPU
		{0518563C-ACCA-4A14-8C5D-DDBE93E2605F}.Debug|x64.Build.0 = Debug|Any CPU
		{0518563C-ACCA-4A14-8C5D-DDBE93E2605F}.Debug|x86.ActiveCfg = Debug|Any CPU
		{0518563C-ACCA-4A14-8C5D-DDBE93E2605F}.Debug|x86.Build.0 = Debug|Any CPU
		{0518563C-ACCA-4A14-8C5D-DDBE93E2605F}.Release|Any CPU.ActiveCfg = Release|Any CPU
		{0518563C-ACCA-4A14-8C5D-DDBE93E2605F}.Release|Any CPU.Build.0 = Release|Any CPU
		{0518563C-ACCA-4A14-8C5D-DDBE93E2605F}.Release|ARM.ActiveCfg = Release|ARM
		{0518563C-ACCA-4A14-8C5D-DDBE93E2605F}.Release|ARM.Build.0 = Release|ARM
		{0518563C-ACCA-4A14-8C5D-DDBE93E2605F}.Release|x64.ActiveCfg = Release|x64
		{0518563C-ACCA-4A14-8C5D-DDBE93E2605F}.Release|x64.Build.0 = Release|x64
		{0518563C-ACCA-4A14-8C5D-DDBE93E2605F}.Release|x86.ActiveCfg = Release|x86
		{0518563C-ACCA-4A14-8C5D-DDBE93E2605F}.Release|x86.Build.0 = Release|x86
		{B81B6701-7A78-4846-BF6F-04E0591F0F38}.Debug|Any CPU.ActiveCfg = Debug|Any CPU
		{B81B6701-7A78-4846-BF6F-04E0591F0F38}.Debug|Any CPU.Build.0 = Debug|Any CPU
		{B81B6701-7A78-4846-BF6F-04E0591F0F38}.Debug|ARM.ActiveCfg = Debug|Any CPU
		{B81B6701-7A78-4846-BF6F-04E0591F0F38}.Debug|ARM.Build.0 = Debug|Any CPU
		{B81B6701-7A78-4846-BF6F-04E0591F0F38}.Debug|x64.ActiveCfg = Debug|Any CPU
		{B81B6701-7A78-4846-BF6F-04E0591F0F38}.Debug|x64.Build.0 = Debug|Any CPU
		{B81B6701-7A78-4846-BF6F-04E0591F0F38}.Debug|x86.ActiveCfg = Debug|Any CPU
		{B81B6701-7A78-4846-BF6F-04E0591F0F38}.Debug|x86.Build.0 = Debug|Any CPU
		{B81B6701-7A78-4846-BF6F-04E0591F0F38}.Release|Any CPU.ActiveCfg = Release|Any CPU
		{B81B6701-7A78-4846-BF6F-04E0591F0F38}.Release|Any CPU.Build.0 = Release|Any CPU
		{B81B6701-7A78-4846-BF6F-04E0591F0F38}.Release|ARM.ActiveCfg = Release|ARM
		{B81B6701-7A78-4846-BF6F-04E0591F0F38}.Release|ARM.Build.0 = Release|ARM
		{B81B6701-7A78-4846-BF6F-04E0591F0F38}.Release|x64.ActiveCfg = Release|x64
		{B81B6701-7A78-4846-BF6F-04E0591F0F38}.Release|x64.Build.0 = Release|x64
		{B81B6701-7A78-4846-BF6F-04E0591F0F38}.Release|x86.ActiveCfg = Release|x86
		{B81B6701-7A78-4846-BF6F-04E0591F0F38}.Release|x86.Build.0 = Release|x86
	EndGlobalSection
	GlobalSection(SolutionProperties) = preSolution
		HideSolutionNode = FALSE
	EndGlobalSection
EndGlobal
