
Microsoft Visual Studio Solution File, Format Version 12.00
# Visual Studio 2012
Project("{FAE04EC0-301F-11D3-BF4B-00C04F79EFBC}") = "EmptyProject.iOS", "EmptyProject.iOS\EmptyProject.iOS.csproj", "{7BC64664-EA76-41C9-9551-C26BE3185119}"
EndProject
Global
	GlobalSection(SolutionConfigurationPlatforms) = preSolution
		Debug|Any CPU = Debug|Any CPU
		Release|Any CPU = Release|Any CPU
	EndGlobalSection
	GlobalSection(ProjectConfigurationPlatforms) = postSolution
		{7BC64664-EA76-41C9-9551-C26BE3185119}.Debug|Any CPU.ActiveCfg = Debug|Any CPU
		{7BC64664-EA76-41C9-9551-C26BE3185119}.Debug|Any CPU.Build.0 = Debug|Any CPU
		{7BC64664-EA76-41C9-9551-C26BE3185119}.Release|Any CPU.ActiveCfg = Release|Any CPU
		{7BC64664-EA76-41C9-9551-C26BE3185119}.Release|Any CPU.Build.0 = Release|Any CPU
	EndGlobalSection
	GlobalSection(SolutionProperties) = preSolution
		HideSolutionNode = FALSE
	EndGlobalSection
EndGlobal
