
Microsoft Visual Studio Solution File, Format Version 12.00
# Visual Studio 14
VisualStudioVersion = 14.0.24720.0
MinimumVisualStudioVersion = 10.0.40219.1
Project("{FAE04EC0-301F-11D3-BF4B-00C04F79EFBC}") = "CocosSharp.PCL", "CocosSharp.PCL\CocosSharp.PCL.csproj", "{6EC840D4-8CE9-4176-9F47-CFFF93CB6172}"
EndProject
Project("{FAE04EC0-301F-11D3-BF4B-00C04F79EFBC}") = "MonoGame.PCL", "MonoGame.PCL\MonoGame.PCL.csproj", "{54D017B5-3525-40AA-8DE1-A4D4BCE220BF}"
EndProject
Project("{FAE04EC0-301F-11D3-BF4B-00C04F79EFBC}") = "Box2D.PCL", "Box2D.PCL\Box2D.PCL.csproj", "{6ECD40D4-8CE9-4176-9F47-CFEF93CB6972}"
EndProject
Global
	GlobalSection(SolutionConfigurationPlatforms) = preSolution
		Debug|Any CPU = Debug|Any CPU
		Distribution|Any CPU = Distribution|Any CPU
		Per|Any CPU = Per|Any CPU
		Release|Any CPU = Release|Any CPU
	EndGlobalSection
	GlobalSection(ProjectConfigurationPlatforms) = postSolution
		{6EC840D4-8CE9-4176-9F47-CFFF93CB6172}.Debug|Any CPU.ActiveCfg = Debug|Any CPU
		{6EC840D4-8CE9-4176-9F47-CFFF93CB6172}.Debug|Any CPU.Build.0 = Debug|Any CPU
		{6EC840D4-8CE9-4176-9F47-CFFF93CB6172}.Distribution|Any CPU.ActiveCfg = Debug|Any CPU
		{6EC840D4-8CE9-4176-9F47-CFFF93CB6172}.Distribution|Any CPU.Build.0 = Debug|Any CPU
		{6EC840D4-8CE9-4176-9F47-CFFF93CB6172}.Per|Any CPU.ActiveCfg = Debug|Any CPU
		{6EC840D4-8CE9-4176-9F47-CFFF93CB6172}.Per|Any CPU.Build.0 = Debug|Any CPU
		{6EC840D4-8CE9-4176-9F47-CFFF93CB6172}.Release|Any CPU.ActiveCfg = Release|Any CPU
		{6EC840D4-8CE9-4176-9F47-CFFF93CB6172}.Release|Any CPU.Build.0 = Release|Any CPU
		{54D017B5-3525-40AA-8DE1-A4D4BCE220BF}.Debug|Any CPU.ActiveCfg = Debug|Any CPU
		{54D017B5-3525-40AA-8DE1-A4D4BCE220BF}.Debug|Any CPU.Build.0 = Debug|Any CPU
		{54D017B5-3525-40AA-8DE1-A4D4BCE220BF}.Distribution|Any CPU.ActiveCfg = Debug|Any CPU
		{54D017B5-3525-40AA-8DE1-A4D4BCE220BF}.Distribution|Any CPU.Build.0 = Debug|Any CPU
		{54D017B5-3525-40AA-8DE1-A4D4BCE220BF}.Per|Any CPU.ActiveCfg = Release|Any CPU
		{54D017B5-3525-40AA-8DE1-A4D4BCE220BF}.Per|Any CPU.Build.0 = Release|Any CPU
		{54D017B5-3525-40AA-8DE1-A4D4BCE220BF}.Release|Any CPU.ActiveCfg = Release|Any CPU
		{54D017B5-3525-40AA-8DE1-A4D4BCE220BF}.Release|Any CPU.Build.0 = Release|Any CPU
		{6ECD40D4-8CE9-4176-9F47-CFEF93CB6972}.Debug|Any CPU.ActiveCfg = Debug|Any CPU
		{6ECD40D4-8CE9-4176-9F47-CFEF93CB6972}.Debug|Any CPU.Build.0 = Debug|Any CPU
		{6ECD40D4-8CE9-4176-9F47-CFEF93CB6972}.Distribution|Any CPU.ActiveCfg = Debug|Any CPU
		{6ECD40D4-8CE9-4176-9F47-CFEF93CB6972}.Distribution|Any CPU.Build.0 = Debug|Any CPU
		{6ECD40D4-8CE9-4176-9F47-CFEF93CB6972}.Per|Any CPU.ActiveCfg = Release|Any CPU
		{6ECD40D4-8CE9-4176-9F47-CFEF93CB6972}.Per|Any CPU.Build.0 = Release|Any CPU
		{6ECD40D4-8CE9-4176-9F47-CFEF93CB6972}.Release|Any CPU.ActiveCfg = Release|Any CPU
		{6ECD40D4-8CE9-4176-9F47-CFEF93CB6972}.Release|Any CPU.Build.0 = Release|Any CPU
	EndGlobalSection
	GlobalSection(SolutionProperties) = preSolution
		HideSolutionNode = FALSE
	EndGlobalSection
EndGlobal
