
Microsoft Visual Studio Solution File, Format Version 12.00
# Visual Studio 2012
Project("{FAE04EC0-301F-11D3-BF4B-00C04F79EFBC}") = "testsContent", "tests\testsContent\testsContent.contentproj", "{2CE0B38F-5C9C-4088-8FEC-D3B58EE48E35}"
EndProject
Project("{FAE04EC0-301F-11D3-BF4B-00C04F79EFBC}") = "tests.XBox360", "tests\tests\tests.XBox360.csproj", "{CABEE593-BC24-49D8-8969-0CE97D437E0F}"
EndProject
Project("{FAE04EC0-301F-11D3-BF4B-00C04F79EFBC}") = "box2d.XBox360", "..\box2d\box2d.XBox360.csproj", "{2429512B-C898-49C5-84BE-E4A659FC1647}"
EndProject
Project("{FAE04EC0-301F-11D3-BF4B-00C04F79EFBC}") = "CocosSharp.Content.Pipeline.Importers", "..\cocos2d.Content.Pipeline.Importers\CocosSharp.Content.Pipeline.Importers.csproj", "{AD41B56E-E912-45AF-A98F-C8371406A547}"
EndProject
Project("{FAE04EC0-301F-11D3-BF4B-00C04F79EFBC}") = "CocosSharp.XBox360", "..\src\CocosSharp.XBox360.csproj", "{21BAD5D2-E8FC-48CC-93C0-94D9B252C1E8}"
EndProject
Global
	GlobalSection(SolutionConfigurationPlatforms) = preSolution
		Debug|Any CPU = Debug|Any CPU
		Debug|Mixed Platforms = Debug|Mixed Platforms
		Debug|Windows Phone = Debug|Windows Phone
		Debug|x86 = Debug|x86
		Debug|Xbox 360 = Debug|Xbox 360
		Release|Any CPU = Release|Any CPU
		Release|Mixed Platforms = Release|Mixed Platforms
		Release|Windows Phone = Release|Windows Phone
		Release|x86 = Release|x86
		Release|Xbox 360 = Release|Xbox 360
	EndGlobalSection
	GlobalSection(ProjectConfigurationPlatforms) = postSolution
		{2CE0B38F-5C9C-4088-8FEC-D3B58EE48E35}.Debug|Any CPU.ActiveCfg = Debug|Windows Phone
		{2CE0B38F-5C9C-4088-8FEC-D3B58EE48E35}.Debug|Mixed Platforms.ActiveCfg = Debug|Windows Phone
		{2CE0B38F-5C9C-4088-8FEC-D3B58EE48E35}.Debug|Mixed Platforms.Build.0 = Debug|Windows Phone
		{2CE0B38F-5C9C-4088-8FEC-D3B58EE48E35}.Debug|Windows Phone.ActiveCfg = Debug|Windows Phone
		{2CE0B38F-5C9C-4088-8FEC-D3B58EE48E35}.Debug|x86.ActiveCfg = Debug|Windows Phone
		{2CE0B38F-5C9C-4088-8FEC-D3B58EE48E35}.Debug|Xbox 360.ActiveCfg = Debug|Windows Phone
		{2CE0B38F-5C9C-4088-8FEC-D3B58EE48E35}.Release|Any CPU.ActiveCfg = Release|Windows Phone
		{2CE0B38F-5C9C-4088-8FEC-D3B58EE48E35}.Release|Mixed Platforms.ActiveCfg = Release|Windows Phone
		{2CE0B38F-5C9C-4088-8FEC-D3B58EE48E35}.Release|Windows Phone.ActiveCfg = Release|Windows Phone
		{2CE0B38F-5C9C-4088-8FEC-D3B58EE48E35}.Release|x86.ActiveCfg = Release|Windows Phone
		{2CE0B38F-5C9C-4088-8FEC-D3B58EE48E35}.Release|Xbox 360.ActiveCfg = Release|Windows Phone
		{CABEE593-BC24-49D8-8969-0CE97D437E0F}.Debug|Any CPU.ActiveCfg = Debug|Xbox 360
		{CABEE593-BC24-49D8-8969-0CE97D437E0F}.Debug|Mixed Platforms.ActiveCfg = Debug|Xbox 360
		{CABEE593-BC24-49D8-8969-0CE97D437E0F}.Debug|Mixed Platforms.Build.0 = Debug|Xbox 360
		{CABEE593-BC24-49D8-8969-0CE97D437E0F}.Debug|Windows Phone.ActiveCfg = Debug|Xbox 360
		{CABEE593-BC24-49D8-8969-0CE97D437E0F}.Debug|Windows Phone.Build.0 = Debug|Xbox 360
		{CABEE593-BC24-49D8-8969-0CE97D437E0F}.Debug|x86.ActiveCfg = Debug|Xbox 360
		{CABEE593-BC24-49D8-8969-0CE97D437E0F}.Debug|Xbox 360.ActiveCfg = Debug|Xbox 360
		{CABEE593-BC24-49D8-8969-0CE97D437E0F}.Debug|Xbox 360.Build.0 = Debug|Xbox 360
		{CABEE593-BC24-49D8-8969-0CE97D437E0F}.Debug|Xbox 360.Deploy.0 = Debug|Xbox 360
		{CABEE593-BC24-49D8-8969-0CE97D437E0F}.Release|Any CPU.ActiveCfg = Release|Xbox 360
		{CABEE593-BC24-49D8-8969-0CE97D437E0F}.Release|Mixed Platforms.ActiveCfg = Release|Xbox 360
		{CABEE593-BC24-49D8-8969-0CE97D437E0F}.Release|Mixed Platforms.Build.0 = Release|Xbox 360
		{CABEE593-BC24-49D8-8969-0CE97D437E0F}.Release|Mixed Platforms.Deploy.0 = Release|Xbox 360
		{CABEE593-BC24-49D8-8969-0CE97D437E0F}.Release|Windows Phone.ActiveCfg = Release|Xbox 360
		{CABEE593-BC24-49D8-8969-0CE97D437E0F}.Release|Windows Phone.Build.0 = Release|Xbox 360
		{CABEE593-BC24-49D8-8969-0CE97D437E0F}.Release|x86.ActiveCfg = Release|Xbox 360
		{CABEE593-BC24-49D8-8969-0CE97D437E0F}.Release|Xbox 360.ActiveCfg = Release|Xbox 360
		{CABEE593-BC24-49D8-8969-0CE97D437E0F}.Release|Xbox 360.Build.0 = Release|Xbox 360
		{CABEE593-BC24-49D8-8969-0CE97D437E0F}.Release|Xbox 360.Deploy.0 = Release|Xbox 360
		{2429512B-C898-49C5-84BE-E4A659FC1647}.Debug|Any CPU.ActiveCfg = Debug|Xbox 360
		{2429512B-C898-49C5-84BE-E4A659FC1647}.Debug|Mixed Platforms.ActiveCfg = Debug|Xbox 360
		{2429512B-C898-49C5-84BE-E4A659FC1647}.Debug|Mixed Platforms.Build.0 = Debug|Xbox 360
		{2429512B-C898-49C5-84BE-E4A659FC1647}.Debug|Windows Phone.ActiveCfg = Debug|Xbox 360
		{2429512B-C898-49C5-84BE-E4A659FC1647}.Debug|Windows Phone.Build.0 = Debug|Xbox 360
		{2429512B-C898-49C5-84BE-E4A659FC1647}.Debug|x86.ActiveCfg = Debug|Xbox 360
		{2429512B-C898-49C5-84BE-E4A659FC1647}.Debug|Xbox 360.ActiveCfg = Debug|Xbox 360
		{2429512B-C898-49C5-84BE-E4A659FC1647}.Debug|Xbox 360.Build.0 = Debug|Xbox 360
		{2429512B-C898-49C5-84BE-E4A659FC1647}.Release|Any CPU.ActiveCfg = Release|Xbox 360
		{2429512B-C898-49C5-84BE-E4A659FC1647}.Release|Mixed Platforms.ActiveCfg = Release|Xbox 360
		{2429512B-C898-49C5-84BE-E4A659FC1647}.Release|Mixed Platforms.Build.0 = Release|Xbox 360
		{2429512B-C898-49C5-84BE-E4A659FC1647}.Release|Windows Phone.ActiveCfg = Release|Xbox 360
		{2429512B-C898-49C5-84BE-E4A659FC1647}.Release|Windows Phone.Build.0 = Release|Xbox 360
		{2429512B-C898-49C5-84BE-E4A659FC1647}.Release|x86.ActiveCfg = Release|Xbox 360
		{2429512B-C898-49C5-84BE-E4A659FC1647}.Release|Xbox 360.ActiveCfg = Release|Xbox 360
		{2429512B-C898-49C5-84BE-E4A659FC1647}.Release|Xbox 360.Build.0 = Release|Xbox 360
		{AD41B56E-E912-45AF-A98F-C8371406A547}.Debug|Any CPU.ActiveCfg = Debug|x86
		{AD41B56E-E912-45AF-A98F-C8371406A547}.Debug|Any CPU.Build.0 = Debug|x86
		{AD41B56E-E912-45AF-A98F-C8371406A547}.Debug|Mixed Platforms.ActiveCfg = Debug|x86
		{AD41B56E-E912-45AF-A98F-C8371406A547}.Debug|Mixed Platforms.Build.0 = Debug|x86
		{AD41B56E-E912-45AF-A98F-C8371406A547}.Debug|Windows Phone.ActiveCfg = Debug|x86
		{AD41B56E-E912-45AF-A98F-C8371406A547}.Debug|Windows Phone.Build.0 = Debug|x86
		{AD41B56E-E912-45AF-A98F-C8371406A547}.Debug|x86.ActiveCfg = Debug|x86
		{AD41B56E-E912-45AF-A98F-C8371406A547}.Debug|x86.Build.0 = Debug|x86
		{AD41B56E-E912-45AF-A98F-C8371406A547}.Debug|Xbox 360.ActiveCfg = Debug|x86
		{AD41B56E-E912-45AF-A98F-C8371406A547}.Debug|Xbox 360.Build.0 = Debug|x86
		{AD41B56E-E912-45AF-A98F-C8371406A547}.Release|Any CPU.ActiveCfg = Release|x86
		{AD41B56E-E912-45AF-A98F-C8371406A547}.Release|Any CPU.Build.0 = Release|x86
		{AD41B56E-E912-45AF-A98F-C8371406A547}.Release|Mixed Platforms.ActiveCfg = Release|x86
		{AD41B56E-E912-45AF-A98F-C8371406A547}.Release|Mixed Platforms.Build.0 = Release|x86
		{AD41B56E-E912-45AF-A98F-C8371406A547}.Release|Windows Phone.ActiveCfg = Release|x86
		{AD41B56E-E912-45AF-A98F-C8371406A547}.Release|Windows Phone.Build.0 = Release|x86
		{AD41B56E-E912-45AF-A98F-C8371406A547}.Release|x86.ActiveCfg = Release|x86
		{AD41B56E-E912-45AF-A98F-C8371406A547}.Release|x86.Build.0 = Release|x86
		{AD41B56E-E912-45AF-A98F-C8371406A547}.Release|Xbox 360.ActiveCfg = Release|x86
		{AD41B56E-E912-45AF-A98F-C8371406A547}.Release|Xbox 360.Build.0 = Release|x86
		{21BAD5D2-E8FC-48CC-93C0-94D9B252C1E8}.Debug|Any CPU.ActiveCfg = Debug|Xbox 360
		{21BAD5D2-E8FC-48CC-93C0-94D9B252C1E8}.Debug|Mixed Platforms.ActiveCfg = Debug|Xbox 360
		{21BAD5D2-E8FC-48CC-93C0-94D9B252C1E8}.Debug|Mixed Platforms.Build.0 = Debug|Xbox 360
		{21BAD5D2-E8FC-48CC-93C0-94D9B252C1E8}.Debug|Windows Phone.ActiveCfg = Debug|Xbox 360
		{21BAD5D2-E8FC-48CC-93C0-94D9B252C1E8}.Debug|x86.ActiveCfg = Debug|Xbox 360
		{21BAD5D2-E8FC-48CC-93C0-94D9B252C1E8}.Debug|Xbox 360.ActiveCfg = Debug|Xbox 360
		{21BAD5D2-E8FC-48CC-93C0-94D9B252C1E8}.Debug|Xbox 360.Build.0 = Debug|Xbox 360
		{21BAD5D2-E8FC-48CC-93C0-94D9B252C1E8}.Release|Any CPU.ActiveCfg = Release|Xbox 360
		{21BAD5D2-E8FC-48CC-93C0-94D9B252C1E8}.Release|Mixed Platforms.ActiveCfg = Release|Xbox 360
		{21BAD5D2-E8FC-48CC-93C0-94D9B252C1E8}.Release|Mixed Platforms.Build.0 = Release|Xbox 360
		{21BAD5D2-E8FC-48CC-93C0-94D9B252C1E8}.Release|Windows Phone.ActiveCfg = Release|Xbox 360
		{21BAD5D2-E8FC-48CC-93C0-94D9B252C1E8}.Release|x86.ActiveCfg = Release|Xbox 360
		{21BAD5D2-E8FC-48CC-93C0-94D9B252C1E8}.Release|Xbox 360.ActiveCfg = Release|Xbox 360
		{21BAD5D2-E8FC-48CC-93C0-94D9B252C1E8}.Release|Xbox 360.Build.0 = Release|Xbox 360
	EndGlobalSection
	GlobalSection(SolutionProperties) = preSolution
		HideSolutionNode = FALSE
	EndGlobalSection
EndGlobal
