
Microsoft Visual Studio Solution File, Format Version 11.00
# Visual Studio 2010
Project("{FAE04EC0-301F-11D3-BF4B-00C04F79EFBC}") = "testsContent.iOS", "..\..\testsContent\testsContent.iOS.contentproj", "{2CE0B38F-5C9C-4088-8FEC-D3B58EE48E35}"
EndProject
Project("{FAE04EC0-301F-11D3-BF4B-00C04F79EFBC}") = "cocos2d.Windows", "..\..\..\cocos2d\cocos2d.Windows.csproj", "{0C0AFDFF-A4E4-49F4-B6DB-A761B0DB64A8}"
EndProject
Project("{FAE04EC0-301F-11D3-BF4B-00C04F79EFBC}") = "cocos2d.Content.Pipeline.Importers", "..\..\..\cocos2d.Content.Pipeline.Importers\cocos2d.Content.Pipeline.Importers.csproj", "{FBE4633D-00D1-4391-8184-63B91DA28D4B}"
EndProject
Project("{FAE04EC0-301F-11D3-BF4B-00C04F79EFBC}") = "Dummy Project", "Dummy Project.csproj", "{9F23F7A0-1D33-47C1-9BED-6C7D1463DC29}"
EndProject
Global
	GlobalSection(SolutionConfigurationPlatforms) = preSolution
		Android|Any CPU = Android|Any CPU
		Android|Windows Phone = Android|Windows Phone
		Android|x86 = Android|x86
		Debug|Any CPU = Debug|Any CPU
		Debug|Windows Phone = Debug|Windows Phone
		Debug|x86 = Debug|x86
		IOS|Any CPU = IOS|Any CPU
		IOS|Windows Phone = IOS|Windows Phone
		IOS|x86 = IOS|x86
		Linux|Any CPU = Linux|Any CPU
		Linux|Windows Phone = Linux|Windows Phone
		Linux|x86 = Linux|x86
		OSX|Any CPU = OSX|Any CPU
		OSX|Windows Phone = OSX|Windows Phone
		OSX|x86 = OSX|x86
		PSM|Any CPU = PSM|Any CPU
		PSM|Windows Phone = PSM|Windows Phone
		PSM|x86 = PSM|x86
		Release|Any CPU = Release|Any CPU
		Release|Windows Phone = Release|Windows Phone
		Release|x86 = Release|x86
		Win8|Any CPU = Win8|Any CPU
		Win8|Windows Phone = Win8|Windows Phone
		Win8|x86 = Win8|x86
		Windows|Any CPU = Windows|Any CPU
		Windows|Windows Phone = Windows|Windows Phone
		Windows|x86 = Windows|x86
		Windows8|Any CPU = Windows8|Any CPU
		Windows8|Windows Phone = Windows8|Windows Phone
		Windows8|x86 = Windows8|x86
	EndGlobalSection
	GlobalSection(ProjectConfigurationPlatforms) = postSolution
		{2CE0B38F-5C9C-4088-8FEC-D3B58EE48E35}.Android|Any CPU.ActiveCfg = Debug|Any CPU
		{2CE0B38F-5C9C-4088-8FEC-D3B58EE48E35}.Android|Windows Phone.ActiveCfg = Debug|Any CPU
		{2CE0B38F-5C9C-4088-8FEC-D3B58EE48E35}.Android|x86.ActiveCfg = Debug|Any CPU
		{2CE0B38F-5C9C-4088-8FEC-D3B58EE48E35}.Debug|Any CPU.ActiveCfg = Debug|Any CPU
		{2CE0B38F-5C9C-4088-8FEC-D3B58EE48E35}.Debug|Windows Phone.ActiveCfg = Debug|Any CPU
		{2CE0B38F-5C9C-4088-8FEC-D3B58EE48E35}.Debug|x86.ActiveCfg = Debug|Any CPU
		{2CE0B38F-5C9C-4088-8FEC-D3B58EE48E35}.IOS|Any CPU.ActiveCfg = Debug|Any CPU
		{2CE0B38F-5C9C-4088-8FEC-D3B58EE48E35}.IOS|Windows Phone.ActiveCfg = Debug|Any CPU
		{2CE0B38F-5C9C-4088-8FEC-D3B58EE48E35}.IOS|x86.ActiveCfg = Debug|Any CPU
		{2CE0B38F-5C9C-4088-8FEC-D3B58EE48E35}.Linux|Any CPU.ActiveCfg = Debug|Any CPU
		{2CE0B38F-5C9C-4088-8FEC-D3B58EE48E35}.Linux|Windows Phone.ActiveCfg = Debug|Any CPU
		{2CE0B38F-5C9C-4088-8FEC-D3B58EE48E35}.Linux|x86.ActiveCfg = Debug|Any CPU
		{2CE0B38F-5C9C-4088-8FEC-D3B58EE48E35}.OSX|Any CPU.ActiveCfg = Debug|Any CPU
		{2CE0B38F-5C9C-4088-8FEC-D3B58EE48E35}.OSX|Windows Phone.ActiveCfg = Debug|Any CPU
		{2CE0B38F-5C9C-4088-8FEC-D3B58EE48E35}.OSX|x86.ActiveCfg = Debug|Any CPU
		{2CE0B38F-5C9C-4088-8FEC-D3B58EE48E35}.PSM|Any CPU.ActiveCfg = Debug|Any CPU
		{2CE0B38F-5C9C-4088-8FEC-D3B58EE48E35}.PSM|Windows Phone.ActiveCfg = Debug|Any CPU
		{2CE0B38F-5C9C-4088-8FEC-D3B58EE48E35}.PSM|x86.ActiveCfg = Debug|Any CPU
		{2CE0B38F-5C9C-4088-8FEC-D3B58EE48E35}.Release|Any CPU.ActiveCfg = Debug|Any CPU
		{2CE0B38F-5C9C-4088-8FEC-D3B58EE48E35}.Release|Windows Phone.ActiveCfg = Debug|Any CPU
		{2CE0B38F-5C9C-4088-8FEC-D3B58EE48E35}.Release|x86.ActiveCfg = Debug|Any CPU
		{2CE0B38F-5C9C-4088-8FEC-D3B58EE48E35}.Win8|Any CPU.ActiveCfg = Debug|Any CPU
		{2CE0B38F-5C9C-4088-8FEC-D3B58EE48E35}.Win8|Windows Phone.ActiveCfg = Debug|Any CPU
		{2CE0B38F-5C9C-4088-8FEC-D3B58EE48E35}.Win8|x86.ActiveCfg = Debug|Any CPU
		{2CE0B38F-5C9C-4088-8FEC-D3B58EE48E35}.Windows|Any CPU.ActiveCfg = Debug|Any CPU
		{2CE0B38F-5C9C-4088-8FEC-D3B58EE48E35}.Windows|Windows Phone.ActiveCfg = Debug|Any CPU
		{2CE0B38F-5C9C-4088-8FEC-D3B58EE48E35}.Windows|x86.ActiveCfg = Debug|Any CPU
		{2CE0B38F-5C9C-4088-8FEC-D3B58EE48E35}.Windows8|Any CPU.ActiveCfg = Debug|Any CPU
		{2CE0B38F-5C9C-4088-8FEC-D3B58EE48E35}.Windows8|Windows Phone.ActiveCfg = Debug|Any CPU
		{2CE0B38F-5C9C-4088-8FEC-D3B58EE48E35}.Windows8|x86.ActiveCfg = Debug|Any CPU
		{0C0AFDFF-A4E4-49F4-B6DB-A761B0DB64A8}.Android|Any CPU.ActiveCfg = Release|x86
		{0C0AFDFF-A4E4-49F4-B6DB-A761B0DB64A8}.Android|Windows Phone.ActiveCfg = Release|x86
		{0C0AFDFF-A4E4-49F4-B6DB-A761B0DB64A8}.Android|x86.ActiveCfg = Release|x86
		{0C0AFDFF-A4E4-49F4-B6DB-A761B0DB64A8}.Android|x86.Build.0 = Release|x86
		{0C0AFDFF-A4E4-49F4-B6DB-A761B0DB64A8}.Debug|Any CPU.ActiveCfg = Debug|x86
		{0C0AFDFF-A4E4-49F4-B6DB-A761B0DB64A8}.Debug|Windows Phone.ActiveCfg = Debug|x86
		{0C0AFDFF-A4E4-49F4-B6DB-A761B0DB64A8}.Debug|x86.ActiveCfg = Debug|x86
		{0C0AFDFF-A4E4-49F4-B6DB-A761B0DB64A8}.Debug|x86.Build.0 = Debug|x86
		{0C0AFDFF-A4E4-49F4-B6DB-A761B0DB64A8}.IOS|Any CPU.ActiveCfg = Debug|x86
		{0C0AFDFF-A4E4-49F4-B6DB-A761B0DB64A8}.IOS|Any CPU.Build.0 = Debug|x86
		{0C0AFDFF-A4E4-49F4-B6DB-A761B0DB64A8}.IOS|Windows Phone.ActiveCfg = Release|x86
		{0C0AFDFF-A4E4-49F4-B6DB-A761B0DB64A8}.IOS|x86.ActiveCfg = Release|x86
		{0C0AFDFF-A4E4-49F4-B6DB-A761B0DB64A8}.IOS|x86.Build.0 = Release|x86
		{0C0AFDFF-A4E4-49F4-B6DB-A761B0DB64A8}.Linux|Any CPU.ActiveCfg = Release|x86
		{0C0AFDFF-A4E4-49F4-B6DB-A761B0DB64A8}.Linux|Windows Phone.ActiveCfg = Release|x86
		{0C0AFDFF-A4E4-49F4-B6DB-A761B0DB64A8}.Linux|x86.ActiveCfg = Release|x86
		{0C0AFDFF-A4E4-49F4-B6DB-A761B0DB64A8}.Linux|x86.Build.0 = Release|x86
		{0C0AFDFF-A4E4-49F4-B6DB-A761B0DB64A8}.OSX|Any CPU.ActiveCfg = Release|x86
		{0C0AFDFF-A4E4-49F4-B6DB-A761B0DB64A8}.OSX|Windows Phone.ActiveCfg = Release|x86
		{0C0AFDFF-A4E4-49F4-B6DB-A761B0DB64A8}.OSX|x86.ActiveCfg = Release|x86
		{0C0AFDFF-A4E4-49F4-B6DB-A761B0DB64A8}.OSX|x86.Build.0 = Release|x86
		{0C0AFDFF-A4E4-49F4-B6DB-A761B0DB64A8}.PSM|Any CPU.ActiveCfg = Release|x86
		{0C0AFDFF-A4E4-49F4-B6DB-A761B0DB64A8}.PSM|Windows Phone.ActiveCfg = Release|x86
		{0C0AFDFF-A4E4-49F4-B6DB-A761B0DB64A8}.PSM|x86.ActiveCfg = Release|x86
		{0C0AFDFF-A4E4-49F4-B6DB-A761B0DB64A8}.PSM|x86.Build.0 = Release|x86
		{0C0AFDFF-A4E4-49F4-B6DB-A761B0DB64A8}.Release|Any CPU.ActiveCfg = Release|x86
		{0C0AFDFF-A4E4-49F4-B6DB-A761B0DB64A8}.Release|Windows Phone.ActiveCfg = Release|x86
		{0C0AFDFF-A4E4-49F4-B6DB-A761B0DB64A8}.Release|x86.ActiveCfg = Release|x86
		{0C0AFDFF-A4E4-49F4-B6DB-A761B0DB64A8}.Release|x86.Build.0 = Release|x86
		{0C0AFDFF-A4E4-49F4-B6DB-A761B0DB64A8}.Win8|Any CPU.ActiveCfg = Release|x86
		{0C0AFDFF-A4E4-49F4-B6DB-A761B0DB64A8}.Win8|Windows Phone.ActiveCfg = Release|x86
		{0C0AFDFF-A4E4-49F4-B6DB-A761B0DB64A8}.Win8|x86.ActiveCfg = Release|x86
		{0C0AFDFF-A4E4-49F4-B6DB-A761B0DB64A8}.Win8|x86.Build.0 = Release|x86
		{0C0AFDFF-A4E4-49F4-B6DB-A761B0DB64A8}.Windows|Any CPU.ActiveCfg = Release|x86
		{0C0AFDFF-A4E4-49F4-B6DB-A761B0DB64A8}.Windows|Windows Phone.ActiveCfg = Release|x86
		{0C0AFDFF-A4E4-49F4-B6DB-A761B0DB64A8}.Windows|x86.ActiveCfg = Release|x86
		{0C0AFDFF-A4E4-49F4-B6DB-A761B0DB64A8}.Windows|x86.Build.0 = Release|x86
		{0C0AFDFF-A4E4-49F4-B6DB-A761B0DB64A8}.Windows8|Any CPU.ActiveCfg = Release|x86
		{0C0AFDFF-A4E4-49F4-B6DB-A761B0DB64A8}.Windows8|Windows Phone.ActiveCfg = Release|x86
		{0C0AFDFF-A4E4-49F4-B6DB-A761B0DB64A8}.Windows8|x86.ActiveCfg = Release|x86
		{0C0AFDFF-A4E4-49F4-B6DB-A761B0DB64A8}.Windows8|x86.Build.0 = Release|x86
		{FBE4633D-00D1-4391-8184-63B91DA28D4B}.Android|Any CPU.ActiveCfg = Release|x86
		{FBE4633D-00D1-4391-8184-63B91DA28D4B}.Android|Windows Phone.ActiveCfg = Release|x86
		{FBE4633D-00D1-4391-8184-63B91DA28D4B}.Android|x86.ActiveCfg = Release|x86
		{FBE4633D-00D1-4391-8184-63B91DA28D4B}.Android|x86.Build.0 = Release|x86
		{FBE4633D-00D1-4391-8184-63B91DA28D4B}.Debug|Any CPU.ActiveCfg = Debug|x86
		{FBE4633D-00D1-4391-8184-63B91DA28D4B}.Debug|Any CPU.Build.0 = Debug|x86
		{FBE4633D-00D1-4391-8184-63B91DA28D4B}.Debug|Windows Phone.ActiveCfg = Debug|x86
		{FBE4633D-00D1-4391-8184-63B91DA28D4B}.Debug|x86.ActiveCfg = Debug|x86
		{FBE4633D-00D1-4391-8184-63B91DA28D4B}.Debug|x86.Build.0 = Debug|x86
		{FBE4633D-00D1-4391-8184-63B91DA28D4B}.IOS|Any CPU.ActiveCfg = Debug|x86
		{FBE4633D-00D1-4391-8184-63B91DA28D4B}.IOS|Any CPU.Build.0 = Debug|x86
		{FBE4633D-00D1-4391-8184-63B91DA28D4B}.IOS|Windows Phone.ActiveCfg = Release|x86
		{FBE4633D-00D1-4391-8184-63B91DA28D4B}.IOS|x86.ActiveCfg = Release|x86
		{FBE4633D-00D1-4391-8184-63B91DA28D4B}.IOS|x86.Build.0 = Release|x86
		{FBE4633D-00D1-4391-8184-63B91DA28D4B}.Linux|Any CPU.ActiveCfg = Release|x86
		{FBE4633D-00D1-4391-8184-63B91DA28D4B}.Linux|Windows Phone.ActiveCfg = Release|x86
		{FBE4633D-00D1-4391-8184-63B91DA28D4B}.Linux|x86.ActiveCfg = Release|x86
		{FBE4633D-00D1-4391-8184-63B91DA28D4B}.Linux|x86.Build.0 = Release|x86
		{FBE4633D-00D1-4391-8184-63B91DA28D4B}.OSX|Any CPU.ActiveCfg = Release|x86
		{FBE4633D-00D1-4391-8184-63B91DA28D4B}.OSX|Windows Phone.ActiveCfg = Release|x86
		{FBE4633D-00D1-4391-8184-63B91DA28D4B}.OSX|x86.ActiveCfg = Release|x86
		{FBE4633D-00D1-4391-8184-63B91DA28D4B}.OSX|x86.Build.0 = Release|x86
		{FBE4633D-00D1-4391-8184-63B91DA28D4B}.PSM|Any CPU.ActiveCfg = Release|x86
		{FBE4633D-00D1-4391-8184-63B91DA28D4B}.PSM|Windows Phone.ActiveCfg = Release|x86
		{FBE4633D-00D1-4391-8184-63B91DA28D4B}.PSM|x86.ActiveCfg = Release|x86
		{FBE4633D-00D1-4391-8184-63B91DA28D4B}.PSM|x86.Build.0 = Release|x86
		{FBE4633D-00D1-4391-8184-63B91DA28D4B}.Release|Any CPU.ActiveCfg = Release|x86
		{FBE4633D-00D1-4391-8184-63B91DA28D4B}.Release|Any CPU.Build.0 = Release|x86
		{FBE4633D-00D1-4391-8184-63B91DA28D4B}.Release|Windows Phone.ActiveCfg = Release|x86
		{FBE4633D-00D1-4391-8184-63B91DA28D4B}.Release|x86.ActiveCfg = Release|x86
		{FBE4633D-00D1-4391-8184-63B91DA28D4B}.Release|x86.Build.0 = Release|x86
		{FBE4633D-00D1-4391-8184-63B91DA28D4B}.Win8|Any CPU.ActiveCfg = Release|x86
		{FBE4633D-00D1-4391-8184-63B91DA28D4B}.Win8|Windows Phone.ActiveCfg = Release|x86
		{FBE4633D-00D1-4391-8184-63B91DA28D4B}.Win8|x86.ActiveCfg = Release|x86
		{FBE4633D-00D1-4391-8184-63B91DA28D4B}.Win8|x86.Build.0 = Release|x86
		{FBE4633D-00D1-4391-8184-63B91DA28D4B}.Windows|Any CPU.ActiveCfg = Release|x86
		{FBE4633D-00D1-4391-8184-63B91DA28D4B}.Windows|Windows Phone.ActiveCfg = Release|x86
		{FBE4633D-00D1-4391-8184-63B91DA28D4B}.Windows|x86.ActiveCfg = Release|x86
		{FBE4633D-00D1-4391-8184-63B91DA28D4B}.Windows|x86.Build.0 = Release|x86
		{FBE4633D-00D1-4391-8184-63B91DA28D4B}.Windows8|Any CPU.ActiveCfg = Release|x86
		{FBE4633D-00D1-4391-8184-63B91DA28D4B}.Windows8|Windows Phone.ActiveCfg = Release|x86
		{FBE4633D-00D1-4391-8184-63B91DA28D4B}.Windows8|x86.ActiveCfg = Release|x86
		{FBE4633D-00D1-4391-8184-63B91DA28D4B}.Windows8|x86.Build.0 = Release|x86
		{9F23F7A0-1D33-47C1-9BED-6C7D1463DC29}.Android|Any CPU.ActiveCfg = Win8|x86
		{9F23F7A0-1D33-47C1-9BED-6C7D1463DC29}.Android|Windows Phone.ActiveCfg = Win8|x86
		{9F23F7A0-1D33-47C1-9BED-6C7D1463DC29}.Android|x86.ActiveCfg = Win8|x86
		{9F23F7A0-1D33-47C1-9BED-6C7D1463DC29}.Android|x86.Build.0 = Win8|x86
		{9F23F7A0-1D33-47C1-9BED-6C7D1463DC29}.Debug|Any CPU.ActiveCfg = Win8|x86
		{9F23F7A0-1D33-47C1-9BED-6C7D1463DC29}.Debug|Windows Phone.ActiveCfg = Win8|x86
		{9F23F7A0-1D33-47C1-9BED-6C7D1463DC29}.Debug|x86.ActiveCfg = Win8|x86
		{9F23F7A0-1D33-47C1-9BED-6C7D1463DC29}.Debug|x86.Build.0 = Win8|x86
		{9F23F7A0-1D33-47C1-9BED-6C7D1463DC29}.IOS|Any CPU.ActiveCfg = IOS|x86
		{9F23F7A0-1D33-47C1-9BED-6C7D1463DC29}.IOS|Any CPU.Build.0 = IOS|x86
		{9F23F7A0-1D33-47C1-9BED-6C7D1463DC29}.IOS|Windows Phone.ActiveCfg = IOS|x86
		{9F23F7A0-1D33-47C1-9BED-6C7D1463DC29}.IOS|x86.ActiveCfg = IOS|x86
		{9F23F7A0-1D33-47C1-9BED-6C7D1463DC29}.IOS|x86.Build.0 = IOS|x86
		{9F23F7A0-1D33-47C1-9BED-6C7D1463DC29}.Linux|Any CPU.ActiveCfg = Win8|x86
		{9F23F7A0-1D33-47C1-9BED-6C7D1463DC29}.Linux|Windows Phone.ActiveCfg = Win8|x86
		{9F23F7A0-1D33-47C1-9BED-6C7D1463DC29}.Linux|x86.ActiveCfg = Win8|x86
		{9F23F7A0-1D33-47C1-9BED-6C7D1463DC29}.Linux|x86.Build.0 = Win8|x86
		{9F23F7A0-1D33-47C1-9BED-6C7D1463DC29}.OSX|Any CPU.ActiveCfg = Win8|x86
		{9F23F7A0-1D33-47C1-9BED-6C7D1463DC29}.OSX|Windows Phone.ActiveCfg = Win8|x86
		{9F23F7A0-1D33-47C1-9BED-6C7D1463DC29}.OSX|x86.ActiveCfg = Win8|x86
		{9F23F7A0-1D33-47C1-9BED-6C7D1463DC29}.OSX|x86.Build.0 = Win8|x86
		{9F23F7A0-1D33-47C1-9BED-6C7D1463DC29}.PSM|Any CPU.ActiveCfg = Win8|x86
		{9F23F7A0-1D33-47C1-9BED-6C7D1463DC29}.PSM|Windows Phone.ActiveCfg = Win8|x86
		{9F23F7A0-1D33-47C1-9BED-6C7D1463DC29}.PSM|x86.ActiveCfg = Win8|x86
		{9F23F7A0-1D33-47C1-9BED-6C7D1463DC29}.PSM|x86.Build.0 = Win8|x86
		{9F23F7A0-1D33-47C1-9BED-6C7D1463DC29}.Release|Any CPU.ActiveCfg = Win8|x86
		{9F23F7A0-1D33-47C1-9BED-6C7D1463DC29}.Release|Windows Phone.ActiveCfg = Win8|x86
		{9F23F7A0-1D33-47C1-9BED-6C7D1463DC29}.Release|x86.ActiveCfg = Win8|x86
		{9F23F7A0-1D33-47C1-9BED-6C7D1463DC29}.Release|x86.Build.0 = Win8|x86
		{9F23F7A0-1D33-47C1-9BED-6C7D1463DC29}.Win8|Any CPU.ActiveCfg = Win8|x86
		{9F23F7A0-1D33-47C1-9BED-6C7D1463DC29}.Win8|Windows Phone.ActiveCfg = Win8|x86
		{9F23F7A0-1D33-47C1-9BED-6C7D1463DC29}.Win8|x86.ActiveCfg = Win8|x86
		{9F23F7A0-1D33-47C1-9BED-6C7D1463DC29}.Win8|x86.Build.0 = Win8|x86
		{9F23F7A0-1D33-47C1-9BED-6C7D1463DC29}.Windows|Any CPU.ActiveCfg = Win8|x86
		{9F23F7A0-1D33-47C1-9BED-6C7D1463DC29}.Windows|Windows Phone.ActiveCfg = Win8|x86
		{9F23F7A0-1D33-47C1-9BED-6C7D1463DC29}.Windows|x86.ActiveCfg = Win8|x86
		{9F23F7A0-1D33-47C1-9BED-6C7D1463DC29}.Windows|x86.Build.0 = Win8|x86
		{9F23F7A0-1D33-47C1-9BED-6C7D1463DC29}.Windows8|Any CPU.ActiveCfg = Win8|x86
		{9F23F7A0-1D33-47C1-9BED-6C7D1463DC29}.Windows8|Windows Phone.ActiveCfg = Win8|x86
		{9F23F7A0-1D33-47C1-9BED-6C7D1463DC29}.Windows8|x86.ActiveCfg = Win8|x86
		{9F23F7A0-1D33-47C1-9BED-6C7D1463DC29}.Windows8|x86.Build.0 = Win8|x86
	EndGlobalSection
	GlobalSection(SolutionProperties) = preSolution
		HideSolutionNode = FALSE
	EndGlobalSection
EndGlobal
