
Microsoft Visual Studio Solution File, Format Version 12.00
# Visual Studio 2010
Project("{FAE04EC0-301F-11D3-BF4B-00C04F79EFBC}") = "EmptyProject.WP7", "EmptyProject.WP7\EmptyProject.WP7.csproj", "{D86AB7A9-B63C-493D-A911-5AC71BE7C59C}"
EndProject
Global
	GlobalSection(SolutionConfigurationPlatforms) = preSolution
		Debug|Any CPU = Debug|Any CPU
		Debug|Mixed Platforms = Debug|Mixed Platforms
		Debug|Windows Phone = Debug|Windows Phone
		Debug|x86 = Debug|x86
		Release|Any CPU = Release|Any CPU
		Release|Mixed Platforms = Release|Mixed Platforms
		Release|Windows Phone = Release|Windows Phone
		Release|x86 = Release|x86
	EndGlobalSection
	GlobalSection(ProjectConfigurationPlatforms) = postSolution
		{D86AB7A9-B63C-493D-A911-5AC71BE7C59C}.Debug|Any CPU.ActiveCfg = Debug|Windows Phone
		{D86AB7A9-B63C-493D-A911-5AC71BE7C59C}.Debug|Mixed Platforms.ActiveCfg = Debug|Windows Phone
		{D86AB7A9-B63C-493D-A911-5AC71BE7C59C}.Debug|Mixed Platforms.Build.0 = Debug|Windows Phone
		{D86AB7A9-B63C-493D-A911-5AC71BE7C59C}.Debug|Mixed Platforms.Deploy.0 = Debug|Windows Phone
		{D86AB7A9-B63C-493D-A911-5AC71BE7C59C}.Debug|Windows Phone.ActiveCfg = Debug|Windows Phone
		{D86AB7A9-B63C-493D-A911-5AC71BE7C59C}.Debug|Windows Phone.Build.0 = Debug|Windows Phone
		{D86AB7A9-B63C-493D-A911-5AC71BE7C59C}.Debug|Windows Phone.Deploy.0 = Debug|Windows Phone
		{D86AB7A9-B63C-493D-A911-5AC71BE7C59C}.Debug|x86.ActiveCfg = Debug|Windows Phone
		{D86AB7A9-B63C-493D-A911-5AC71BE7C59C}.Release|Any CPU.ActiveCfg = Release|Windows Phone
		{D86AB7A9-B63C-493D-A911-5AC71BE7C59C}.Release|Mixed Platforms.ActiveCfg = Release|Windows Phone
		{D86AB7A9-B63C-493D-A911-5AC71BE7C59C}.Release|Mixed Platforms.Build.0 = Release|Windows Phone
		{D86AB7A9-B63C-493D-A911-5AC71BE7C59C}.Release|Mixed Platforms.Deploy.0 = Release|Windows Phone
		{D86AB7A9-B63C-493D-A911-5AC71BE7C59C}.Release|Windows Phone.ActiveCfg = Release|Windows Phone
		{D86AB7A9-B63C-493D-A911-5AC71BE7C59C}.Release|Windows Phone.Build.0 = Release|Windows Phone
		{D86AB7A9-B63C-493D-A911-5AC71BE7C59C}.Release|Windows Phone.Deploy.0 = Release|Windows Phone
		{D86AB7A9-B63C-493D-A911-5AC71BE7C59C}.Release|x86.ActiveCfg = Release|Windows Phone
	EndGlobalSection
	GlobalSection(SolutionProperties) = preSolution
		HideSolutionNode = FALSE
	EndGlobalSection
EndGlobal
