
Microsoft Visual Studio Solution File, Format Version 11.00
# Visual Studio 2010
Project("{FAE04EC0-301F-11D3-BF4B-00C04F79EFBC}") = "CocosSharpPCLTest.MonoMac", "CocosSharpPCLTest.MonoMac\CocosSharpPCLTest.MonoMac.csproj", "{C976AEE3-940E-4658-BCDD-80A581E4C696}"
EndProject
Project("{FAE04EC0-301F-11D3-BF4B-00C04F79EFBC}") = "CocosSharpPCLTest.Portable", "..\CocosSharpPCLTest.Portable\CocosSharpPCLTest.Portable.csproj", "{2DD4E22B-8A58-473E-8571-6736457D7B83}"
EndProject
Project("{FAE04EC0-301F-11D3-BF4B-00C04F79EFBC}") = "CocosSharpPCLTest.iOS", "..\CocosSharpPCLTest.iOS\CocosSharpPCLTest.iOS.csproj", "{8FF8DF71-B228-4C62-A187-AB02F35027B1}"
EndProject
Project("{FAE04EC0-301F-11D3-BF4B-00C04F79EFBC}") = "CocosSharpPCLTest.Android", "..\CocosSharpPCLTest.Android\CocosSharpPCLTest.Android.csproj", "{9A6E1475-23B6-48AD-BE5F-B5C2BC3A4B1F}"
EndProject
Global
	GlobalSection(SolutionConfigurationPlatforms) = preSolution
		Debug|Any CPU = Debug|Any CPU
		Release|Any CPU = Release|Any CPU
		AppStore|Any CPU = AppStore|Any CPU
		Distribution|Any CPU = Distribution|Any CPU
		Debug|iPhoneSimulator = Debug|iPhoneSimulator
		Release|iPhoneSimulator = Release|iPhoneSimulator
		Debug|iPhone = Debug|iPhone
		Release|iPhone = Release|iPhone
		Ad-Hoc|iPhone = Ad-Hoc|iPhone
		AppStore|iPhone = AppStore|iPhone
	EndGlobalSection
	GlobalSection(ProjectConfigurationPlatforms) = postSolution
		{2DD4E22B-8A58-473E-8571-6736457D7B83}.Ad-Hoc|iPhone.ActiveCfg = Debug|Any CPU
		{2DD4E22B-8A58-473E-8571-6736457D7B83}.Ad-Hoc|iPhone.Build.0 = Debug|Any CPU
		{2DD4E22B-8A58-473E-8571-6736457D7B83}.AppStore|Any CPU.ActiveCfg = Release|Any CPU
		{2DD4E22B-8A58-473E-8571-6736457D7B83}.AppStore|Any CPU.Build.0 = Release|Any CPU
		{2DD4E22B-8A58-473E-8571-6736457D7B83}.AppStore|iPhone.ActiveCfg = Debug|Any CPU
		{2DD4E22B-8A58-473E-8571-6736457D7B83}.AppStore|iPhone.Build.0 = Debug|Any CPU
		{2DD4E22B-8A58-473E-8571-6736457D7B83}.Debug|Any CPU.ActiveCfg = Debug|Any CPU
		{2DD4E22B-8A58-473E-8571-6736457D7B83}.Debug|Any CPU.Build.0 = Debug|Any CPU
		{2DD4E22B-8A58-473E-8571-6736457D7B83}.Debug|iPhone.ActiveCfg = Debug|Any CPU
		{2DD4E22B-8A58-473E-8571-6736457D7B83}.Debug|iPhone.Build.0 = Debug|Any CPU
		{2DD4E22B-8A58-473E-8571-6736457D7B83}.Debug|iPhoneSimulator.ActiveCfg = Debug|Any CPU
		{2DD4E22B-8A58-473E-8571-6736457D7B83}.Debug|iPhoneSimulator.Build.0 = Debug|Any CPU
		{2DD4E22B-8A58-473E-8571-6736457D7B83}.Distribution|Any CPU.ActiveCfg = Debug|Any CPU
		{2DD4E22B-8A58-473E-8571-6736457D7B83}.Distribution|Any CPU.Build.0 = Debug|Any CPU
		{2DD4E22B-8A58-473E-8571-6736457D7B83}.Release|Any CPU.ActiveCfg = Release|Any CPU
		{2DD4E22B-8A58-473E-8571-6736457D7B83}.Release|Any CPU.Build.0 = Release|Any CPU
		{2DD4E22B-8A58-473E-8571-6736457D7B83}.Release|iPhone.ActiveCfg = Release|Any CPU
		{2DD4E22B-8A58-473E-8571-6736457D7B83}.Release|iPhone.Build.0 = Release|Any CPU
		{2DD4E22B-8A58-473E-8571-6736457D7B83}.Release|iPhoneSimulator.ActiveCfg = Release|Any CPU
		{2DD4E22B-8A58-473E-8571-6736457D7B83}.Release|iPhoneSimulator.Build.0 = Release|Any CPU
		{8FF8DF71-B228-4C62-A187-AB02F35027B1}.Ad-Hoc|iPhone.ActiveCfg = Ad-Hoc|iPhone
		{8FF8DF71-B228-4C62-A187-AB02F35027B1}.Ad-Hoc|iPhone.Build.0 = Ad-Hoc|iPhone
		{8FF8DF71-B228-4C62-A187-AB02F35027B1}.AppStore|Any CPU.ActiveCfg = AppStore|iPhone
		{8FF8DF71-B228-4C62-A187-AB02F35027B1}.AppStore|Any CPU.Build.0 = AppStore|iPhone
		{8FF8DF71-B228-4C62-A187-AB02F35027B1}.AppStore|iPhone.ActiveCfg = AppStore|iPhone
		{8FF8DF71-B228-4C62-A187-AB02F35027B1}.AppStore|iPhone.Build.0 = AppStore|iPhone
		{8FF8DF71-B228-4C62-A187-AB02F35027B1}.Debug|Any CPU.ActiveCfg = Debug|iPhoneSimulator
		{8FF8DF71-B228-4C62-A187-AB02F35027B1}.Debug|Any CPU.Build.0 = Debug|iPhoneSimulator
		{8FF8DF71-B228-4C62-A187-AB02F35027B1}.Debug|iPhone.ActiveCfg = Debug|iPhone
		{8FF8DF71-B228-4C62-A187-AB02F35027B1}.Debug|iPhone.Build.0 = Debug|iPhone
		{8FF8DF71-B228-4C62-A187-AB02F35027B1}.Debug|iPhoneSimulator.ActiveCfg = Debug|iPhoneSimulator
		{8FF8DF71-B228-4C62-A187-AB02F35027B1}.Debug|iPhoneSimulator.Build.0 = Debug|iPhoneSimulator
		{8FF8DF71-B228-4C62-A187-AB02F35027B1}.Distribution|Any CPU.ActiveCfg = Debug|iPhoneSimulator
		{8FF8DF71-B228-4C62-A187-AB02F35027B1}.Distribution|Any CPU.Build.0 = Debug|iPhoneSimulator
		{8FF8DF71-B228-4C62-A187-AB02F35027B1}.Release|Any CPU.ActiveCfg = Release|iPhoneSimulator
		{8FF8DF71-B228-4C62-A187-AB02F35027B1}.Release|Any CPU.Build.0 = Release|iPhoneSimulator
		{8FF8DF71-B228-4C62-A187-AB02F35027B1}.Release|iPhone.ActiveCfg = Release|iPhone
		{8FF8DF71-B228-4C62-A187-AB02F35027B1}.Release|iPhone.Build.0 = Release|iPhone
		{8FF8DF71-B228-4C62-A187-AB02F35027B1}.Release|iPhoneSimulator.ActiveCfg = Release|iPhoneSimulator
		{8FF8DF71-B228-4C62-A187-AB02F35027B1}.Release|iPhoneSimulator.Build.0 = Release|iPhoneSimulator
		{9A6E1475-23B6-48AD-BE5F-B5C2BC3A4B1F}.Ad-Hoc|iPhone.ActiveCfg = Debug|Any CPU
		{9A6E1475-23B6-48AD-BE5F-B5C2BC3A4B1F}.Ad-Hoc|iPhone.Build.0 = Debug|Any CPU
		{9A6E1475-23B6-48AD-BE5F-B5C2BC3A4B1F}.AppStore|Any CPU.ActiveCfg = Release|Any CPU
		{9A6E1475-23B6-48AD-BE5F-B5C2BC3A4B1F}.AppStore|Any CPU.Build.0 = Release|Any CPU
		{9A6E1475-23B6-48AD-BE5F-B5C2BC3A4B1F}.AppStore|iPhone.ActiveCfg = Release|Any CPU
		{9A6E1475-23B6-48AD-BE5F-B5C2BC3A4B1F}.AppStore|iPhone.Build.0 = Release|Any CPU
		{9A6E1475-23B6-48AD-BE5F-B5C2BC3A4B1F}.Debug|Any CPU.ActiveCfg = Debug|Any CPU
		{9A6E1475-23B6-48AD-BE5F-B5C2BC3A4B1F}.Debug|Any CPU.Build.0 = Debug|Any CPU
		{9A6E1475-23B6-48AD-BE5F-B5C2BC3A4B1F}.Debug|iPhone.ActiveCfg = Debug|Any CPU
		{9A6E1475-23B6-48AD-BE5F-B5C2BC3A4B1F}.Debug|iPhone.Build.0 = Debug|Any CPU
		{9A6E1475-23B6-48AD-BE5F-B5C2BC3A4B1F}.Debug|iPhoneSimulator.ActiveCfg = Debug|Any CPU
		{9A6E1475-23B6-48AD-BE5F-B5C2BC3A4B1F}.Debug|iPhoneSimulator.Build.0 = Debug|Any CPU
		{9A6E1475-23B6-48AD-BE5F-B5C2BC3A4B1F}.Distribution|Any CPU.ActiveCfg = Debug|Any CPU
		{9A6E1475-23B6-48AD-BE5F-B5C2BC3A4B1F}.Distribution|Any CPU.Build.0 = Debug|Any CPU
		{9A6E1475-23B6-48AD-BE5F-B5C2BC3A4B1F}.Release|Any CPU.ActiveCfg = Release|Any CPU
		{9A6E1475-23B6-48AD-BE5F-B5C2BC3A4B1F}.Release|Any CPU.Build.0 = Release|Any CPU
		{9A6E1475-23B6-48AD-BE5F-B5C2BC3A4B1F}.Release|iPhone.ActiveCfg = Release|Any CPU
		{9A6E1475-23B6-48AD-BE5F-B5C2BC3A4B1F}.Release|iPhone.Build.0 = Release|Any CPU
		{9A6E1475-23B6-48AD-BE5F-B5C2BC3A4B1F}.Release|iPhoneSimulator.ActiveCfg = Release|Any CPU
		{9A6E1475-23B6-48AD-BE5F-B5C2BC3A4B1F}.Release|iPhoneSimulator.Build.0 = Release|Any CPU
		{C976AEE3-940E-4658-BCDD-80A581E4C696}.Ad-Hoc|iPhone.ActiveCfg = Debug|Any CPU
		{C976AEE3-940E-4658-BCDD-80A581E4C696}.Ad-Hoc|iPhone.Build.0 = Debug|Any CPU
		{C976AEE3-940E-4658-BCDD-80A581E4C696}.AppStore|Any CPU.ActiveCfg = AppStore|Any CPU
		{C976AEE3-940E-4658-BCDD-80A581E4C696}.AppStore|Any CPU.Build.0 = AppStore|Any CPU
		{C976AEE3-940E-4658-BCDD-80A581E4C696}.AppStore|iPhone.ActiveCfg = AppStore|Any CPU
		{C976AEE3-940E-4658-BCDD-80A581E4C696}.AppStore|iPhone.Build.0 = AppStore|Any CPU
		{C976AEE3-940E-4658-BCDD-80A581E4C696}.Debug|Any CPU.ActiveCfg = Debug|Any CPU
		{C976AEE3-940E-4658-BCDD-80A581E4C696}.Debug|Any CPU.Build.0 = Debug|Any CPU
		{C976AEE3-940E-4658-BCDD-80A581E4C696}.Debug|iPhone.ActiveCfg = Debug|Any CPU
		{C976AEE3-940E-4658-BCDD-80A581E4C696}.Debug|iPhone.Build.0 = Debug|Any CPU
		{C976AEE3-940E-4658-BCDD-80A581E4C696}.Debug|iPhoneSimulator.ActiveCfg = Debug|Any CPU
		{C976AEE3-940E-4658-BCDD-80A581E4C696}.Debug|iPhoneSimulator.Build.0 = Debug|Any CPU
		{C976AEE3-940E-4658-BCDD-80A581E4C696}.Distribution|Any CPU.ActiveCfg = Debug|Any CPU
		{C976AEE3-940E-4658-BCDD-80A581E4C696}.Distribution|Any CPU.Build.0 = Debug|Any CPU
		{C976AEE3-940E-4658-BCDD-80A581E4C696}.Release|Any CPU.ActiveCfg = Release|Any CPU
		{C976AEE3-940E-4658-BCDD-80A581E4C696}.Release|Any CPU.Build.0 = Release|Any CPU
		{C976AEE3-940E-4658-BCDD-80A581E4C696}.Release|iPhone.ActiveCfg = Release|Any CPU
		{C976AEE3-940E-4658-BCDD-80A581E4C696}.Release|iPhone.Build.0 = Release|Any CPU
		{C976AEE3-940E-4658-BCDD-80A581E4C696}.Release|iPhoneSimulator.ActiveCfg = Release|Any CPU
		{C976AEE3-940E-4658-BCDD-80A581E4C696}.Release|iPhoneSimulator.Build.0 = Release|Any CPU
	EndGlobalSection
	GlobalSection(MonoDevelopProperties) = preSolution
		StartupItem = PCLTest.MonoMac\PCLTest.MonoMac.csproj
	EndGlobalSection
EndGlobal
