
Microsoft Visual Studio Solution File, Format Version 12.00
# Visual Studio 2013
VisualStudioVersion = 12.0.30723.0
MinimumVisualStudioVersion = 10.0.40219.1
Project("{FAE04EC0-301F-11D3-BF4B-00C04F79EFBC}") = "CocosSharp.Forms.PCL", "CocosSharp.Forms.PCL\CocosSharp.Forms.PCL.csproj", "{B8CF7D07-B33E-4501-9AF4-A2D01325FA9F}"
EndProject
Project("{FAE04EC0-301F-11D3-BF4B-00C04F79EFBC}") = "CocosSharp.Forms.Android", "CocosSharp.Forms.Android\CocosSharp.Forms.Android.csproj", "{2E7AC381-BEF7-46AA-A220-3CEFC0C6F47A}"
EndProject
Project("{FAE04EC0-301F-11D3-BF4B-00C04F79EFBC}") = "CocosSharp.Forms.iOS", "CocosSharp.Forms.iOS\CocosSharp.Forms.iOS.csproj", "{6B28555D-3B02-48EA-8513-4B88017BA878}"
EndProject
Project("{FAE04EC0-301F-11D3-BF4B-00C04F79EFBC}") = "CocosSharp.PCL.Shared", "..\PCL\CocosSharpPCLShared\CocosSharp.PCL.Shared.csproj", "{6EC840D4-8CE9-4176-9F47-CFFF93CB6172}"
EndProject
Project("{FAE04EC0-301F-11D3-BF4B-00C04F79EFBC}") = "MonoGame.PCL.Shared", "..\PCL\MonoGamePCLShared\MonoGame.PCL.Shared.csproj", "{54D017B5-3525-40AA-8DE1-A4D4BCE220BF}"
EndProject
Project("{FAE04EC0-301F-11D3-BF4B-00C04F79EFBC}") = "CocosSharp.iOS", "..\src\CocosSharp.iOS.csproj", "{511B1B80-F539-4CEC-AB62-3652A9275E7E}"
EndProject
Project("{FAE04EC0-301F-11D3-BF4B-00C04F79EFBC}") = "MonoGame.Framework.iOS", "..\MonoGame\MonoGame.Framework\MonoGame.Framework.iOS.csproj", "{DB8508BB-9849-4CC2-BC0F-8EB5DACB3C47}"
EndProject
Project("{FAE04EC0-301F-11D3-BF4B-00C04F79EFBC}") = "MonoGame.Framework.Net.iOS", "..\MonoGame\MonoGame.Framework\MonoGame.Framework.Net.iOS.csproj", "{D4838656-8545-4DC5-8822-D4AD313E17AC}"
EndProject
Project("{FAE04EC0-301F-11D3-BF4B-00C04F79EFBC}") = "Lidgren.Network.iOS", "..\MonoGame\ThirdParty\Lidgren.Network\Lidgren.Network.iOS.csproj", "{734EAA48-F1CA-481A-B391-0285BC0E8B40}"
EndProject
Project("{FAE04EC0-301F-11D3-BF4B-00C04F79EFBC}") = "box2d.iOS", "..\box2d\box2d.iOS.csproj", "{7877D4F9-F781-465A-9C1F-D113F246A994}"
EndProject
Project("{FAE04EC0-301F-11D3-BF4B-00C04F79EFBC}") = "CocosSharp.Android", "..\src\CocosSharp.Android.csproj", "{64725C5B-A1BC-4974-8538-A1158BABF572}"
EndProject
Project("{FAE04EC0-301F-11D3-BF4B-00C04F79EFBC}") = "MonoGame.Framework.Android", "..\MonoGame\MonoGame.Framework\MonoGame.Framework.Android.csproj", "{BA9476CF-99BA-4D03-92F2-73D2C5E58883}"
EndProject
Project("{FAE04EC0-301F-11D3-BF4B-00C04F79EFBC}") = "MonoGame.Framework.Net.Android", "..\MonoGame\MonoGame.Framework\MonoGame.Framework.Net.Android.csproj", "{713EE5CA-C850-42AD-AC67-B6546AC8BFFB}"
EndProject
Project("{FAE04EC0-301F-11D3-BF4B-00C04F79EFBC}") = "Lidgren.Network.Android", "..\MonoGame\ThirdParty\Lidgren.Network\Lidgren.Network.Android.csproj", "{565129E0-4EE5-4F6F-B403-C3484C9740BE}"
EndProject
Project("{FAE04EC0-301F-11D3-BF4B-00C04F79EFBC}") = "box2d.Android", "..\box2d\box2d.Android.csproj", "{B81B6701-7A78-4846-BF6F-04E0591F0F38}"
EndProject
Project("{FAE04EC0-301F-11D3-BF4B-00C04F79EFBC}") = "CocosSharp.Forms.WP", "CocosSharp.Forms.WP\CocosSharp.Forms.WP.csproj", "{71CC7EF7-3977-4CD2-A994-A00ACAAC5543}"
EndProject
Project("{FAE04EC0-301F-11D3-BF4B-00C04F79EFBC}") = "CocosSharp.WindowsPhone81", "..\src\CocosSharp.WindowsPhone81.csproj", "{1D51A5A6-0DB5-49E5-868D-7D0E1FD14D8F}"
EndProject
Project("{FAE04EC0-301F-11D3-BF4B-00C04F79EFBC}") = "MonoGame.Framework.WindowsPhone81", "..\MonoGame\MonoGame.Framework\MonoGame.Framework.WindowsPhone81.csproj", "{6522B7E9-25A5-4250-B164-42CC2C4ECCAD}"
EndProject
Project("{FAE04EC0-301F-11D3-BF4B-00C04F79EFBC}") = "box2d.WindowsPhone81", "..\box2d\box2d.WindowsPhone81.csproj", "{5C334780-3639-4AF9-922D-46CAC187BA93}"
EndProject
Project("{FAE04EC0-301F-11D3-BF4B-00C04F79EFBC}") = "MonoGame.Framework.Net.WindowsPhone81", "..\MonoGame\MonoGame.Framework\MonoGame.Framework.Net.WindowsPhone81.csproj", "{423E2B58-4FBB-4A5D-8A86-1188F2889523}"
EndProject
Global
	GlobalSection(SolutionConfigurationPlatforms) = preSolution
		Ad-Hoc|Any CPU = Ad-Hoc|Any CPU
		Ad-Hoc|ARM = Ad-Hoc|ARM
		Ad-Hoc|iPhone = Ad-Hoc|iPhone
		Ad-Hoc|iPhoneSimulator = Ad-Hoc|iPhoneSimulator
		Ad-Hoc|Mixed Platforms = Ad-Hoc|Mixed Platforms
		Ad-Hoc|x86 = Ad-Hoc|x86
		AppStore|Any CPU = AppStore|Any CPU
		AppStore|ARM = AppStore|ARM
		AppStore|iPhone = AppStore|iPhone
		AppStore|iPhoneSimulator = AppStore|iPhoneSimulator
		AppStore|Mixed Platforms = AppStore|Mixed Platforms
		AppStore|x86 = AppStore|x86
		Debug|Any CPU = Debug|Any CPU
		Debug|ARM = Debug|ARM
		Debug|iPhone = Debug|iPhone
		Debug|iPhoneSimulator = Debug|iPhoneSimulator
		Debug|Mixed Platforms = Debug|Mixed Platforms
		Debug|x86 = Debug|x86
		Release|Any CPU = Release|Any CPU
		Release|ARM = Release|ARM
		Release|iPhone = Release|iPhone
		Release|iPhoneSimulator = Release|iPhoneSimulator
		Release|Mixed Platforms = Release|Mixed Platforms
		Release|x86 = Release|x86
	EndGlobalSection
	GlobalSection(ProjectConfigurationPlatforms) = postSolution
		{B8CF7D07-B33E-4501-9AF4-A2D01325FA9F}.Ad-Hoc|Any CPU.ActiveCfg = Release|Any CPU
		{B8CF7D07-B33E-4501-9AF4-A2D01325FA9F}.Ad-Hoc|Any CPU.Build.0 = Release|Any CPU
		{B8CF7D07-B33E-4501-9AF4-A2D01325FA9F}.Ad-Hoc|ARM.ActiveCfg = Release|Any CPU
		{B8CF7D07-B33E-4501-9AF4-A2D01325FA9F}.Ad-Hoc|iPhone.ActiveCfg = Debug|Any CPU
		{B8CF7D07-B33E-4501-9AF4-A2D01325FA9F}.Ad-Hoc|iPhone.Build.0 = Debug|Any CPU
		{B8CF7D07-B33E-4501-9AF4-A2D01325FA9F}.Ad-Hoc|iPhoneSimulator.ActiveCfg = Release|Any CPU
		{B8CF7D07-B33E-4501-9AF4-A2D01325FA9F}.Ad-Hoc|Mixed Platforms.ActiveCfg = Release|Any CPU
		{B8CF7D07-B33E-4501-9AF4-A2D01325FA9F}.Ad-Hoc|Mixed Platforms.Build.0 = Release|Any CPU
		{B8CF7D07-B33E-4501-9AF4-A2D01325FA9F}.Ad-Hoc|x86.ActiveCfg = Release|Any CPU
		{B8CF7D07-B33E-4501-9AF4-A2D01325FA9F}.AppStore|Any CPU.ActiveCfg = Release|Any CPU
		{B8CF7D07-B33E-4501-9AF4-A2D01325FA9F}.AppStore|Any CPU.Build.0 = Release|Any CPU
		{B8CF7D07-B33E-4501-9AF4-A2D01325FA9F}.AppStore|ARM.ActiveCfg = Release|Any CPU
		{B8CF7D07-B33E-4501-9AF4-A2D01325FA9F}.AppStore|iPhone.ActiveCfg = Debug|Any CPU
		{B8CF7D07-B33E-4501-9AF4-A2D01325FA9F}.AppStore|iPhone.Build.0 = Debug|Any CPU
		{B8CF7D07-B33E-4501-9AF4-A2D01325FA9F}.AppStore|iPhoneSimulator.ActiveCfg = Release|Any CPU
		{B8CF7D07-B33E-4501-9AF4-A2D01325FA9F}.AppStore|Mixed Platforms.ActiveCfg = Release|Any CPU
		{B8CF7D07-B33E-4501-9AF4-A2D01325FA9F}.AppStore|Mixed Platforms.Build.0 = Release|Any CPU
		{B8CF7D07-B33E-4501-9AF4-A2D01325FA9F}.AppStore|x86.ActiveCfg = Release|Any CPU
		{B8CF7D07-B33E-4501-9AF4-A2D01325FA9F}.Debug|Any CPU.ActiveCfg = Debug|Any CPU
		{B8CF7D07-B33E-4501-9AF4-A2D01325FA9F}.Debug|Any CPU.Build.0 = Debug|Any CPU
		{B8CF7D07-B33E-4501-9AF4-A2D01325FA9F}.Debug|ARM.ActiveCfg = Debug|Any CPU
		{B8CF7D07-B33E-4501-9AF4-A2D01325FA9F}.Debug|iPhone.ActiveCfg = Debug|Any CPU
		{B8CF7D07-B33E-4501-9AF4-A2D01325FA9F}.Debug|iPhone.Build.0 = Debug|Any CPU
		{B8CF7D07-B33E-4501-9AF4-A2D01325FA9F}.Debug|iPhoneSimulator.ActiveCfg = Debug|Any CPU
		{B8CF7D07-B33E-4501-9AF4-A2D01325FA9F}.Debug|iPhoneSimulator.Build.0 = Debug|Any CPU
		{B8CF7D07-B33E-4501-9AF4-A2D01325FA9F}.Debug|Mixed Platforms.ActiveCfg = Debug|Any CPU
		{B8CF7D07-B33E-4501-9AF4-A2D01325FA9F}.Debug|Mixed Platforms.Build.0 = Debug|Any CPU
		{B8CF7D07-B33E-4501-9AF4-A2D01325FA9F}.Debug|x86.ActiveCfg = Debug|Any CPU
		{B8CF7D07-B33E-4501-9AF4-A2D01325FA9F}.Release|Any CPU.ActiveCfg = Release|Any CPU
		{B8CF7D07-B33E-4501-9AF4-A2D01325FA9F}.Release|Any CPU.Build.0 = Release|Any CPU
		{B8CF7D07-B33E-4501-9AF4-A2D01325FA9F}.Release|ARM.ActiveCfg = Release|Any CPU
		{B8CF7D07-B33E-4501-9AF4-A2D01325FA9F}.Release|iPhone.ActiveCfg = Release|Any CPU
		{B8CF7D07-B33E-4501-9AF4-A2D01325FA9F}.Release|iPhone.Build.0 = Release|Any CPU
		{B8CF7D07-B33E-4501-9AF4-A2D01325FA9F}.Release|iPhoneSimulator.ActiveCfg = Release|Any CPU
		{B8CF7D07-B33E-4501-9AF4-A2D01325FA9F}.Release|iPhoneSimulator.Build.0 = Release|Any CPU
		{B8CF7D07-B33E-4501-9AF4-A2D01325FA9F}.Release|Mixed Platforms.ActiveCfg = Release|Any CPU
		{B8CF7D07-B33E-4501-9AF4-A2D01325FA9F}.Release|Mixed Platforms.Build.0 = Release|Any CPU
		{B8CF7D07-B33E-4501-9AF4-A2D01325FA9F}.Release|x86.ActiveCfg = Release|Any CPU
		{2E7AC381-BEF7-46AA-A220-3CEFC0C6F47A}.Ad-Hoc|Any CPU.ActiveCfg = Release|Any CPU
		{2E7AC381-BEF7-46AA-A220-3CEFC0C6F47A}.Ad-Hoc|Any CPU.Build.0 = Release|Any CPU
		{2E7AC381-BEF7-46AA-A220-3CEFC0C6F47A}.Ad-Hoc|ARM.ActiveCfg = Release|Any CPU
		{2E7AC381-BEF7-46AA-A220-3CEFC0C6F47A}.Ad-Hoc|iPhone.ActiveCfg = Debug|Any CPU
		{2E7AC381-BEF7-46AA-A220-3CEFC0C6F47A}.Ad-Hoc|iPhone.Build.0 = Debug|Any CPU
		{2E7AC381-BEF7-46AA-A220-3CEFC0C6F47A}.Ad-Hoc|iPhoneSimulator.ActiveCfg = Release|Any CPU
		{2E7AC381-BEF7-46AA-A220-3CEFC0C6F47A}.Ad-Hoc|Mixed Platforms.ActiveCfg = Release|Any CPU
		{2E7AC381-BEF7-46AA-A220-3CEFC0C6F47A}.Ad-Hoc|Mixed Platforms.Build.0 = Release|Any CPU
		{2E7AC381-BEF7-46AA-A220-3CEFC0C6F47A}.Ad-Hoc|x86.ActiveCfg = Release|Any CPU
		{2E7AC381-BEF7-46AA-A220-3CEFC0C6F47A}.AppStore|Any CPU.ActiveCfg = Release|Any CPU
		{2E7AC381-BEF7-46AA-A220-3CEFC0C6F47A}.AppStore|Any CPU.Build.0 = Release|Any CPU
		{2E7AC381-BEF7-46AA-A220-3CEFC0C6F47A}.AppStore|ARM.ActiveCfg = Release|Any CPU
		{2E7AC381-BEF7-46AA-A220-3CEFC0C6F47A}.AppStore|iPhone.ActiveCfg = Debug|Any CPU
		{2E7AC381-BEF7-46AA-A220-3CEFC0C6F47A}.AppStore|iPhone.Build.0 = Debug|Any CPU
		{2E7AC381-BEF7-46AA-A220-3CEFC0C6F47A}.AppStore|iPhoneSimulator.ActiveCfg = Release|Any CPU
		{2E7AC381-BEF7-46AA-A220-3CEFC0C6F47A}.AppStore|Mixed Platforms.ActiveCfg = Release|Any CPU
		{2E7AC381-BEF7-46AA-A220-3CEFC0C6F47A}.AppStore|Mixed Platforms.Build.0 = Release|Any CPU
		{2E7AC381-BEF7-46AA-A220-3CEFC0C6F47A}.AppStore|x86.ActiveCfg = Release|Any CPU
		{2E7AC381-BEF7-46AA-A220-3CEFC0C6F47A}.Debug|Any CPU.ActiveCfg = Debug|Any CPU
		{2E7AC381-BEF7-46AA-A220-3CEFC0C6F47A}.Debug|Any CPU.Build.0 = Debug|Any CPU
		{2E7AC381-BEF7-46AA-A220-3CEFC0C6F47A}.Debug|ARM.ActiveCfg = Debug|Any CPU
		{2E7AC381-BEF7-46AA-A220-3CEFC0C6F47A}.Debug|iPhone.ActiveCfg = Debug|Any CPU
		{2E7AC381-BEF7-46AA-A220-3CEFC0C6F47A}.Debug|iPhone.Build.0 = Debug|Any CPU
		{2E7AC381-BEF7-46AA-A220-3CEFC0C6F47A}.Debug|iPhoneSimulator.ActiveCfg = Debug|Any CPU
		{2E7AC381-BEF7-46AA-A220-3CEFC0C6F47A}.Debug|iPhoneSimulator.Build.0 = Debug|Any CPU
		{2E7AC381-BEF7-46AA-A220-3CEFC0C6F47A}.Debug|Mixed Platforms.ActiveCfg = Debug|Any CPU
		{2E7AC381-BEF7-46AA-A220-3CEFC0C6F47A}.Debug|Mixed Platforms.Build.0 = Debug|Any CPU
		{2E7AC381-BEF7-46AA-A220-3CEFC0C6F47A}.Debug|x86.ActiveCfg = Debug|Any CPU
		{2E7AC381-BEF7-46AA-A220-3CEFC0C6F47A}.Release|Any CPU.ActiveCfg = Release|Any CPU
		{2E7AC381-BEF7-46AA-A220-3CEFC0C6F47A}.Release|Any CPU.Build.0 = Release|Any CPU
		{2E7AC381-BEF7-46AA-A220-3CEFC0C6F47A}.Release|ARM.ActiveCfg = Release|Any CPU
		{2E7AC381-BEF7-46AA-A220-3CEFC0C6F47A}.Release|iPhone.ActiveCfg = Release|Any CPU
		{2E7AC381-BEF7-46AA-A220-3CEFC0C6F47A}.Release|iPhone.Build.0 = Release|Any CPU
		{2E7AC381-BEF7-46AA-A220-3CEFC0C6F47A}.Release|iPhoneSimulator.ActiveCfg = Release|Any CPU
		{2E7AC381-BEF7-46AA-A220-3CEFC0C6F47A}.Release|iPhoneSimulator.Build.0 = Release|Any CPU
		{2E7AC381-BEF7-46AA-A220-3CEFC0C6F47A}.Release|Mixed Platforms.ActiveCfg = Release|Any CPU
		{2E7AC381-BEF7-46AA-A220-3CEFC0C6F47A}.Release|Mixed Platforms.Build.0 = Release|Any CPU
		{2E7AC381-BEF7-46AA-A220-3CEFC0C6F47A}.Release|x86.ActiveCfg = Release|Any CPU
		{6B28555D-3B02-48EA-8513-4B88017BA878}.Ad-Hoc|Any CPU.ActiveCfg = Release|Any CPU
		{6B28555D-3B02-48EA-8513-4B88017BA878}.Ad-Hoc|Any CPU.Build.0 = Release|Any CPU
		{6B28555D-3B02-48EA-8513-4B88017BA878}.Ad-Hoc|ARM.ActiveCfg = Release|Any CPU
		{6B28555D-3B02-48EA-8513-4B88017BA878}.Ad-Hoc|iPhone.ActiveCfg = Debug|Any CPU
		{6B28555D-3B02-48EA-8513-4B88017BA878}.Ad-Hoc|iPhone.Build.0 = Debug|Any CPU
		{6B28555D-3B02-48EA-8513-4B88017BA878}.Ad-Hoc|iPhoneSimulator.ActiveCfg = Release|Any CPU
		{6B28555D-3B02-48EA-8513-4B88017BA878}.Ad-Hoc|Mixed Platforms.ActiveCfg = Release|Any CPU
		{6B28555D-3B02-48EA-8513-4B88017BA878}.Ad-Hoc|Mixed Platforms.Build.0 = Release|Any CPU
		{6B28555D-3B02-48EA-8513-4B88017BA878}.Ad-Hoc|x86.ActiveCfg = Release|Any CPU
		{6B28555D-3B02-48EA-8513-4B88017BA878}.AppStore|Any CPU.ActiveCfg = Release|Any CPU
		{6B28555D-3B02-48EA-8513-4B88017BA878}.AppStore|Any CPU.Build.0 = Release|Any CPU
		{6B28555D-3B02-48EA-8513-4B88017BA878}.AppStore|ARM.ActiveCfg = Release|Any CPU
		{6B28555D-3B02-48EA-8513-4B88017BA878}.AppStore|iPhone.ActiveCfg = Debug|Any CPU
		{6B28555D-3B02-48EA-8513-4B88017BA878}.AppStore|iPhone.Build.0 = Debug|Any CPU
		{6B28555D-3B02-48EA-8513-4B88017BA878}.AppStore|iPhoneSimulator.ActiveCfg = Release|Any CPU
		{6B28555D-3B02-48EA-8513-4B88017BA878}.AppStore|Mixed Platforms.ActiveCfg = Release|Any CPU
		{6B28555D-3B02-48EA-8513-4B88017BA878}.AppStore|Mixed Platforms.Build.0 = Release|Any CPU
		{6B28555D-3B02-48EA-8513-4B88017BA878}.AppStore|x86.ActiveCfg = Release|Any CPU
		{6B28555D-3B02-48EA-8513-4B88017BA878}.Debug|Any CPU.ActiveCfg = Debug|Any CPU
		{6B28555D-3B02-48EA-8513-4B88017BA878}.Debug|Any CPU.Build.0 = Debug|Any CPU
		{6B28555D-3B02-48EA-8513-4B88017BA878}.Debug|ARM.ActiveCfg = Debug|Any CPU
		{6B28555D-3B02-48EA-8513-4B88017BA878}.Debug|iPhone.ActiveCfg = Debug|Any CPU
		{6B28555D-3B02-48EA-8513-4B88017BA878}.Debug|iPhone.Build.0 = Debug|Any CPU
		{6B28555D-3B02-48EA-8513-4B88017BA878}.Debug|iPhoneSimulator.ActiveCfg = Debug|Any CPU
		{6B28555D-3B02-48EA-8513-4B88017BA878}.Debug|iPhoneSimulator.Build.0 = Debug|Any CPU
		{6B28555D-3B02-48EA-8513-4B88017BA878}.Debug|Mixed Platforms.ActiveCfg = Debug|Any CPU
		{6B28555D-3B02-48EA-8513-4B88017BA878}.Debug|Mixed Platforms.Build.0 = Debug|Any CPU
		{6B28555D-3B02-48EA-8513-4B88017BA878}.Debug|x86.ActiveCfg = Debug|Any CPU
		{6B28555D-3B02-48EA-8513-4B88017BA878}.Release|Any CPU.ActiveCfg = Release|Any CPU
		{6B28555D-3B02-48EA-8513-4B88017BA878}.Release|Any CPU.Build.0 = Release|Any CPU
		{6B28555D-3B02-48EA-8513-4B88017BA878}.Release|ARM.ActiveCfg = Release|Any CPU
		{6B28555D-3B02-48EA-8513-4B88017BA878}.Release|iPhone.ActiveCfg = Release|Any CPU
		{6B28555D-3B02-48EA-8513-4B88017BA878}.Release|iPhone.Build.0 = Release|Any CPU
		{6B28555D-3B02-48EA-8513-4B88017BA878}.Release|iPhoneSimulator.ActiveCfg = Release|Any CPU
		{6B28555D-3B02-48EA-8513-4B88017BA878}.Release|iPhoneSimulator.Build.0 = Release|Any CPU
		{6B28555D-3B02-48EA-8513-4B88017BA878}.Release|Mixed Platforms.ActiveCfg = Release|Any CPU
		{6B28555D-3B02-48EA-8513-4B88017BA878}.Release|Mixed Platforms.Build.0 = Release|Any CPU
		{6B28555D-3B02-48EA-8513-4B88017BA878}.Release|x86.ActiveCfg = Release|Any CPU
		{6EC840D4-8CE9-4176-9F47-CFFF93CB6172}.Ad-Hoc|Any CPU.ActiveCfg = Release|Any CPU
		{6EC840D4-8CE9-4176-9F47-CFFF93CB6172}.Ad-Hoc|Any CPU.Build.0 = Release|Any CPU
		{6EC840D4-8CE9-4176-9F47-CFFF93CB6172}.Ad-Hoc|ARM.ActiveCfg = Release|Any CPU
		{6EC840D4-8CE9-4176-9F47-CFFF93CB6172}.Ad-Hoc|iPhone.ActiveCfg = Debug|Any CPU
		{6EC840D4-8CE9-4176-9F47-CFFF93CB6172}.Ad-Hoc|iPhone.Build.0 = Debug|Any CPU
		{6EC840D4-8CE9-4176-9F47-CFFF93CB6172}.Ad-Hoc|iPhoneSimulator.ActiveCfg = Release|Any CPU
		{6EC840D4-8CE9-4176-9F47-CFFF93CB6172}.Ad-Hoc|Mixed Platforms.ActiveCfg = Release|Any CPU
		{6EC840D4-8CE9-4176-9F47-CFFF93CB6172}.Ad-Hoc|Mixed Platforms.Build.0 = Release|Any CPU
		{6EC840D4-8CE9-4176-9F47-CFFF93CB6172}.Ad-Hoc|x86.ActiveCfg = Release|Any CPU
		{6EC840D4-8CE9-4176-9F47-CFFF93CB6172}.AppStore|Any CPU.ActiveCfg = Release|Any CPU
		{6EC840D4-8CE9-4176-9F47-CFFF93CB6172}.AppStore|Any CPU.Build.0 = Release|Any CPU
		{6EC840D4-8CE9-4176-9F47-CFFF93CB6172}.AppStore|ARM.ActiveCfg = Release|Any CPU
		{6EC840D4-8CE9-4176-9F47-CFFF93CB6172}.AppStore|iPhone.ActiveCfg = Debug|Any CPU
		{6EC840D4-8CE9-4176-9F47-CFFF93CB6172}.AppStore|iPhone.Build.0 = Debug|Any CPU
		{6EC840D4-8CE9-4176-9F47-CFFF93CB6172}.AppStore|iPhoneSimulator.ActiveCfg = Release|Any CPU
		{6EC840D4-8CE9-4176-9F47-CFFF93CB6172}.AppStore|Mixed Platforms.ActiveCfg = Release|Any CPU
		{6EC840D4-8CE9-4176-9F47-CFFF93CB6172}.AppStore|Mixed Platforms.Build.0 = Release|Any CPU
		{6EC840D4-8CE9-4176-9F47-CFFF93CB6172}.AppStore|x86.ActiveCfg = Release|Any CPU
		{6EC840D4-8CE9-4176-9F47-CFFF93CB6172}.Debug|Any CPU.ActiveCfg = Debug|Any CPU
		{6EC840D4-8CE9-4176-9F47-CFFF93CB6172}.Debug|Any CPU.Build.0 = Debug|Any CPU
		{6EC840D4-8CE9-4176-9F47-CFFF93CB6172}.Debug|ARM.ActiveCfg = Debug|Any CPU
		{6EC840D4-8CE9-4176-9F47-CFFF93CB6172}.Debug|iPhone.ActiveCfg = Debug|Any CPU
		{6EC840D4-8CE9-4176-9F47-CFFF93CB6172}.Debug|iPhone.Build.0 = Debug|Any CPU
		{6EC840D4-8CE9-4176-9F47-CFFF93CB6172}.Debug|iPhoneSimulator.ActiveCfg = Debug|Any CPU
		{6EC840D4-8CE9-4176-9F47-CFFF93CB6172}.Debug|iPhoneSimulator.Build.0 = Debug|Any CPU
		{6EC840D4-8CE9-4176-9F47-CFFF93CB6172}.Debug|Mixed Platforms.ActiveCfg = Debug|Any CPU
		{6EC840D4-8CE9-4176-9F47-CFFF93CB6172}.Debug|Mixed Platforms.Build.0 = Debug|Any CPU
		{6EC840D4-8CE9-4176-9F47-CFFF93CB6172}.Debug|x86.ActiveCfg = Debug|Any CPU
		{6EC840D4-8CE9-4176-9F47-CFFF93CB6172}.Release|Any CPU.ActiveCfg = Release|Any CPU
		{6EC840D4-8CE9-4176-9F47-CFFF93CB6172}.Release|Any CPU.Build.0 = Release|Any CPU
		{6EC840D4-8CE9-4176-9F47-CFFF93CB6172}.Release|ARM.ActiveCfg = Release|Any CPU
		{6EC840D4-8CE9-4176-9F47-CFFF93CB6172}.Release|iPhone.ActiveCfg = Release|Any CPU
		{6EC840D4-8CE9-4176-9F47-CFFF93CB6172}.Release|iPhone.Build.0 = Release|Any CPU
		{6EC840D4-8CE9-4176-9F47-CFFF93CB6172}.Release|iPhoneSimulator.ActiveCfg = Release|Any CPU
		{6EC840D4-8CE9-4176-9F47-CFFF93CB6172}.Release|iPhoneSimulator.Build.0 = Release|Any CPU
		{6EC840D4-8CE9-4176-9F47-CFFF93CB6172}.Release|Mixed Platforms.ActiveCfg = Release|Any CPU
		{6EC840D4-8CE9-4176-9F47-CFFF93CB6172}.Release|Mixed Platforms.Build.0 = Release|Any CPU
		{6EC840D4-8CE9-4176-9F47-CFFF93CB6172}.Release|x86.ActiveCfg = Release|Any CPU
		{54D017B5-3525-40AA-8DE1-A4D4BCE220BF}.Ad-Hoc|Any CPU.ActiveCfg = Release|Any CPU
		{54D017B5-3525-40AA-8DE1-A4D4BCE220BF}.Ad-Hoc|Any CPU.Build.0 = Release|Any CPU
		{54D017B5-3525-40AA-8DE1-A4D4BCE220BF}.Ad-Hoc|ARM.ActiveCfg = Release|Any CPU
		{54D017B5-3525-40AA-8DE1-A4D4BCE220BF}.Ad-Hoc|iPhone.ActiveCfg = Debug|Any CPU
		{54D017B5-3525-40AA-8DE1-A4D4BCE220BF}.Ad-Hoc|iPhone.Build.0 = Debug|Any CPU
		{54D017B5-3525-40AA-8DE1-A4D4BCE220BF}.Ad-Hoc|iPhoneSimulator.ActiveCfg = Release|Any CPU
		{54D017B5-3525-40AA-8DE1-A4D4BCE220BF}.Ad-Hoc|Mixed Platforms.ActiveCfg = Release|Any CPU
		{54D017B5-3525-40AA-8DE1-A4D4BCE220BF}.Ad-Hoc|Mixed Platforms.Build.0 = Release|Any CPU
		{54D017B5-3525-40AA-8DE1-A4D4BCE220BF}.Ad-Hoc|x86.ActiveCfg = Release|Any CPU
		{54D017B5-3525-40AA-8DE1-A4D4BCE220BF}.AppStore|Any CPU.ActiveCfg = Release|Any CPU
		{54D017B5-3525-40AA-8DE1-A4D4BCE220BF}.AppStore|Any CPU.Build.0 = Release|Any CPU
		{54D017B5-3525-40AA-8DE1-A4D4BCE220BF}.AppStore|ARM.ActiveCfg = Release|Any CPU
		{54D017B5-3525-40AA-8DE1-A4D4BCE220BF}.AppStore|iPhone.ActiveCfg = Debug|Any CPU
		{54D017B5-3525-40AA-8DE1-A4D4BCE220BF}.AppStore|iPhone.Build.0 = Debug|Any CPU
		{54D017B5-3525-40AA-8DE1-A4D4BCE220BF}.AppStore|iPhoneSimulator.ActiveCfg = Release|Any CPU
		{54D017B5-3525-40AA-8DE1-A4D4BCE220BF}.AppStore|Mixed Platforms.ActiveCfg = Release|Any CPU
		{54D017B5-3525-40AA-8DE1-A4D4BCE220BF}.AppStore|Mixed Platforms.Build.0 = Release|Any CPU
		{54D017B5-3525-40AA-8DE1-A4D4BCE220BF}.AppStore|x86.ActiveCfg = Release|Any CPU
		{54D017B5-3525-40AA-8DE1-A4D4BCE220BF}.Debug|Any CPU.ActiveCfg = Debug|Any CPU
		{54D017B5-3525-40AA-8DE1-A4D4BCE220BF}.Debug|Any CPU.Build.0 = Debug|Any CPU
		{54D017B5-3525-40AA-8DE1-A4D4BCE220BF}.Debug|ARM.ActiveCfg = Debug|Any CPU
		{54D017B5-3525-40AA-8DE1-A4D4BCE220BF}.Debug|iPhone.ActiveCfg = Debug|Any CPU
		{54D017B5-3525-40AA-8DE1-A4D4BCE220BF}.Debug|iPhone.Build.0 = Debug|Any CPU
		{54D017B5-3525-40AA-8DE1-A4D4BCE220BF}.Debug|iPhoneSimulator.ActiveCfg = Debug|Any CPU
		{54D017B5-3525-40AA-8DE1-A4D4BCE220BF}.Debug|iPhoneSimulator.Build.0 = Debug|Any CPU
		{54D017B5-3525-40AA-8DE1-A4D4BCE220BF}.Debug|Mixed Platforms.ActiveCfg = Debug|Any CPU
		{54D017B5-3525-40AA-8DE1-A4D4BCE220BF}.Debug|Mixed Platforms.Build.0 = Debug|Any CPU
		{54D017B5-3525-40AA-8DE1-A4D4BCE220BF}.Debug|x86.ActiveCfg = Debug|Any CPU
		{54D017B5-3525-40AA-8DE1-A4D4BCE220BF}.Release|Any CPU.ActiveCfg = Release|Any CPU
		{54D017B5-3525-40AA-8DE1-A4D4BCE220BF}.Release|Any CPU.Build.0 = Release|Any CPU
		{54D017B5-3525-40AA-8DE1-A4D4BCE220BF}.Release|ARM.ActiveCfg = Release|Any CPU
		{54D017B5-3525-40AA-8DE1-A4D4BCE220BF}.Release|iPhone.ActiveCfg = Release|Any CPU
		{54D017B5-3525-40AA-8DE1-A4D4BCE220BF}.Release|iPhone.Build.0 = Release|Any CPU
		{54D017B5-3525-40AA-8DE1-A4D4BCE220BF}.Release|iPhoneSimulator.ActiveCfg = Release|Any CPU
		{54D017B5-3525-40AA-8DE1-A4D4BCE220BF}.Release|iPhoneSimulator.Build.0 = Release|Any CPU
		{54D017B5-3525-40AA-8DE1-A4D4BCE220BF}.Release|Mixed Platforms.ActiveCfg = Release|Any CPU
		{54D017B5-3525-40AA-8DE1-A4D4BCE220BF}.Release|Mixed Platforms.Build.0 = Release|Any CPU
		{54D017B5-3525-40AA-8DE1-A4D4BCE220BF}.Release|x86.ActiveCfg = Release|Any CPU
		{511B1B80-F539-4CEC-AB62-3652A9275E7E}.Ad-Hoc|Any CPU.ActiveCfg = Release|iPhone
		{511B1B80-F539-4CEC-AB62-3652A9275E7E}.Ad-Hoc|ARM.ActiveCfg = Release|iPhone
		{511B1B80-F539-4CEC-AB62-3652A9275E7E}.Ad-Hoc|iPhone.ActiveCfg = Debug|iPhone
		{511B1B80-F539-4CEC-AB62-3652A9275E7E}.Ad-Hoc|iPhone.Build.0 = Debug|iPhone
		{511B1B80-F539-4CEC-AB62-3652A9275E7E}.Ad-Hoc|iPhoneSimulator.ActiveCfg = Release|iPhoneSimulator
		{511B1B80-F539-4CEC-AB62-3652A9275E7E}.Ad-Hoc|iPhoneSimulator.Build.0 = Release|iPhoneSimulator
		{511B1B80-F539-4CEC-AB62-3652A9275E7E}.Ad-Hoc|Mixed Platforms.ActiveCfg = Release|iPhone
		{511B1B80-F539-4CEC-AB62-3652A9275E7E}.Ad-Hoc|Mixed Platforms.Build.0 = Release|iPhone
		{511B1B80-F539-4CEC-AB62-3652A9275E7E}.Ad-Hoc|x86.ActiveCfg = Release|iPhone
		{511B1B80-F539-4CEC-AB62-3652A9275E7E}.AppStore|Any CPU.ActiveCfg = Release|iPhone
		{511B1B80-F539-4CEC-AB62-3652A9275E7E}.AppStore|ARM.ActiveCfg = Release|iPhone
		{511B1B80-F539-4CEC-AB62-3652A9275E7E}.AppStore|iPhone.ActiveCfg = Debug|iPhone
		{511B1B80-F539-4CEC-AB62-3652A9275E7E}.AppStore|iPhone.Build.0 = Debug|iPhone
		{511B1B80-F539-4CEC-AB62-3652A9275E7E}.AppStore|iPhoneSimulator.ActiveCfg = Release|iPhoneSimulator
		{511B1B80-F539-4CEC-AB62-3652A9275E7E}.AppStore|iPhoneSimulator.Build.0 = Release|iPhoneSimulator
		{511B1B80-F539-4CEC-AB62-3652A9275E7E}.AppStore|Mixed Platforms.ActiveCfg = Release|iPhone
		{511B1B80-F539-4CEC-AB62-3652A9275E7E}.AppStore|Mixed Platforms.Build.0 = Release|iPhone
		{511B1B80-F539-4CEC-AB62-3652A9275E7E}.AppStore|x86.ActiveCfg = Release|iPhone
		{511B1B80-F539-4CEC-AB62-3652A9275E7E}.Debug|Any CPU.ActiveCfg = Debug|iPhoneSimulator
		{511B1B80-F539-4CEC-AB62-3652A9275E7E}.Debug|Any CPU.Build.0 = Debug|iPhoneSimulator
		{511B1B80-F539-4CEC-AB62-3652A9275E7E}.Debug|ARM.ActiveCfg = Debug|iPhoneSimulator
		{511B1B80-F539-4CEC-AB62-3652A9275E7E}.Debug|iPhone.ActiveCfg = Debug|iPhone
		{511B1B80-F539-4CEC-AB62-3652A9275E7E}.Debug|iPhone.Build.0 = Debug|iPhone
		{511B1B80-F539-4CEC-AB62-3652A9275E7E}.Debug|iPhoneSimulator.ActiveCfg = Debug|iPhoneSimulator
		{511B1B80-F539-4CEC-AB62-3652A9275E7E}.Debug|iPhoneSimulator.Build.0 = Debug|iPhoneSimulator
		{511B1B80-F539-4CEC-AB62-3652A9275E7E}.Debug|Mixed Platforms.ActiveCfg = Debug|iPhoneSimulator
		{511B1B80-F539-4CEC-AB62-3652A9275E7E}.Debug|Mixed Platforms.Build.0 = Debug|iPhoneSimulator
		{511B1B80-F539-4CEC-AB62-3652A9275E7E}.Debug|x86.ActiveCfg = Debug|iPhoneSimulator
		{511B1B80-F539-4CEC-AB62-3652A9275E7E}.Release|Any CPU.ActiveCfg = Release|iPhoneSimulator
		{511B1B80-F539-4CEC-AB62-3652A9275E7E}.Release|Any CPU.Build.0 = Release|iPhoneSimulator
		{511B1B80-F539-4CEC-AB62-3652A9275E7E}.Release|ARM.ActiveCfg = Release|iPhone
		{511B1B80-F539-4CEC-AB62-3652A9275E7E}.Release|iPhone.ActiveCfg = Release|iPhone
		{511B1B80-F539-4CEC-AB62-3652A9275E7E}.Release|iPhone.Build.0 = Release|iPhone
		{511B1B80-F539-4CEC-AB62-3652A9275E7E}.Release|iPhoneSimulator.ActiveCfg = Release|iPhoneSimulator
		{511B1B80-F539-4CEC-AB62-3652A9275E7E}.Release|iPhoneSimulator.Build.0 = Release|iPhoneSimulator
		{511B1B80-F539-4CEC-AB62-3652A9275E7E}.Release|Mixed Platforms.ActiveCfg = Release|iPhone
		{511B1B80-F539-4CEC-AB62-3652A9275E7E}.Release|Mixed Platforms.Build.0 = Release|iPhone
		{511B1B80-F539-4CEC-AB62-3652A9275E7E}.Release|x86.ActiveCfg = Release|iPhone
		{DB8508BB-9849-4CC2-BC0F-8EB5DACB3C47}.Ad-Hoc|Any CPU.ActiveCfg = Ad-Hoc|iPhoneSimulator
		{DB8508BB-9849-4CC2-BC0F-8EB5DACB3C47}.Ad-Hoc|ARM.ActiveCfg = Ad-Hoc|iPhoneSimulator
		{DB8508BB-9849-4CC2-BC0F-8EB5DACB3C47}.Ad-Hoc|iPhone.ActiveCfg = Ad-Hoc|iPhone
		{DB8508BB-9849-4CC2-BC0F-8EB5DACB3C47}.Ad-Hoc|iPhone.Build.0 = Ad-Hoc|iPhone
		{DB8508BB-9849-4CC2-BC0F-8EB5DACB3C47}.Ad-Hoc|iPhoneSimulator.ActiveCfg = Ad-Hoc|iPhoneSimulator
		{DB8508BB-9849-4CC2-BC0F-8EB5DACB3C47}.Ad-Hoc|iPhoneSimulator.Build.0 = Ad-Hoc|iPhoneSimulator
		{DB8508BB-9849-4CC2-BC0F-8EB5DACB3C47}.Ad-Hoc|Mixed Platforms.ActiveCfg = Ad-Hoc|iPhoneSimulator
		{DB8508BB-9849-4CC2-BC0F-8EB5DACB3C47}.Ad-Hoc|Mixed Platforms.Build.0 = Ad-Hoc|iPhoneSimulator
		{DB8508BB-9849-4CC2-BC0F-8EB5DACB3C47}.Ad-Hoc|x86.ActiveCfg = Ad-Hoc|iPhoneSimulator
		{DB8508BB-9849-4CC2-BC0F-8EB5DACB3C47}.AppStore|Any CPU.ActiveCfg = AppStore|iPhoneSimulator
		{DB8508BB-9849-4CC2-BC0F-8EB5DACB3C47}.AppStore|ARM.ActiveCfg = AppStore|iPhoneSimulator
		{DB8508BB-9849-4CC2-BC0F-8EB5DACB3C47}.AppStore|iPhone.ActiveCfg = AppStore|iPhone
		{DB8508BB-9849-4CC2-BC0F-8EB5DACB3C47}.AppStore|iPhone.Build.0 = AppStore|iPhone
		{DB8508BB-9849-4CC2-BC0F-8EB5DACB3C47}.AppStore|iPhoneSimulator.ActiveCfg = AppStore|iPhoneSimulator
		{DB8508BB-9849-4CC2-BC0F-8EB5DACB3C47}.AppStore|iPhoneSimulator.Build.0 = AppStore|iPhoneSimulator
		{DB8508BB-9849-4CC2-BC0F-8EB5DACB3C47}.AppStore|Mixed Platforms.ActiveCfg = AppStore|iPhoneSimulator
		{DB8508BB-9849-4CC2-BC0F-8EB5DACB3C47}.AppStore|Mixed Platforms.Build.0 = AppStore|iPhoneSimulator
		{DB8508BB-9849-4CC2-BC0F-8EB5DACB3C47}.AppStore|x86.ActiveCfg = AppStore|iPhoneSimulator
		{DB8508BB-9849-4CC2-BC0F-8EB5DACB3C47}.Debug|Any CPU.ActiveCfg = Debug|iPhone
		{DB8508BB-9849-4CC2-BC0F-8EB5DACB3C47}.Debug|Any CPU.Build.0 = Debug|iPhone
		{DB8508BB-9849-4CC2-BC0F-8EB5DACB3C47}.Debug|ARM.ActiveCfg = Debug|iPhoneSimulator
		{DB8508BB-9849-4CC2-BC0F-8EB5DACB3C47}.Debug|iPhone.ActiveCfg = Debug|iPhone
		{DB8508BB-9849-4CC2-BC0F-8EB5DACB3C47}.Debug|iPhone.Build.0 = Debug|iPhone
		{DB8508BB-9849-4CC2-BC0F-8EB5DACB3C47}.Debug|iPhoneSimulator.ActiveCfg = Debug|iPhoneSimulator
		{DB8508BB-9849-4CC2-BC0F-8EB5DACB3C47}.Debug|iPhoneSimulator.Build.0 = Debug|iPhoneSimulator
		{DB8508BB-9849-4CC2-BC0F-8EB5DACB3C47}.Debug|Mixed Platforms.ActiveCfg = Debug|iPhoneSimulator
		{DB8508BB-9849-4CC2-BC0F-8EB5DACB3C47}.Debug|Mixed Platforms.Build.0 = Debug|iPhoneSimulator
		{DB8508BB-9849-4CC2-BC0F-8EB5DACB3C47}.Debug|x86.ActiveCfg = Debug|iPhoneSimulator
		{DB8508BB-9849-4CC2-BC0F-8EB5DACB3C47}.Release|Any CPU.ActiveCfg = Release|iPhone
		{DB8508BB-9849-4CC2-BC0F-8EB5DACB3C47}.Release|Any CPU.Build.0 = Release|iPhone
		{DB8508BB-9849-4CC2-BC0F-8EB5DACB3C47}.Release|ARM.ActiveCfg = Release|iPhoneSimulator
		{DB8508BB-9849-4CC2-BC0F-8EB5DACB3C47}.Release|iPhone.ActiveCfg = Release|iPhone
		{DB8508BB-9849-4CC2-BC0F-8EB5DACB3C47}.Release|iPhone.Build.0 = Release|iPhone
		{DB8508BB-9849-4CC2-BC0F-8EB5DACB3C47}.Release|iPhoneSimulator.ActiveCfg = Release|iPhoneSimulator
		{DB8508BB-9849-4CC2-BC0F-8EB5DACB3C47}.Release|iPhoneSimulator.Build.0 = Release|iPhoneSimulator
		{DB8508BB-9849-4CC2-BC0F-8EB5DACB3C47}.Release|Mixed Platforms.ActiveCfg = Release|iPhoneSimulator
		{DB8508BB-9849-4CC2-BC0F-8EB5DACB3C47}.Release|Mixed Platforms.Build.0 = Release|iPhoneSimulator
		{DB8508BB-9849-4CC2-BC0F-8EB5DACB3C47}.Release|x86.ActiveCfg = Release|iPhoneSimulator
		{D4838656-8545-4DC5-8822-D4AD313E17AC}.Ad-Hoc|Any CPU.ActiveCfg = Ad-Hoc|iPhoneSimulator
		{D4838656-8545-4DC5-8822-D4AD313E17AC}.Ad-Hoc|ARM.ActiveCfg = Ad-Hoc|iPhoneSimulator
		{D4838656-8545-4DC5-8822-D4AD313E17AC}.Ad-Hoc|iPhone.ActiveCfg = Ad-Hoc|iPhone
		{D4838656-8545-4DC5-8822-D4AD313E17AC}.Ad-Hoc|iPhone.Build.0 = Ad-Hoc|iPhone
		{D4838656-8545-4DC5-8822-D4AD313E17AC}.Ad-Hoc|iPhoneSimulator.ActiveCfg = Ad-Hoc|iPhoneSimulator
		{D4838656-8545-4DC5-8822-D4AD313E17AC}.Ad-Hoc|iPhoneSimulator.Build.0 = Ad-Hoc|iPhoneSimulator
		{D4838656-8545-4DC5-8822-D4AD313E17AC}.Ad-Hoc|Mixed Platforms.ActiveCfg = Ad-Hoc|iPhoneSimulator
		{D4838656-8545-4DC5-8822-D4AD313E17AC}.Ad-Hoc|Mixed Platforms.Build.0 = Ad-Hoc|iPhoneSimulator
		{D4838656-8545-4DC5-8822-D4AD313E17AC}.Ad-Hoc|x86.ActiveCfg = Ad-Hoc|iPhoneSimulator
		{D4838656-8545-4DC5-8822-D4AD313E17AC}.AppStore|Any CPU.ActiveCfg = AppStore|iPhoneSimulator
		{D4838656-8545-4DC5-8822-D4AD313E17AC}.AppStore|ARM.ActiveCfg = AppStore|iPhoneSimulator
		{D4838656-8545-4DC5-8822-D4AD313E17AC}.AppStore|iPhone.ActiveCfg = AppStore|iPhone
		{D4838656-8545-4DC5-8822-D4AD313E17AC}.AppStore|iPhone.Build.0 = AppStore|iPhone
		{D4838656-8545-4DC5-8822-D4AD313E17AC}.AppStore|iPhoneSimulator.ActiveCfg = AppStore|iPhoneSimulator
		{D4838656-8545-4DC5-8822-D4AD313E17AC}.AppStore|iPhoneSimulator.Build.0 = AppStore|iPhoneSimulator
		{D4838656-8545-4DC5-8822-D4AD313E17AC}.AppStore|Mixed Platforms.ActiveCfg = AppStore|iPhoneSimulator
		{D4838656-8545-4DC5-8822-D4AD313E17AC}.AppStore|Mixed Platforms.Build.0 = AppStore|iPhoneSimulator
		{D4838656-8545-4DC5-8822-D4AD313E17AC}.AppStore|x86.ActiveCfg = AppStore|iPhoneSimulator
		{D4838656-8545-4DC5-8822-D4AD313E17AC}.Debug|Any CPU.ActiveCfg = Debug|iPhone
		{D4838656-8545-4DC5-8822-D4AD313E17AC}.Debug|Any CPU.Build.0 = Debug|iPhone
		{D4838656-8545-4DC5-8822-D4AD313E17AC}.Debug|ARM.ActiveCfg = Debug|iPhoneSimulator
		{D4838656-8545-4DC5-8822-D4AD313E17AC}.Debug|iPhone.ActiveCfg = Debug|iPhone
		{D4838656-8545-4DC5-8822-D4AD313E17AC}.Debug|iPhone.Build.0 = Debug|iPhone
		{D4838656-8545-4DC5-8822-D4AD313E17AC}.Debug|iPhoneSimulator.ActiveCfg = Debug|iPhoneSimulator
		{D4838656-8545-4DC5-8822-D4AD313E17AC}.Debug|iPhoneSimulator.Build.0 = Debug|iPhoneSimulator
		{D4838656-8545-4DC5-8822-D4AD313E17AC}.Debug|Mixed Platforms.ActiveCfg = Debug|iPhoneSimulator
		{D4838656-8545-4DC5-8822-D4AD313E17AC}.Debug|Mixed Platforms.Build.0 = Debug|iPhoneSimulator
		{D4838656-8545-4DC5-8822-D4AD313E17AC}.Debug|x86.ActiveCfg = Debug|iPhoneSimulator
		{D4838656-8545-4DC5-8822-D4AD313E17AC}.Release|Any CPU.ActiveCfg = Release|iPhone
		{D4838656-8545-4DC5-8822-D4AD313E17AC}.Release|Any CPU.Build.0 = Release|iPhone
		{D4838656-8545-4DC5-8822-D4AD313E17AC}.Release|ARM.ActiveCfg = Release|iPhoneSimulator
		{D4838656-8545-4DC5-8822-D4AD313E17AC}.Release|iPhone.ActiveCfg = Release|iPhone
		{D4838656-8545-4DC5-8822-D4AD313E17AC}.Release|iPhone.Build.0 = Release|iPhone
		{D4838656-8545-4DC5-8822-D4AD313E17AC}.Release|iPhoneSimulator.ActiveCfg = Release|iPhoneSimulator
		{D4838656-8545-4DC5-8822-D4AD313E17AC}.Release|iPhoneSimulator.Build.0 = Release|iPhoneSimulator
		{D4838656-8545-4DC5-8822-D4AD313E17AC}.Release|Mixed Platforms.ActiveCfg = Release|iPhoneSimulator
		{D4838656-8545-4DC5-8822-D4AD313E17AC}.Release|Mixed Platforms.Build.0 = Release|iPhoneSimulator
		{D4838656-8545-4DC5-8822-D4AD313E17AC}.Release|x86.ActiveCfg = Release|iPhoneSimulator
		{734EAA48-F1CA-481A-B391-0285BC0E8B40}.Ad-Hoc|Any CPU.ActiveCfg = Ad-Hoc|iPhoneSimulator
		{734EAA48-F1CA-481A-B391-0285BC0E8B40}.Ad-Hoc|ARM.ActiveCfg = Ad-Hoc|iPhoneSimulator
		{734EAA48-F1CA-481A-B391-0285BC0E8B40}.Ad-Hoc|iPhone.ActiveCfg = Ad-Hoc|iPhone
		{734EAA48-F1CA-481A-B391-0285BC0E8B40}.Ad-Hoc|iPhone.Build.0 = Ad-Hoc|iPhone
		{734EAA48-F1CA-481A-B391-0285BC0E8B40}.Ad-Hoc|iPhoneSimulator.ActiveCfg = Ad-Hoc|iPhoneSimulator
		{734EAA48-F1CA-481A-B391-0285BC0E8B40}.Ad-Hoc|iPhoneSimulator.Build.0 = Ad-Hoc|iPhoneSimulator
		{734EAA48-F1CA-481A-B391-0285BC0E8B40}.Ad-Hoc|Mixed Platforms.ActiveCfg = Ad-Hoc|iPhoneSimulator
		{734EAA48-F1CA-481A-B391-0285BC0E8B40}.Ad-Hoc|Mixed Platforms.Build.0 = Ad-Hoc|iPhoneSimulator
		{734EAA48-F1CA-481A-B391-0285BC0E8B40}.Ad-Hoc|x86.ActiveCfg = Ad-Hoc|iPhoneSimulator
		{734EAA48-F1CA-481A-B391-0285BC0E8B40}.AppStore|Any CPU.ActiveCfg = AppStore|iPhoneSimulator
		{734EAA48-F1CA-481A-B391-0285BC0E8B40}.AppStore|ARM.ActiveCfg = AppStore|iPhoneSimulator
		{734EAA48-F1CA-481A-B391-0285BC0E8B40}.AppStore|iPhone.ActiveCfg = AppStore|iPhone
		{734EAA48-F1CA-481A-B391-0285BC0E8B40}.AppStore|iPhone.Build.0 = AppStore|iPhone
		{734EAA48-F1CA-481A-B391-0285BC0E8B40}.AppStore|iPhoneSimulator.ActiveCfg = AppStore|iPhoneSimulator
		{734EAA48-F1CA-481A-B391-0285BC0E8B40}.AppStore|iPhoneSimulator.Build.0 = AppStore|iPhoneSimulator
		{734EAA48-F1CA-481A-B391-0285BC0E8B40}.AppStore|Mixed Platforms.ActiveCfg = AppStore|iPhoneSimulator
		{734EAA48-F1CA-481A-B391-0285BC0E8B40}.AppStore|Mixed Platforms.Build.0 = AppStore|iPhoneSimulator
		{734EAA48-F1CA-481A-B391-0285BC0E8B40}.AppStore|x86.ActiveCfg = AppStore|iPhoneSimulator
		{734EAA48-F1CA-481A-B391-0285BC0E8B40}.Debug|Any CPU.ActiveCfg = Debug|iPhone
		{734EAA48-F1CA-481A-B391-0285BC0E8B40}.Debug|Any CPU.Build.0 = Debug|iPhone
		{734EAA48-F1CA-481A-B391-0285BC0E8B40}.Debug|ARM.ActiveCfg = Debug|iPhoneSimulator
		{734EAA48-F1CA-481A-B391-0285BC0E8B40}.Debug|iPhone.ActiveCfg = Debug|iPhone
		{734EAA48-F1CA-481A-B391-0285BC0E8B40}.Debug|iPhone.Build.0 = Debug|iPhone
		{734EAA48-F1CA-481A-B391-0285BC0E8B40}.Debug|iPhoneSimulator.ActiveCfg = Debug|iPhoneSimulator
		{734EAA48-F1CA-481A-B391-0285BC0E8B40}.Debug|iPhoneSimulator.Build.0 = Debug|iPhoneSimulator
		{734EAA48-F1CA-481A-B391-0285BC0E8B40}.Debug|Mixed Platforms.ActiveCfg = Debug|iPhoneSimulator
		{734EAA48-F1CA-481A-B391-0285BC0E8B40}.Debug|Mixed Platforms.Build.0 = Debug|iPhoneSimulator
		{734EAA48-F1CA-481A-B391-0285BC0E8B40}.Debug|x86.ActiveCfg = Debug|iPhoneSimulator
		{734EAA48-F1CA-481A-B391-0285BC0E8B40}.Release|Any CPU.ActiveCfg = Release|iPhone
		{734EAA48-F1CA-481A-B391-0285BC0E8B40}.Release|Any CPU.Build.0 = Release|iPhone
		{734EAA48-F1CA-481A-B391-0285BC0E8B40}.Release|ARM.ActiveCfg = Release|iPhoneSimulator
		{734EAA48-F1CA-481A-B391-0285BC0E8B40}.Release|iPhone.ActiveCfg = Release|iPhone
		{734EAA48-F1CA-481A-B391-0285BC0E8B40}.Release|iPhone.Build.0 = Release|iPhone
		{734EAA48-F1CA-481A-B391-0285BC0E8B40}.Release|iPhoneSimulator.ActiveCfg = Release|iPhoneSimulator
		{734EAA48-F1CA-481A-B391-0285BC0E8B40}.Release|iPhoneSimulator.Build.0 = Release|iPhoneSimulator
		{734EAA48-F1CA-481A-B391-0285BC0E8B40}.Release|Mixed Platforms.ActiveCfg = Release|iPhoneSimulator
		{734EAA48-F1CA-481A-B391-0285BC0E8B40}.Release|Mixed Platforms.Build.0 = Release|iPhoneSimulator
		{734EAA48-F1CA-481A-B391-0285BC0E8B40}.Release|x86.ActiveCfg = Release|iPhoneSimulator
		{7877D4F9-F781-465A-9C1F-D113F246A994}.Ad-Hoc|Any CPU.ActiveCfg = Ad-Hoc|iPhoneSimulator
		{7877D4F9-F781-465A-9C1F-D113F246A994}.Ad-Hoc|ARM.ActiveCfg = Ad-Hoc|iPhoneSimulator
		{7877D4F9-F781-465A-9C1F-D113F246A994}.Ad-Hoc|iPhone.ActiveCfg = Ad-Hoc|iPhone
		{7877D4F9-F781-465A-9C1F-D113F246A994}.Ad-Hoc|iPhone.Build.0 = Ad-Hoc|iPhone
		{7877D4F9-F781-465A-9C1F-D113F246A994}.Ad-Hoc|iPhoneSimulator.ActiveCfg = Ad-Hoc|iPhoneSimulator
		{7877D4F9-F781-465A-9C1F-D113F246A994}.Ad-Hoc|iPhoneSimulator.Build.0 = Ad-Hoc|iPhoneSimulator
		{7877D4F9-F781-465A-9C1F-D113F246A994}.Ad-Hoc|Mixed Platforms.ActiveCfg = Ad-Hoc|iPhoneSimulator
		{7877D4F9-F781-465A-9C1F-D113F246A994}.Ad-Hoc|Mixed Platforms.Build.0 = Ad-Hoc|iPhoneSimulator
		{7877D4F9-F781-465A-9C1F-D113F246A994}.Ad-Hoc|x86.ActiveCfg = Ad-Hoc|iPhoneSimulator
		{7877D4F9-F781-465A-9C1F-D113F246A994}.AppStore|Any CPU.ActiveCfg = AppStore|iPhoneSimulator
		{7877D4F9-F781-465A-9C1F-D113F246A994}.AppStore|ARM.ActiveCfg = AppStore|iPhoneSimulator
		{7877D4F9-F781-465A-9C1F-D113F246A994}.AppStore|iPhone.ActiveCfg = AppStore|iPhone
		{7877D4F9-F781-465A-9C1F-D113F246A994}.AppStore|iPhone.Build.0 = AppStore|iPhone
		{7877D4F9-F781-465A-9C1F-D113F246A994}.AppStore|iPhoneSimulator.ActiveCfg = AppStore|iPhoneSimulator
		{7877D4F9-F781-465A-9C1F-D113F246A994}.AppStore|iPhoneSimulator.Build.0 = AppStore|iPhoneSimulator
		{7877D4F9-F781-465A-9C1F-D113F246A994}.AppStore|Mixed Platforms.ActiveCfg = AppStore|iPhoneSimulator
		{7877D4F9-F781-465A-9C1F-D113F246A994}.AppStore|Mixed Platforms.Build.0 = AppStore|iPhoneSimulator
		{7877D4F9-F781-465A-9C1F-D113F246A994}.AppStore|x86.ActiveCfg = AppStore|iPhoneSimulator
		{7877D4F9-F781-465A-9C1F-D113F246A994}.Debug|Any CPU.ActiveCfg = Debug|iPhoneSimulator
		{7877D4F9-F781-465A-9C1F-D113F246A994}.Debug|Any CPU.Build.0 = Debug|iPhoneSimulator
		{7877D4F9-F781-465A-9C1F-D113F246A994}.Debug|ARM.ActiveCfg = Debug|iPhone
		{7877D4F9-F781-465A-9C1F-D113F246A994}.Debug|iPhone.ActiveCfg = Debug|iPhone
		{7877D4F9-F781-465A-9C1F-D113F246A994}.Debug|iPhone.Build.0 = Debug|iPhone
		{7877D4F9-F781-465A-9C1F-D113F246A994}.Debug|iPhoneSimulator.ActiveCfg = Debug|iPhoneSimulator
		{7877D4F9-F781-465A-9C1F-D113F246A994}.Debug|iPhoneSimulator.Build.0 = Debug|iPhoneSimulator
		{7877D4F9-F781-465A-9C1F-D113F246A994}.Debug|Mixed Platforms.ActiveCfg = Debug|iPhone
		{7877D4F9-F781-465A-9C1F-D113F246A994}.Debug|Mixed Platforms.Build.0 = Debug|iPhone
		{7877D4F9-F781-465A-9C1F-D113F246A994}.Debug|x86.ActiveCfg = Debug|iPhone
		{7877D4F9-F781-465A-9C1F-D113F246A994}.Release|Any CPU.ActiveCfg = Release|iPhoneSimulator
		{7877D4F9-F781-465A-9C1F-D113F246A994}.Release|Any CPU.Build.0 = Release|iPhoneSimulator
		{7877D4F9-F781-465A-9C1F-D113F246A994}.Release|ARM.ActiveCfg = Release|iPhone
		{7877D4F9-F781-465A-9C1F-D113F246A994}.Release|iPhone.ActiveCfg = Release|iPhone
		{7877D4F9-F781-465A-9C1F-D113F246A994}.Release|iPhone.Build.0 = Release|iPhone
		{7877D4F9-F781-465A-9C1F-D113F246A994}.Release|iPhoneSimulator.ActiveCfg = Release|iPhoneSimulator
		{7877D4F9-F781-465A-9C1F-D113F246A994}.Release|iPhoneSimulator.Build.0 = Release|iPhoneSimulator
		{7877D4F9-F781-465A-9C1F-D113F246A994}.Release|Mixed Platforms.ActiveCfg = Release|iPhone
		{7877D4F9-F781-465A-9C1F-D113F246A994}.Release|Mixed Platforms.Build.0 = Release|iPhone
		{7877D4F9-F781-465A-9C1F-D113F246A994}.Release|x86.ActiveCfg = Release|iPhone
		{64725C5B-A1BC-4974-8538-A1158BABF572}.Ad-Hoc|Any CPU.ActiveCfg = Release|Any CPU
		{64725C5B-A1BC-4974-8538-A1158BABF572}.Ad-Hoc|Any CPU.Build.0 = Release|Any CPU
		{64725C5B-A1BC-4974-8538-A1158BABF572}.Ad-Hoc|ARM.ActiveCfg = Release|Any CPU
		{64725C5B-A1BC-4974-8538-A1158BABF572}.Ad-Hoc|iPhone.ActiveCfg = Debug|Any CPU
		{64725C5B-A1BC-4974-8538-A1158BABF572}.Ad-Hoc|iPhone.Build.0 = Debug|Any CPU
		{64725C5B-A1BC-4974-8538-A1158BABF572}.Ad-Hoc|iPhoneSimulator.ActiveCfg = Release|Any CPU
		{64725C5B-A1BC-4974-8538-A1158BABF572}.Ad-Hoc|Mixed Platforms.ActiveCfg = Release|Any CPU
		{64725C5B-A1BC-4974-8538-A1158BABF572}.Ad-Hoc|Mixed Platforms.Build.0 = Release|Any CPU
		{64725C5B-A1BC-4974-8538-A1158BABF572}.Ad-Hoc|x86.ActiveCfg = Release|Any CPU
		{64725C5B-A1BC-4974-8538-A1158BABF572}.AppStore|Any CPU.ActiveCfg = Release|Any CPU
		{64725C5B-A1BC-4974-8538-A1158BABF572}.AppStore|Any CPU.Build.0 = Release|Any CPU
		{64725C5B-A1BC-4974-8538-A1158BABF572}.AppStore|ARM.ActiveCfg = Release|Any CPU
		{64725C5B-A1BC-4974-8538-A1158BABF572}.AppStore|iPhone.ActiveCfg = Debug|Any CPU
		{64725C5B-A1BC-4974-8538-A1158BABF572}.AppStore|iPhone.Build.0 = Debug|Any CPU
		{64725C5B-A1BC-4974-8538-A1158BABF572}.AppStore|iPhoneSimulator.ActiveCfg = Release|Any CPU
		{64725C5B-A1BC-4974-8538-A1158BABF572}.AppStore|Mixed Platforms.ActiveCfg = Release|Any CPU
		{64725C5B-A1BC-4974-8538-A1158BABF572}.AppStore|Mixed Platforms.Build.0 = Release|Any CPU
		{64725C5B-A1BC-4974-8538-A1158BABF572}.AppStore|x86.ActiveCfg = Release|Any CPU
		{64725C5B-A1BC-4974-8538-A1158BABF572}.Debug|Any CPU.ActiveCfg = Debug|Any CPU
		{64725C5B-A1BC-4974-8538-A1158BABF572}.Debug|Any CPU.Build.0 = Debug|Any CPU
		{64725C5B-A1BC-4974-8538-A1158BABF572}.Debug|ARM.ActiveCfg = Debug|Any CPU
		{64725C5B-A1BC-4974-8538-A1158BABF572}.Debug|iPhone.ActiveCfg = Debug|Any CPU
		{64725C5B-A1BC-4974-8538-A1158BABF572}.Debug|iPhone.Build.0 = Debug|Any CPU
		{64725C5B-A1BC-4974-8538-A1158BABF572}.Debug|iPhoneSimulator.ActiveCfg = Debug|Any CPU
		{64725C5B-A1BC-4974-8538-A1158BABF572}.Debug|iPhoneSimulator.Build.0 = Debug|Any CPU
		{64725C5B-A1BC-4974-8538-A1158BABF572}.Debug|Mixed Platforms.ActiveCfg = Debug|Any CPU
		{64725C5B-A1BC-4974-8538-A1158BABF572}.Debug|Mixed Platforms.Build.0 = Debug|Any CPU
		{64725C5B-A1BC-4974-8538-A1158BABF572}.Debug|x86.ActiveCfg = Debug|Any CPU
		{64725C5B-A1BC-4974-8538-A1158BABF572}.Release|Any CPU.ActiveCfg = Release|Any CPU
		{64725C5B-A1BC-4974-8538-A1158BABF572}.Release|Any CPU.Build.0 = Release|Any CPU
		{64725C5B-A1BC-4974-8538-A1158BABF572}.Release|ARM.ActiveCfg = Release|Any CPU
		{64725C5B-A1BC-4974-8538-A1158BABF572}.Release|iPhone.ActiveCfg = Release|Any CPU
		{64725C5B-A1BC-4974-8538-A1158BABF572}.Release|iPhone.Build.0 = Release|Any CPU
		{64725C5B-A1BC-4974-8538-A1158BABF572}.Release|iPhoneSimulator.ActiveCfg = Release|Any CPU
		{64725C5B-A1BC-4974-8538-A1158BABF572}.Release|iPhoneSimulator.Build.0 = Release|Any CPU
		{64725C5B-A1BC-4974-8538-A1158BABF572}.Release|Mixed Platforms.ActiveCfg = Release|Any CPU
		{64725C5B-A1BC-4974-8538-A1158BABF572}.Release|Mixed Platforms.Build.0 = Release|Any CPU
		{64725C5B-A1BC-4974-8538-A1158BABF572}.Release|x86.ActiveCfg = Release|Any CPU
		{BA9476CF-99BA-4D03-92F2-73D2C5E58883}.Ad-Hoc|Any CPU.ActiveCfg = Release|Any CPU
		{BA9476CF-99BA-4D03-92F2-73D2C5E58883}.Ad-Hoc|Any CPU.Build.0 = Release|Any CPU
		{BA9476CF-99BA-4D03-92F2-73D2C5E58883}.Ad-Hoc|ARM.ActiveCfg = Release|Any CPU
		{BA9476CF-99BA-4D03-92F2-73D2C5E58883}.Ad-Hoc|iPhone.ActiveCfg = Debug|Any CPU
		{BA9476CF-99BA-4D03-92F2-73D2C5E58883}.Ad-Hoc|iPhone.Build.0 = Debug|Any CPU
		{BA9476CF-99BA-4D03-92F2-73D2C5E58883}.Ad-Hoc|iPhoneSimulator.ActiveCfg = Release|Any CPU
		{BA9476CF-99BA-4D03-92F2-73D2C5E58883}.Ad-Hoc|Mixed Platforms.ActiveCfg = Release|Any CPU
		{BA9476CF-99BA-4D03-92F2-73D2C5E58883}.Ad-Hoc|Mixed Platforms.Build.0 = Release|Any CPU
		{BA9476CF-99BA-4D03-92F2-73D2C5E58883}.Ad-Hoc|x86.ActiveCfg = Release|Any CPU
		{BA9476CF-99BA-4D03-92F2-73D2C5E58883}.AppStore|Any CPU.ActiveCfg = Release|Any CPU
		{BA9476CF-99BA-4D03-92F2-73D2C5E58883}.AppStore|Any CPU.Build.0 = Release|Any CPU
		{BA9476CF-99BA-4D03-92F2-73D2C5E58883}.AppStore|ARM.ActiveCfg = Release|Any CPU
		{BA9476CF-99BA-4D03-92F2-73D2C5E58883}.AppStore|iPhone.ActiveCfg = Debug|Any CPU
		{BA9476CF-99BA-4D03-92F2-73D2C5E58883}.AppStore|iPhone.Build.0 = Debug|Any CPU
		{BA9476CF-99BA-4D03-92F2-73D2C5E58883}.AppStore|iPhoneSimulator.ActiveCfg = Release|Any CPU
		{BA9476CF-99BA-4D03-92F2-73D2C5E58883}.AppStore|Mixed Platforms.ActiveCfg = Release|Any CPU
		{BA9476CF-99BA-4D03-92F2-73D2C5E58883}.AppStore|Mixed Platforms.Build.0 = Release|Any CPU
		{BA9476CF-99BA-4D03-92F2-73D2C5E58883}.AppStore|x86.ActiveCfg = Release|Any CPU
		{BA9476CF-99BA-4D03-92F2-73D2C5E58883}.Debug|Any CPU.ActiveCfg = Debug|Any CPU
		{BA9476CF-99BA-4D03-92F2-73D2C5E58883}.Debug|Any CPU.Build.0 = Debug|Any CPU
		{BA9476CF-99BA-4D03-92F2-73D2C5E58883}.Debug|ARM.ActiveCfg = Debug|Any CPU
		{BA9476CF-99BA-4D03-92F2-73D2C5E58883}.Debug|iPhone.ActiveCfg = Debug|Any CPU
		{BA9476CF-99BA-4D03-92F2-73D2C5E58883}.Debug|iPhone.Build.0 = Debug|Any CPU
		{BA9476CF-99BA-4D03-92F2-73D2C5E58883}.Debug|iPhoneSimulator.ActiveCfg = Debug|Any CPU
		{BA9476CF-99BA-4D03-92F2-73D2C5E58883}.Debug|iPhoneSimulator.Build.0 = Debug|Any CPU
		{BA9476CF-99BA-4D03-92F2-73D2C5E58883}.Debug|Mixed Platforms.ActiveCfg = Debug|Any CPU
		{BA9476CF-99BA-4D03-92F2-73D2C5E58883}.Debug|Mixed Platforms.Build.0 = Debug|Any CPU
		{BA9476CF-99BA-4D03-92F2-73D2C5E58883}.Debug|x86.ActiveCfg = Debug|Any CPU
		{BA9476CF-99BA-4D03-92F2-73D2C5E58883}.Release|Any CPU.ActiveCfg = Release|Any CPU
		{BA9476CF-99BA-4D03-92F2-73D2C5E58883}.Release|Any CPU.Build.0 = Release|Any CPU
		{BA9476CF-99BA-4D03-92F2-73D2C5E58883}.Release|ARM.ActiveCfg = Release|Any CPU
		{BA9476CF-99BA-4D03-92F2-73D2C5E58883}.Release|iPhone.ActiveCfg = Release|Any CPU
		{BA9476CF-99BA-4D03-92F2-73D2C5E58883}.Release|iPhone.Build.0 = Release|Any CPU
		{BA9476CF-99BA-4D03-92F2-73D2C5E58883}.Release|iPhoneSimulator.ActiveCfg = Release|Any CPU
		{BA9476CF-99BA-4D03-92F2-73D2C5E58883}.Release|iPhoneSimulator.Build.0 = Release|Any CPU
		{BA9476CF-99BA-4D03-92F2-73D2C5E58883}.Release|Mixed Platforms.ActiveCfg = Release|Any CPU
		{BA9476CF-99BA-4D03-92F2-73D2C5E58883}.Release|Mixed Platforms.Build.0 = Release|Any CPU
		{BA9476CF-99BA-4D03-92F2-73D2C5E58883}.Release|x86.ActiveCfg = Release|Any CPU
		{713EE5CA-C850-42AD-AC67-B6546AC8BFFB}.Ad-Hoc|Any CPU.ActiveCfg = Release|Any CPU
		{713EE5CA-C850-42AD-AC67-B6546AC8BFFB}.Ad-Hoc|Any CPU.Build.0 = Release|Any CPU
		{713EE5CA-C850-42AD-AC67-B6546AC8BFFB}.Ad-Hoc|ARM.ActiveCfg = Release|Any CPU
		{713EE5CA-C850-42AD-AC67-B6546AC8BFFB}.Ad-Hoc|iPhone.ActiveCfg = Debug|Any CPU
		{713EE5CA-C850-42AD-AC67-B6546AC8BFFB}.Ad-Hoc|iPhone.Build.0 = Debug|Any CPU
		{713EE5CA-C850-42AD-AC67-B6546AC8BFFB}.Ad-Hoc|iPhoneSimulator.ActiveCfg = Release|Any CPU
		{713EE5CA-C850-42AD-AC67-B6546AC8BFFB}.Ad-Hoc|Mixed Platforms.ActiveCfg = Release|Any CPU
		{713EE5CA-C850-42AD-AC67-B6546AC8BFFB}.Ad-Hoc|Mixed Platforms.Build.0 = Release|Any CPU
		{713EE5CA-C850-42AD-AC67-B6546AC8BFFB}.Ad-Hoc|x86.ActiveCfg = Release|Any CPU
		{713EE5CA-C850-42AD-AC67-B6546AC8BFFB}.AppStore|Any CPU.ActiveCfg = Release|Any CPU
		{713EE5CA-C850-42AD-AC67-B6546AC8BFFB}.AppStore|Any CPU.Build.0 = Release|Any CPU
		{713EE5CA-C850-42AD-AC67-B6546AC8BFFB}.AppStore|ARM.ActiveCfg = Release|Any CPU
		{713EE5CA-C850-42AD-AC67-B6546AC8BFFB}.AppStore|iPhone.ActiveCfg = Debug|Any CPU
		{713EE5CA-C850-42AD-AC67-B6546AC8BFFB}.AppStore|iPhone.Build.0 = Debug|Any CPU
		{713EE5CA-C850-42AD-AC67-B6546AC8BFFB}.AppStore|iPhoneSimulator.ActiveCfg = Release|Any CPU
		{713EE5CA-C850-42AD-AC67-B6546AC8BFFB}.AppStore|Mixed Platforms.ActiveCfg = Release|Any CPU
		{713EE5CA-C850-42AD-AC67-B6546AC8BFFB}.AppStore|Mixed Platforms.Build.0 = Release|Any CPU
		{713EE5CA-C850-42AD-AC67-B6546AC8BFFB}.AppStore|x86.ActiveCfg = Release|Any CPU
		{713EE5CA-C850-42AD-AC67-B6546AC8BFFB}.Debug|Any CPU.ActiveCfg = Debug|Any CPU
		{713EE5CA-C850-42AD-AC67-B6546AC8BFFB}.Debug|Any CPU.Build.0 = Debug|Any CPU
		{713EE5CA-C850-42AD-AC67-B6546AC8BFFB}.Debug|ARM.ActiveCfg = Debug|Any CPU
		{713EE5CA-C850-42AD-AC67-B6546AC8BFFB}.Debug|iPhone.ActiveCfg = Debug|Any CPU
		{713EE5CA-C850-42AD-AC67-B6546AC8BFFB}.Debug|iPhone.Build.0 = Debug|Any CPU
		{713EE5CA-C850-42AD-AC67-B6546AC8BFFB}.Debug|iPhoneSimulator.ActiveCfg = Debug|Any CPU
		{713EE5CA-C850-42AD-AC67-B6546AC8BFFB}.Debug|iPhoneSimulator.Build.0 = Debug|Any CPU
		{713EE5CA-C850-42AD-AC67-B6546AC8BFFB}.Debug|Mixed Platforms.ActiveCfg = Debug|Any CPU
		{713EE5CA-C850-42AD-AC67-B6546AC8BFFB}.Debug|Mixed Platforms.Build.0 = Debug|Any CPU
		{713EE5CA-C850-42AD-AC67-B6546AC8BFFB}.Debug|x86.ActiveCfg = Debug|Any CPU
		{713EE5CA-C850-42AD-AC67-B6546AC8BFFB}.Release|Any CPU.ActiveCfg = Release|Any CPU
		{713EE5CA-C850-42AD-AC67-B6546AC8BFFB}.Release|Any CPU.Build.0 = Release|Any CPU
		{713EE5CA-C850-42AD-AC67-B6546AC8BFFB}.Release|ARM.ActiveCfg = Release|Any CPU
		{713EE5CA-C850-42AD-AC67-B6546AC8BFFB}.Release|iPhone.ActiveCfg = Release|Any CPU
		{713EE5CA-C850-42AD-AC67-B6546AC8BFFB}.Release|iPhone.Build.0 = Release|Any CPU
		{713EE5CA-C850-42AD-AC67-B6546AC8BFFB}.Release|iPhoneSimulator.ActiveCfg = Release|Any CPU
		{713EE5CA-C850-42AD-AC67-B6546AC8BFFB}.Release|iPhoneSimulator.Build.0 = Release|Any CPU
		{713EE5CA-C850-42AD-AC67-B6546AC8BFFB}.Release|Mixed Platforms.ActiveCfg = Release|Any CPU
		{713EE5CA-C850-42AD-AC67-B6546AC8BFFB}.Release|Mixed Platforms.Build.0 = Release|Any CPU
		{713EE5CA-C850-42AD-AC67-B6546AC8BFFB}.Release|x86.ActiveCfg = Release|Any CPU
		{565129E0-4EE5-4F6F-B403-C3484C9740BE}.Ad-Hoc|Any CPU.ActiveCfg = Release|Any CPU
		{565129E0-4EE5-4F6F-B403-C3484C9740BE}.Ad-Hoc|Any CPU.Build.0 = Release|Any CPU
		{565129E0-4EE5-4F6F-B403-C3484C9740BE}.Ad-Hoc|ARM.ActiveCfg = Release|Any CPU
		{565129E0-4EE5-4F6F-B403-C3484C9740BE}.Ad-Hoc|iPhone.ActiveCfg = Debug|Any CPU
		{565129E0-4EE5-4F6F-B403-C3484C9740BE}.Ad-Hoc|iPhone.Build.0 = Debug|Any CPU
		{565129E0-4EE5-4F6F-B403-C3484C9740BE}.Ad-Hoc|iPhoneSimulator.ActiveCfg = Release|Any CPU
		{565129E0-4EE5-4F6F-B403-C3484C9740BE}.Ad-Hoc|Mixed Platforms.ActiveCfg = Release|Any CPU
		{565129E0-4EE5-4F6F-B403-C3484C9740BE}.Ad-Hoc|Mixed Platforms.Build.0 = Release|Any CPU
		{565129E0-4EE5-4F6F-B403-C3484C9740BE}.Ad-Hoc|x86.ActiveCfg = Release|Any CPU
		{565129E0-4EE5-4F6F-B403-C3484C9740BE}.AppStore|Any CPU.ActiveCfg = Release|Any CPU
		{565129E0-4EE5-4F6F-B403-C3484C9740BE}.AppStore|Any CPU.Build.0 = Release|Any CPU
		{565129E0-4EE5-4F6F-B403-C3484C9740BE}.AppStore|ARM.ActiveCfg = Release|Any CPU
		{565129E0-4EE5-4F6F-B403-C3484C9740BE}.AppStore|iPhone.ActiveCfg = Debug|Any CPU
		{565129E0-4EE5-4F6F-B403-C3484C9740BE}.AppStore|iPhone.Build.0 = Debug|Any CPU
		{565129E0-4EE5-4F6F-B403-C3484C9740BE}.AppStore|iPhoneSimulator.ActiveCfg = Release|Any CPU
		{565129E0-4EE5-4F6F-B403-C3484C9740BE}.AppStore|Mixed Platforms.ActiveCfg = Release|Any CPU
		{565129E0-4EE5-4F6F-B403-C3484C9740BE}.AppStore|Mixed Platforms.Build.0 = Release|Any CPU
		{565129E0-4EE5-4F6F-B403-C3484C9740BE}.AppStore|x86.ActiveCfg = Release|Any CPU
		{565129E0-4EE5-4F6F-B403-C3484C9740BE}.Debug|Any CPU.ActiveCfg = Debug|Any CPU
		{565129E0-4EE5-4F6F-B403-C3484C9740BE}.Debug|Any CPU.Build.0 = Debug|Any CPU
		{565129E0-4EE5-4F6F-B403-C3484C9740BE}.Debug|ARM.ActiveCfg = Debug|Any CPU
		{565129E0-4EE5-4F6F-B403-C3484C9740BE}.Debug|iPhone.ActiveCfg = Debug|Any CPU
		{565129E0-4EE5-4F6F-B403-C3484C9740BE}.Debug|iPhone.Build.0 = Debug|Any CPU
		{565129E0-4EE5-4F6F-B403-C3484C9740BE}.Debug|iPhoneSimulator.ActiveCfg = Debug|Any CPU
		{565129E0-4EE5-4F6F-B403-C3484C9740BE}.Debug|iPhoneSimulator.Build.0 = Debug|Any CPU
		{565129E0-4EE5-4F6F-B403-C3484C9740BE}.Debug|Mixed Platforms.ActiveCfg = Debug|Any CPU
		{565129E0-4EE5-4F6F-B403-C3484C9740BE}.Debug|Mixed Platforms.Build.0 = Debug|Any CPU
		{565129E0-4EE5-4F6F-B403-C3484C9740BE}.Debug|x86.ActiveCfg = Debug|Any CPU
		{565129E0-4EE5-4F6F-B403-C3484C9740BE}.Release|Any CPU.ActiveCfg = Release|Any CPU
		{565129E0-4EE5-4F6F-B403-C3484C9740BE}.Release|Any CPU.Build.0 = Release|Any CPU
		{565129E0-4EE5-4F6F-B403-C3484C9740BE}.Release|ARM.ActiveCfg = Release|Any CPU
		{565129E0-4EE5-4F6F-B403-C3484C9740BE}.Release|iPhone.ActiveCfg = Release|Any CPU
		{565129E0-4EE5-4F6F-B403-C3484C9740BE}.Release|iPhone.Build.0 = Release|Any CPU
		{565129E0-4EE5-4F6F-B403-C3484C9740BE}.Release|iPhoneSimulator.ActiveCfg = Release|Any CPU
		{565129E0-4EE5-4F6F-B403-C3484C9740BE}.Release|iPhoneSimulator.Build.0 = Release|Any CPU
		{565129E0-4EE5-4F6F-B403-C3484C9740BE}.Release|Mixed Platforms.ActiveCfg = Release|Any CPU
		{565129E0-4EE5-4F6F-B403-C3484C9740BE}.Release|Mixed Platforms.Build.0 = Release|Any CPU
		{565129E0-4EE5-4F6F-B403-C3484C9740BE}.Release|x86.ActiveCfg = Release|Any CPU
		{B81B6701-7A78-4846-BF6F-04E0591F0F38}.Ad-Hoc|Any CPU.ActiveCfg = Release|Any CPU
		{B81B6701-7A78-4846-BF6F-04E0591F0F38}.Ad-Hoc|Any CPU.Build.0 = Release|Any CPU
		{B81B6701-7A78-4846-BF6F-04E0591F0F38}.Ad-Hoc|ARM.ActiveCfg = Release|Any CPU
		{B81B6701-7A78-4846-BF6F-04E0591F0F38}.Ad-Hoc|iPhone.ActiveCfg = Debug|Any CPU
		{B81B6701-7A78-4846-BF6F-04E0591F0F38}.Ad-Hoc|iPhone.Build.0 = Debug|Any CPU
		{B81B6701-7A78-4846-BF6F-04E0591F0F38}.Ad-Hoc|iPhoneSimulator.ActiveCfg = Release|Any CPU
		{B81B6701-7A78-4846-BF6F-04E0591F0F38}.Ad-Hoc|Mixed Platforms.ActiveCfg = Release|Any CPU
		{B81B6701-7A78-4846-BF6F-04E0591F0F38}.Ad-Hoc|Mixed Platforms.Build.0 = Release|Any CPU
		{B81B6701-7A78-4846-BF6F-04E0591F0F38}.Ad-Hoc|x86.ActiveCfg = Release|Any CPU
		{B81B6701-7A78-4846-BF6F-04E0591F0F38}.AppStore|Any CPU.ActiveCfg = Release|Any CPU
		{B81B6701-7A78-4846-BF6F-04E0591F0F38}.AppStore|Any CPU.Build.0 = Release|Any CPU
		{B81B6701-7A78-4846-BF6F-04E0591F0F38}.AppStore|ARM.ActiveCfg = Release|Any CPU
		{B81B6701-7A78-4846-BF6F-04E0591F0F38}.AppStore|iPhone.ActiveCfg = Debug|Any CPU
		{B81B6701-7A78-4846-BF6F-04E0591F0F38}.AppStore|iPhone.Build.0 = Debug|Any CPU
		{B81B6701-7A78-4846-BF6F-04E0591F0F38}.AppStore|iPhoneSimulator.ActiveCfg = Release|Any CPU
		{B81B6701-7A78-4846-BF6F-04E0591F0F38}.AppStore|Mixed Platforms.ActiveCfg = Release|Any CPU
		{B81B6701-7A78-4846-BF6F-04E0591F0F38}.AppStore|Mixed Platforms.Build.0 = Release|Any CPU
		{B81B6701-7A78-4846-BF6F-04E0591F0F38}.AppStore|x86.ActiveCfg = Release|Any CPU
		{B81B6701-7A78-4846-BF6F-04E0591F0F38}.Debug|Any CPU.ActiveCfg = Debug|Any CPU
		{B81B6701-7A78-4846-BF6F-04E0591F0F38}.Debug|Any CPU.Build.0 = Debug|Any CPU
		{B81B6701-7A78-4846-BF6F-04E0591F0F38}.Debug|ARM.ActiveCfg = Debug|Any CPU
		{B81B6701-7A78-4846-BF6F-04E0591F0F38}.Debug|iPhone.ActiveCfg = Debug|Any CPU
		{B81B6701-7A78-4846-BF6F-04E0591F0F38}.Debug|iPhone.Build.0 = Debug|Any CPU
		{B81B6701-7A78-4846-BF6F-04E0591F0F38}.Debug|iPhoneSimulator.ActiveCfg = Debug|Any CPU
		{B81B6701-7A78-4846-BF6F-04E0591F0F38}.Debug|iPhoneSimulator.Build.0 = Debug|Any CPU
		{B81B6701-7A78-4846-BF6F-04E0591F0F38}.Debug|Mixed Platforms.ActiveCfg = Debug|Any CPU
		{B81B6701-7A78-4846-BF6F-04E0591F0F38}.Debug|Mixed Platforms.Build.0 = Debug|Any CPU
		{B81B6701-7A78-4846-BF6F-04E0591F0F38}.Debug|x86.ActiveCfg = Debug|Any CPU
		{B81B6701-7A78-4846-BF6F-04E0591F0F38}.Release|Any CPU.ActiveCfg = Release|Any CPU
		{B81B6701-7A78-4846-BF6F-04E0591F0F38}.Release|Any CPU.Build.0 = Release|Any CPU
		{B81B6701-7A78-4846-BF6F-04E0591F0F38}.Release|ARM.ActiveCfg = Release|Any CPU
		{B81B6701-7A78-4846-BF6F-04E0591F0F38}.Release|iPhone.ActiveCfg = Release|Any CPU
		{B81B6701-7A78-4846-BF6F-04E0591F0F38}.Release|iPhone.Build.0 = Release|Any CPU
		{B81B6701-7A78-4846-BF6F-04E0591F0F38}.Release|iPhoneSimulator.ActiveCfg = Release|Any CPU
		{B81B6701-7A78-4846-BF6F-04E0591F0F38}.Release|iPhoneSimulator.Build.0 = Release|Any CPU
		{B81B6701-7A78-4846-BF6F-04E0591F0F38}.Release|Mixed Platforms.ActiveCfg = Release|Any CPU
		{B81B6701-7A78-4846-BF6F-04E0591F0F38}.Release|Mixed Platforms.Build.0 = Release|Any CPU
		{B81B6701-7A78-4846-BF6F-04E0591F0F38}.Release|x86.ActiveCfg = Release|Any CPU
		{71CC7EF7-3977-4CD2-A994-A00ACAAC5543}.Ad-Hoc|Any CPU.ActiveCfg = Release|Any CPU
		{71CC7EF7-3977-4CD2-A994-A00ACAAC5543}.Ad-Hoc|Any CPU.Build.0 = Release|Any CPU
		{71CC7EF7-3977-4CD2-A994-A00ACAAC5543}.Ad-Hoc|ARM.ActiveCfg = Release|ARM
		{71CC7EF7-3977-4CD2-A994-A00ACAAC5543}.Ad-Hoc|ARM.Build.0 = Release|ARM
		{71CC7EF7-3977-4CD2-A994-A00ACAAC5543}.Ad-Hoc|iPhone.ActiveCfg = Release|Any CPU
		{71CC7EF7-3977-4CD2-A994-A00ACAAC5543}.Ad-Hoc|iPhoneSimulator.ActiveCfg = Release|Any CPU
		{71CC7EF7-3977-4CD2-A994-A00ACAAC5543}.Ad-Hoc|Mixed Platforms.ActiveCfg = Release|x86
		{71CC7EF7-3977-4CD2-A994-A00ACAAC5543}.Ad-Hoc|Mixed Platforms.Build.0 = Release|x86
		{71CC7EF7-3977-4CD2-A994-A00ACAAC5543}.Ad-Hoc|x86.ActiveCfg = Release|x86
		{71CC7EF7-3977-4CD2-A994-A00ACAAC5543}.Ad-Hoc|x86.Build.0 = Release|x86
		{71CC7EF7-3977-4CD2-A994-A00ACAAC5543}.AppStore|Any CPU.ActiveCfg = Release|Any CPU
		{71CC7EF7-3977-4CD2-A994-A00ACAAC5543}.AppStore|Any CPU.Build.0 = Release|Any CPU
		{71CC7EF7-3977-4CD2-A994-A00ACAAC5543}.AppStore|ARM.ActiveCfg = Release|ARM
		{71CC7EF7-3977-4CD2-A994-A00ACAAC5543}.AppStore|ARM.Build.0 = Release|ARM
		{71CC7EF7-3977-4CD2-A994-A00ACAAC5543}.AppStore|iPhone.ActiveCfg = Release|Any CPU
		{71CC7EF7-3977-4CD2-A994-A00ACAAC5543}.AppStore|iPhoneSimulator.ActiveCfg = Release|Any CPU
		{71CC7EF7-3977-4CD2-A994-A00ACAAC5543}.AppStore|Mixed Platforms.ActiveCfg = Release|x86
		{71CC7EF7-3977-4CD2-A994-A00ACAAC5543}.AppStore|Mixed Platforms.Build.0 = Release|x86
		{71CC7EF7-3977-4CD2-A994-A00ACAAC5543}.AppStore|x86.ActiveCfg = Release|x86
		{71CC7EF7-3977-4CD2-A994-A00ACAAC5543}.AppStore|x86.Build.0 = Release|x86
		{71CC7EF7-3977-4CD2-A994-A00ACAAC5543}.Debug|Any CPU.ActiveCfg = Debug|Any CPU
		{71CC7EF7-3977-4CD2-A994-A00ACAAC5543}.Debug|Any CPU.Build.0 = Debug|Any CPU
		{71CC7EF7-3977-4CD2-A994-A00ACAAC5543}.Debug|ARM.ActiveCfg = Debug|ARM
		{71CC7EF7-3977-4CD2-A994-A00ACAAC5543}.Debug|ARM.Build.0 = Debug|ARM
		{71CC7EF7-3977-4CD2-A994-A00ACAAC5543}.Debug|iPhone.ActiveCfg = Debug|Any CPU
		{71CC7EF7-3977-4CD2-A994-A00ACAAC5543}.Debug|iPhoneSimulator.ActiveCfg = Debug|Any CPU
		{71CC7EF7-3977-4CD2-A994-A00ACAAC5543}.Debug|Mixed Platforms.ActiveCfg = Debug|x86
		{71CC7EF7-3977-4CD2-A994-A00ACAAC5543}.Debug|Mixed Platforms.Build.0 = Debug|x86
		{71CC7EF7-3977-4CD2-A994-A00ACAAC5543}.Debug|x86.ActiveCfg = Debug|x86
		{71CC7EF7-3977-4CD2-A994-A00ACAAC5543}.Debug|x86.Build.0 = Debug|x86
		{71CC7EF7-3977-4CD2-A994-A00ACAAC5543}.Release|Any CPU.ActiveCfg = Release|Any CPU
		{71CC7EF7-3977-4CD2-A994-A00ACAAC5543}.Release|Any CPU.Build.0 = Release|Any CPU
		{71CC7EF7-3977-4CD2-A994-A00ACAAC5543}.Release|ARM.ActiveCfg = Release|ARM
		{71CC7EF7-3977-4CD2-A994-A00ACAAC5543}.Release|ARM.Build.0 = Release|ARM
		{71CC7EF7-3977-4CD2-A994-A00ACAAC5543}.Release|iPhone.ActiveCfg = Release|Any CPU
		{71CC7EF7-3977-4CD2-A994-A00ACAAC5543}.Release|iPhoneSimulator.ActiveCfg = Release|Any CPU
		{71CC7EF7-3977-4CD2-A994-A00ACAAC5543}.Release|Mixed Platforms.ActiveCfg = Release|x86
		{71CC7EF7-3977-4CD2-A994-A00ACAAC5543}.Release|Mixed Platforms.Build.0 = Release|x86
		{71CC7EF7-3977-4CD2-A994-A00ACAAC5543}.Release|x86.ActiveCfg = Release|x86
		{71CC7EF7-3977-4CD2-A994-A00ACAAC5543}.Release|x86.Build.0 = Release|x86
		{1D51A5A6-0DB5-49E5-868D-7D0E1FD14D8F}.Ad-Hoc|Any CPU.ActiveCfg = Release|Any CPU
		{1D51A5A6-0DB5-49E5-868D-7D0E1FD14D8F}.Ad-Hoc|Any CPU.Build.0 = Release|Any CPU
		{1D51A5A6-0DB5-49E5-868D-7D0E1FD14D8F}.Ad-Hoc|ARM.ActiveCfg = Release|ARM
		{1D51A5A6-0DB5-49E5-868D-7D0E1FD14D8F}.Ad-Hoc|ARM.Build.0 = Release|ARM
		{1D51A5A6-0DB5-49E5-868D-7D0E1FD14D8F}.Ad-Hoc|iPhone.ActiveCfg = Release|Any CPU
		{1D51A5A6-0DB5-49E5-868D-7D0E1FD14D8F}.Ad-Hoc|iPhoneSimulator.ActiveCfg = Release|Any CPU
		{1D51A5A6-0DB5-49E5-868D-7D0E1FD14D8F}.Ad-Hoc|Mixed Platforms.ActiveCfg = Release|x86
		{1D51A5A6-0DB5-49E5-868D-7D0E1FD14D8F}.Ad-Hoc|Mixed Platforms.Build.0 = Release|x86
		{1D51A5A6-0DB5-49E5-868D-7D0E1FD14D8F}.Ad-Hoc|x86.ActiveCfg = Release|x86
		{1D51A5A6-0DB5-49E5-868D-7D0E1FD14D8F}.Ad-Hoc|x86.Build.0 = Release|x86
		{1D51A5A6-0DB5-49E5-868D-7D0E1FD14D8F}.AppStore|Any CPU.ActiveCfg = Release|Any CPU
		{1D51A5A6-0DB5-49E5-868D-7D0E1FD14D8F}.AppStore|Any CPU.Build.0 = Release|Any CPU
		{1D51A5A6-0DB5-49E5-868D-7D0E1FD14D8F}.AppStore|ARM.ActiveCfg = Release|ARM
		{1D51A5A6-0DB5-49E5-868D-7D0E1FD14D8F}.AppStore|ARM.Build.0 = Release|ARM
		{1D51A5A6-0DB5-49E5-868D-7D0E1FD14D8F}.AppStore|iPhone.ActiveCfg = Release|Any CPU
		{1D51A5A6-0DB5-49E5-868D-7D0E1FD14D8F}.AppStore|iPhoneSimulator.ActiveCfg = Release|Any CPU
		{1D51A5A6-0DB5-49E5-868D-7D0E1FD14D8F}.AppStore|Mixed Platforms.ActiveCfg = Release|x86
		{1D51A5A6-0DB5-49E5-868D-7D0E1FD14D8F}.AppStore|Mixed Platforms.Build.0 = Release|x86
		{1D51A5A6-0DB5-49E5-868D-7D0E1FD14D8F}.AppStore|x86.ActiveCfg = Release|x86
		{1D51A5A6-0DB5-49E5-868D-7D0E1FD14D8F}.AppStore|x86.Build.0 = Release|x86
		{1D51A5A6-0DB5-49E5-868D-7D0E1FD14D8F}.Debug|Any CPU.ActiveCfg = Debug|Any CPU
		{1D51A5A6-0DB5-49E5-868D-7D0E1FD14D8F}.Debug|Any CPU.Build.0 = Debug|Any CPU
		{1D51A5A6-0DB5-49E5-868D-7D0E1FD14D8F}.Debug|ARM.ActiveCfg = Debug|ARM
		{1D51A5A6-0DB5-49E5-868D-7D0E1FD14D8F}.Debug|ARM.Build.0 = Debug|ARM
		{1D51A5A6-0DB5-49E5-868D-7D0E1FD14D8F}.Debug|iPhone.ActiveCfg = Debug|Any CPU
		{1D51A5A6-0DB5-49E5-868D-7D0E1FD14D8F}.Debug|iPhoneSimulator.ActiveCfg = Debug|Any CPU
		{1D51A5A6-0DB5-49E5-868D-7D0E1FD14D8F}.Debug|Mixed Platforms.ActiveCfg = Debug|x86
		{1D51A5A6-0DB5-49E5-868D-7D0E1FD14D8F}.Debug|Mixed Platforms.Build.0 = Debug|x86
		{1D51A5A6-0DB5-49E5-868D-7D0E1FD14D8F}.Debug|x86.ActiveCfg = Debug|x86
		{1D51A5A6-0DB5-49E5-868D-7D0E1FD14D8F}.Debug|x86.Build.0 = Debug|x86
		{1D51A5A6-0DB5-49E5-868D-7D0E1FD14D8F}.Release|Any CPU.ActiveCfg = Release|Any CPU
		{1D51A5A6-0DB5-49E5-868D-7D0E1FD14D8F}.Release|Any CPU.Build.0 = Release|Any CPU
		{1D51A5A6-0DB5-49E5-868D-7D0E1FD14D8F}.Release|ARM.ActiveCfg = Release|ARM
		{1D51A5A6-0DB5-49E5-868D-7D0E1FD14D8F}.Release|ARM.Build.0 = Release|ARM
		{1D51A5A6-0DB5-49E5-868D-7D0E1FD14D8F}.Release|iPhone.ActiveCfg = Release|Any CPU
		{1D51A5A6-0DB5-49E5-868D-7D0E1FD14D8F}.Release|iPhoneSimulator.ActiveCfg = Release|Any CPU
		{1D51A5A6-0DB5-49E5-868D-7D0E1FD14D8F}.Release|Mixed Platforms.ActiveCfg = Release|x86
		{1D51A5A6-0DB5-49E5-868D-7D0E1FD14D8F}.Release|Mixed Platforms.Build.0 = Release|x86
		{1D51A5A6-0DB5-49E5-868D-7D0E1FD14D8F}.Release|x86.ActiveCfg = Release|x86
		{1D51A5A6-0DB5-49E5-868D-7D0E1FD14D8F}.Release|x86.Build.0 = Release|x86
		{6522B7E9-25A5-4250-B164-42CC2C4ECCAD}.Ad-Hoc|Any CPU.ActiveCfg = Release|Any CPU
		{6522B7E9-25A5-4250-B164-42CC2C4ECCAD}.Ad-Hoc|Any CPU.Build.0 = Release|Any CPU
		{6522B7E9-25A5-4250-B164-42CC2C4ECCAD}.Ad-Hoc|ARM.ActiveCfg = Release|Any CPU
		{6522B7E9-25A5-4250-B164-42CC2C4ECCAD}.Ad-Hoc|iPhone.ActiveCfg = Release|Any CPU
		{6522B7E9-25A5-4250-B164-42CC2C4ECCAD}.Ad-Hoc|iPhoneSimulator.ActiveCfg = Release|Any CPU
		{6522B7E9-25A5-4250-B164-42CC2C4ECCAD}.Ad-Hoc|Mixed Platforms.ActiveCfg = Release|Any CPU
		{6522B7E9-25A5-4250-B164-42CC2C4ECCAD}.Ad-Hoc|Mixed Platforms.Build.0 = Release|Any CPU
		{6522B7E9-25A5-4250-B164-42CC2C4ECCAD}.Ad-Hoc|x86.ActiveCfg = Release|Any CPU
		{6522B7E9-25A5-4250-B164-42CC2C4ECCAD}.AppStore|Any CPU.ActiveCfg = Release|Any CPU
		{6522B7E9-25A5-4250-B164-42CC2C4ECCAD}.AppStore|Any CPU.Build.0 = Release|Any CPU
		{6522B7E9-25A5-4250-B164-42CC2C4ECCAD}.AppStore|ARM.ActiveCfg = Release|Any CPU
		{6522B7E9-25A5-4250-B164-42CC2C4ECCAD}.AppStore|iPhone.ActiveCfg = Release|Any CPU
		{6522B7E9-25A5-4250-B164-42CC2C4ECCAD}.AppStore|iPhoneSimulator.ActiveCfg = Release|Any CPU
		{6522B7E9-25A5-4250-B164-42CC2C4ECCAD}.AppStore|Mixed Platforms.ActiveCfg = Release|Any CPU
		{6522B7E9-25A5-4250-B164-42CC2C4ECCAD}.AppStore|Mixed Platforms.Build.0 = Release|Any CPU
		{6522B7E9-25A5-4250-B164-42CC2C4ECCAD}.AppStore|x86.ActiveCfg = Release|Any CPU
		{6522B7E9-25A5-4250-B164-42CC2C4ECCAD}.Debug|Any CPU.ActiveCfg = Debug|Any CPU
		{6522B7E9-25A5-4250-B164-42CC2C4ECCAD}.Debug|Any CPU.Build.0 = Debug|Any CPU
		{6522B7E9-25A5-4250-B164-42CC2C4ECCAD}.Debug|ARM.ActiveCfg = Debug|Any CPU
		{6522B7E9-25A5-4250-B164-42CC2C4ECCAD}.Debug|iPhone.ActiveCfg = Debug|Any CPU
		{6522B7E9-25A5-4250-B164-42CC2C4ECCAD}.Debug|iPhoneSimulator.ActiveCfg = Debug|Any CPU
		{6522B7E9-25A5-4250-B164-42CC2C4ECCAD}.Debug|Mixed Platforms.ActiveCfg = Debug|Any CPU
		{6522B7E9-25A5-4250-B164-42CC2C4ECCAD}.Debug|Mixed Platforms.Build.0 = Debug|Any CPU
		{6522B7E9-25A5-4250-B164-42CC2C4ECCAD}.Debug|x86.ActiveCfg = Debug|Any CPU
		{6522B7E9-25A5-4250-B164-42CC2C4ECCAD}.Release|Any CPU.ActiveCfg = Release|Any CPU
		{6522B7E9-25A5-4250-B164-42CC2C4ECCAD}.Release|Any CPU.Build.0 = Release|Any CPU
		{6522B7E9-25A5-4250-B164-42CC2C4ECCAD}.Release|ARM.ActiveCfg = Release|Any CPU
		{6522B7E9-25A5-4250-B164-42CC2C4ECCAD}.Release|iPhone.ActiveCfg = Release|Any CPU
		{6522B7E9-25A5-4250-B164-42CC2C4ECCAD}.Release|iPhoneSimulator.ActiveCfg = Release|Any CPU
		{6522B7E9-25A5-4250-B164-42CC2C4ECCAD}.Release|Mixed Platforms.ActiveCfg = Release|Any CPU
		{6522B7E9-25A5-4250-B164-42CC2C4ECCAD}.Release|Mixed Platforms.Build.0 = Release|Any CPU
		{6522B7E9-25A5-4250-B164-42CC2C4ECCAD}.Release|x86.ActiveCfg = Release|Any CPU
		{5C334780-3639-4AF9-922D-46CAC187BA93}.Ad-Hoc|Any CPU.ActiveCfg = Release|Any CPU
		{5C334780-3639-4AF9-922D-46CAC187BA93}.Ad-Hoc|Any CPU.Build.0 = Release|Any CPU
		{5C334780-3639-4AF9-922D-46CAC187BA93}.Ad-Hoc|ARM.ActiveCfg = Release|ARM
		{5C334780-3639-4AF9-922D-46CAC187BA93}.Ad-Hoc|ARM.Build.0 = Release|ARM
		{5C334780-3639-4AF9-922D-46CAC187BA93}.Ad-Hoc|iPhone.ActiveCfg = Release|Any CPU
		{5C334780-3639-4AF9-922D-46CAC187BA93}.Ad-Hoc|iPhoneSimulator.ActiveCfg = Release|Any CPU
		{5C334780-3639-4AF9-922D-46CAC187BA93}.Ad-Hoc|Mixed Platforms.ActiveCfg = Release|x86
		{5C334780-3639-4AF9-922D-46CAC187BA93}.Ad-Hoc|Mixed Platforms.Build.0 = Release|x86
		{5C334780-3639-4AF9-922D-46CAC187BA93}.Ad-Hoc|x86.ActiveCfg = Release|x86
		{5C334780-3639-4AF9-922D-46CAC187BA93}.Ad-Hoc|x86.Build.0 = Release|x86
		{5C334780-3639-4AF9-922D-46CAC187BA93}.AppStore|Any CPU.ActiveCfg = Release|Any CPU
		{5C334780-3639-4AF9-922D-46CAC187BA93}.AppStore|Any CPU.Build.0 = Release|Any CPU
		{5C334780-3639-4AF9-922D-46CAC187BA93}.AppStore|ARM.ActiveCfg = Release|ARM
		{5C334780-3639-4AF9-922D-46CAC187BA93}.AppStore|ARM.Build.0 = Release|ARM
		{5C334780-3639-4AF9-922D-46CAC187BA93}.AppStore|iPhone.ActiveCfg = Release|Any CPU
		{5C334780-3639-4AF9-922D-46CAC187BA93}.AppStore|iPhoneSimulator.ActiveCfg = Release|Any CPU
		{5C334780-3639-4AF9-922D-46CAC187BA93}.AppStore|Mixed Platforms.ActiveCfg = Release|x86
		{5C334780-3639-4AF9-922D-46CAC187BA93}.AppStore|Mixed Platforms.Build.0 = Release|x86
		{5C334780-3639-4AF9-922D-46CAC187BA93}.AppStore|x86.ActiveCfg = Release|x86
		{5C334780-3639-4AF9-922D-46CAC187BA93}.AppStore|x86.Build.0 = Release|x86
		{5C334780-3639-4AF9-922D-46CAC187BA93}.Debug|Any CPU.ActiveCfg = Debug|Any CPU
		{5C334780-3639-4AF9-922D-46CAC187BA93}.Debug|Any CPU.Build.0 = Debug|Any CPU
		{5C334780-3639-4AF9-922D-46CAC187BA93}.Debug|ARM.ActiveCfg = Debug|ARM
		{5C334780-3639-4AF9-922D-46CAC187BA93}.Debug|ARM.Build.0 = Debug|ARM
		{5C334780-3639-4AF9-922D-46CAC187BA93}.Debug|iPhone.ActiveCfg = Debug|Any CPU
		{5C334780-3639-4AF9-922D-46CAC187BA93}.Debug|iPhoneSimulator.ActiveCfg = Debug|Any CPU
		{5C334780-3639-4AF9-922D-46CAC187BA93}.Debug|Mixed Platforms.ActiveCfg = Debug|x86
		{5C334780-3639-4AF9-922D-46CAC187BA93}.Debug|Mixed Platforms.Build.0 = Debug|x86
		{5C334780-3639-4AF9-922D-46CAC187BA93}.Debug|x86.ActiveCfg = Debug|x86
		{5C334780-3639-4AF9-922D-46CAC187BA93}.Debug|x86.Build.0 = Debug|x86
		{5C334780-3639-4AF9-922D-46CAC187BA93}.Release|Any CPU.ActiveCfg = Release|Any CPU
		{5C334780-3639-4AF9-922D-46CAC187BA93}.Release|Any CPU.Build.0 = Release|Any CPU
		{5C334780-3639-4AF9-922D-46CAC187BA93}.Release|ARM.ActiveCfg = Release|ARM
		{5C334780-3639-4AF9-922D-46CAC187BA93}.Release|ARM.Build.0 = Release|ARM
		{5C334780-3639-4AF9-922D-46CAC187BA93}.Release|iPhone.ActiveCfg = Release|Any CPU
		{5C334780-3639-4AF9-922D-46CAC187BA93}.Release|iPhoneSimulator.ActiveCfg = Release|Any CPU
		{5C334780-3639-4AF9-922D-46CAC187BA93}.Release|Mixed Platforms.ActiveCfg = Release|x86
		{5C334780-3639-4AF9-922D-46CAC187BA93}.Release|Mixed Platforms.Build.0 = Release|x86
		{5C334780-3639-4AF9-922D-46CAC187BA93}.Release|x86.ActiveCfg = Release|x86
		{5C334780-3639-4AF9-922D-46CAC187BA93}.Release|x86.Build.0 = Release|x86
		{423E2B58-4FBB-4A5D-8A86-1188F2889523}.Ad-Hoc|Any CPU.ActiveCfg = Release|Any CPU
		{423E2B58-4FBB-4A5D-8A86-1188F2889523}.Ad-Hoc|Any CPU.Build.0 = Release|Any CPU
		{423E2B58-4FBB-4A5D-8A86-1188F2889523}.Ad-Hoc|ARM.ActiveCfg = Release|Any CPU
		{423E2B58-4FBB-4A5D-8A86-1188F2889523}.Ad-Hoc|iPhone.ActiveCfg = Release|Any CPU
		{423E2B58-4FBB-4A5D-8A86-1188F2889523}.Ad-Hoc|iPhoneSimulator.ActiveCfg = Release|Any CPU
		{423E2B58-4FBB-4A5D-8A86-1188F2889523}.Ad-Hoc|Mixed Platforms.ActiveCfg = Release|Any CPU
		{423E2B58-4FBB-4A5D-8A86-1188F2889523}.Ad-Hoc|Mixed Platforms.Build.0 = Release|Any CPU
		{423E2B58-4FBB-4A5D-8A86-1188F2889523}.Ad-Hoc|x86.ActiveCfg = Release|Any CPU
		{423E2B58-4FBB-4A5D-8A86-1188F2889523}.AppStore|Any CPU.ActiveCfg = Release|Any CPU
		{423E2B58-4FBB-4A5D-8A86-1188F2889523}.AppStore|Any CPU.Build.0 = Release|Any CPU
		{423E2B58-4FBB-4A5D-8A86-1188F2889523}.AppStore|ARM.ActiveCfg = Release|Any CPU
		{423E2B58-4FBB-4A5D-8A86-1188F2889523}.AppStore|iPhone.ActiveCfg = Release|Any CPU
		{423E2B58-4FBB-4A5D-8A86-1188F2889523}.AppStore|iPhoneSimulator.ActiveCfg = Release|Any CPU
		{423E2B58-4FBB-4A5D-8A86-1188F2889523}.AppStore|Mixed Platforms.ActiveCfg = Release|Any CPU
		{423E2B58-4FBB-4A5D-8A86-1188F2889523}.AppStore|Mixed Platforms.Build.0 = Release|Any CPU
		{423E2B58-4FBB-4A5D-8A86-1188F2889523}.AppStore|x86.ActiveCfg = Release|Any CPU
		{423E2B58-4FBB-4A5D-8A86-1188F2889523}.Debug|Any CPU.ActiveCfg = Debug|Any CPU
		{423E2B58-4FBB-4A5D-8A86-1188F2889523}.Debug|Any CPU.Build.0 = Debug|Any CPU
		{423E2B58-4FBB-4A5D-8A86-1188F2889523}.Debug|ARM.ActiveCfg = Debug|Any CPU
		{423E2B58-4FBB-4A5D-8A86-1188F2889523}.Debug|iPhone.ActiveCfg = Debug|Any CPU
		{423E2B58-4FBB-4A5D-8A86-1188F2889523}.Debug|iPhoneSimulator.ActiveCfg = Debug|Any CPU
		{423E2B58-4FBB-4A5D-8A86-1188F2889523}.Debug|Mixed Platforms.ActiveCfg = Debug|Any CPU
		{423E2B58-4FBB-4A5D-8A86-1188F2889523}.Debug|Mixed Platforms.Build.0 = Debug|Any CPU
		{423E2B58-4FBB-4A5D-8A86-1188F2889523}.Debug|x86.ActiveCfg = Debug|Any CPU
		{423E2B58-4FBB-4A5D-8A86-1188F2889523}.Release|Any CPU.ActiveCfg = Release|Any CPU
		{423E2B58-4FBB-4A5D-8A86-1188F2889523}.Release|Any CPU.Build.0 = Release|Any CPU
		{423E2B58-4FBB-4A5D-8A86-1188F2889523}.Release|ARM.ActiveCfg = Release|Any CPU
		{423E2B58-4FBB-4A5D-8A86-1188F2889523}.Release|iPhone.ActiveCfg = Release|Any CPU
		{423E2B58-4FBB-4A5D-8A86-1188F2889523}.Release|iPhoneSimulator.ActiveCfg = Release|Any CPU
		{423E2B58-4FBB-4A5D-8A86-1188F2889523}.Release|Mixed Platforms.ActiveCfg = Release|Any CPU
		{423E2B58-4FBB-4A5D-8A86-1188F2889523}.Release|Mixed Platforms.Build.0 = Release|Any CPU
		{423E2B58-4FBB-4A5D-8A86-1188F2889523}.Release|x86.ActiveCfg = Release|Any CPU
	EndGlobalSection
	GlobalSection(SolutionProperties) = preSolution
		HideSolutionNode = FALSE
	EndGlobalSection
EndGlobal
