
Microsoft Visual Studio Solution File, Format Version 12.00
# Visual Studio 2012
Project("{FAE04EC0-301F-11D3-BF4B-00C04F79EFBC}") = "EmptyProject", "EmptyProject\EmptyProject.csproj", "{72778D87-238A-4F25-AD7F-10098E8377EB}"
EndProject
Global
	GlobalSection(SolutionConfigurationPlatforms) = preSolution
		Android|ARM = Android|ARM
		Android|x86 = Android|x86
		Debug|ARM = Debug|ARM
		Debug|x86 = Debug|x86
		iOS|ARM = iOS|ARM
		iOS|x86 = iOS|x86
		Linux|ARM = Linux|ARM
		Linux|x86 = Linux|x86
		OSX|ARM = OSX|ARM
		OSX|x86 = OSX|x86
		PSM|ARM = PSM|ARM
		PSM|x86 = PSM|x86
		Release|ARM = Release|ARM
		Release|x86 = Release|x86
		Windows|ARM = Windows|ARM
		Windows|x86 = Windows|x86
		Windows8|ARM = Windows8|ARM
		Windows8|x86 = Windows8|x86
	EndGlobalSection
	GlobalSection(ProjectConfigurationPlatforms) = postSolution
		{72778D87-238A-4F25-AD7F-10098E8377EB}.Android|ARM.ActiveCfg = Android|ARM
		{72778D87-238A-4F25-AD7F-10098E8377EB}.Android|ARM.Build.0 = Android|ARM
		{72778D87-238A-4F25-AD7F-10098E8377EB}.Android|ARM.Deploy.0 = Android|ARM
		{72778D87-238A-4F25-AD7F-10098E8377EB}.Android|x86.ActiveCfg = Android|x86
		{72778D87-238A-4F25-AD7F-10098E8377EB}.Android|x86.Build.0 = Android|x86
		{72778D87-238A-4F25-AD7F-10098E8377EB}.Android|x86.Deploy.0 = Android|x86
		{72778D87-238A-4F25-AD7F-10098E8377EB}.Debug|ARM.ActiveCfg = Debug|ARM
		{72778D87-238A-4F25-AD7F-10098E8377EB}.Debug|ARM.Build.0 = Debug|ARM
		{72778D87-238A-4F25-AD7F-10098E8377EB}.Debug|ARM.Deploy.0 = Debug|ARM
		{72778D87-238A-4F25-AD7F-10098E8377EB}.Debug|x86.ActiveCfg = Debug|x86
		{72778D87-238A-4F25-AD7F-10098E8377EB}.Debug|x86.Build.0 = Debug|x86
		{72778D87-238A-4F25-AD7F-10098E8377EB}.Debug|x86.Deploy.0 = Debug|x86
		{72778D87-238A-4F25-AD7F-10098E8377EB}.iOS|ARM.ActiveCfg = iOS|ARM
		{72778D87-238A-4F25-AD7F-10098E8377EB}.iOS|ARM.Build.0 = iOS|ARM
		{72778D87-238A-4F25-AD7F-10098E8377EB}.iOS|ARM.Deploy.0 = iOS|ARM
		{72778D87-238A-4F25-AD7F-10098E8377EB}.iOS|x86.ActiveCfg = iOS|x86
		{72778D87-238A-4F25-AD7F-10098E8377EB}.iOS|x86.Build.0 = iOS|x86
		{72778D87-238A-4F25-AD7F-10098E8377EB}.iOS|x86.Deploy.0 = iOS|x86
		{72778D87-238A-4F25-AD7F-10098E8377EB}.Linux|ARM.ActiveCfg = Linux|ARM
		{72778D87-238A-4F25-AD7F-10098E8377EB}.Linux|ARM.Build.0 = Linux|ARM
		{72778D87-238A-4F25-AD7F-10098E8377EB}.Linux|ARM.Deploy.0 = Linux|ARM
		{72778D87-238A-4F25-AD7F-10098E8377EB}.Linux|x86.ActiveCfg = Linux|x86
		{72778D87-238A-4F25-AD7F-10098E8377EB}.Linux|x86.Build.0 = Linux|x86
		{72778D87-238A-4F25-AD7F-10098E8377EB}.Linux|x86.Deploy.0 = Linux|x86
		{72778D87-238A-4F25-AD7F-10098E8377EB}.OSX|ARM.ActiveCfg = OSX|ARM
		{72778D87-238A-4F25-AD7F-10098E8377EB}.OSX|ARM.Build.0 = OSX|ARM
		{72778D87-238A-4F25-AD7F-10098E8377EB}.OSX|ARM.Deploy.0 = OSX|ARM
		{72778D87-238A-4F25-AD7F-10098E8377EB}.OSX|x86.ActiveCfg = OSX|x86
		{72778D87-238A-4F25-AD7F-10098E8377EB}.OSX|x86.Build.0 = OSX|x86
		{72778D87-238A-4F25-AD7F-10098E8377EB}.OSX|x86.Deploy.0 = OSX|x86
		{72778D87-238A-4F25-AD7F-10098E8377EB}.PSM|ARM.ActiveCfg = PSM|ARM
		{72778D87-238A-4F25-AD7F-10098E8377EB}.PSM|ARM.Build.0 = PSM|ARM
		{72778D87-238A-4F25-AD7F-10098E8377EB}.PSM|ARM.Deploy.0 = PSM|ARM
		{72778D87-238A-4F25-AD7F-10098E8377EB}.PSM|x86.ActiveCfg = PSM|x86
		{72778D87-238A-4F25-AD7F-10098E8377EB}.PSM|x86.Build.0 = PSM|x86
		{72778D87-238A-4F25-AD7F-10098E8377EB}.PSM|x86.Deploy.0 = PSM|x86
		{72778D87-238A-4F25-AD7F-10098E8377EB}.Release|ARM.ActiveCfg = Release|ARM
		{72778D87-238A-4F25-AD7F-10098E8377EB}.Release|ARM.Build.0 = Release|ARM
		{72778D87-238A-4F25-AD7F-10098E8377EB}.Release|ARM.Deploy.0 = Release|ARM
		{72778D87-238A-4F25-AD7F-10098E8377EB}.Release|x86.ActiveCfg = Release|x86
		{72778D87-238A-4F25-AD7F-10098E8377EB}.Release|x86.Build.0 = Release|x86
		{72778D87-238A-4F25-AD7F-10098E8377EB}.Release|x86.Deploy.0 = Release|x86
		{72778D87-238A-4F25-AD7F-10098E8377EB}.Windows|ARM.ActiveCfg = Windows|ARM
		{72778D87-238A-4F25-AD7F-10098E8377EB}.Windows|ARM.Build.0 = Windows|ARM
		{72778D87-238A-4F25-AD7F-10098E8377EB}.Windows|ARM.Deploy.0 = Windows|ARM
		{72778D87-238A-4F25-AD7F-10098E8377EB}.Windows|x86.ActiveCfg = Windows|x86
		{72778D87-238A-4F25-AD7F-10098E8377EB}.Windows|x86.Build.0 = Windows|x86
		{72778D87-238A-4F25-AD7F-10098E8377EB}.Windows|x86.Deploy.0 = Windows|x86
		{72778D87-238A-4F25-AD7F-10098E8377EB}.Windows8|ARM.ActiveCfg = Windows8|ARM
		{72778D87-238A-4F25-AD7F-10098E8377EB}.Windows8|ARM.Build.0 = Windows8|ARM
		{72778D87-238A-4F25-AD7F-10098E8377EB}.Windows8|ARM.Deploy.0 = Windows8|ARM
		{72778D87-238A-4F25-AD7F-10098E8377EB}.Windows8|x86.ActiveCfg = Windows8|x86
		{72778D87-238A-4F25-AD7F-10098E8377EB}.Windows8|x86.Build.0 = Windows8|x86
		{72778D87-238A-4F25-AD7F-10098E8377EB}.Windows8|x86.Deploy.0 = Windows8|x86
	EndGlobalSection
	GlobalSection(SolutionProperties) = preSolution
		HideSolutionNode = FALSE
	EndGlobalSection
EndGlobal
