
Microsoft Visual Studio Solution File, Format Version 12.00
# Visual Studio 2012
Project("{FAE04EC0-301F-11D3-BF4B-00C04F79EFBC}") = "EmptyProject.Android", "EmptyProject.Android\EmptyProject.Android.csproj", "{F9C9C8E3-C58F-433C-97F2-B07B4D8F5F26}"
EndProject
Global
	GlobalSection(SolutionConfigurationPlatforms) = preSolution
		Debug|Any CPU = Debug|Any CPU
		Release|Any CPU = Release|Any CPU
	EndGlobalSection
	GlobalSection(ProjectConfigurationPlatforms) = postSolution
		{F9C9C8E3-C58F-433C-97F2-B07B4D8F5F26}.Debug|Any CPU.ActiveCfg = Debug|Any CPU
		{F9C9C8E3-C58F-433C-97F2-B07B4D8F5F26}.Debug|Any CPU.Build.0 = Debug|Any CPU
		{F9C9C8E3-C58F-433C-97F2-B07B4D8F5F26}.Release|Any CPU.ActiveCfg = Release|Any CPU
		{F9C9C8E3-C58F-433C-97F2-B07B4D8F5F26}.Release|Any CPU.Build.0 = Release|Any CPU
	EndGlobalSection
	GlobalSection(SolutionProperties) = preSolution
		HideSolutionNode = FALSE
	EndGlobalSection
EndGlobal
