
Microsoft Visual Studio Solution File, Format Version 12.00
# Visual Studio 2012
Project("{FAE04EC0-301F-11D3-BF4B-00C04F79EFBC}") = "MonoDevelop.CocosSharp.AllTargets.addin", "MonoDevelop.CocosSharp.AllTargets\MonoDevelop.CocosSharp.AllTargets.addin.csproj", "{3088EDA2-823B-42DE-B286-E9B12A9E8243}"
EndProject
Project("{FAE04EC0-301F-11D3-BF4B-00C04F79EFBC}") = "MonoDevelop.CocosSharp.Mac.addin", "MonoDevelop.CocosSharp.Mac\MonoDevelop.CocosSharp.Mac.addin.csproj", "{52156D3C-35EF-4005-A564-BC02185CBA35}"
EndProject
Project("{FAE04EC0-301F-11D3-BF4B-00C04F79EFBC}") = "MonoDevelop.CocosSharp.Android.addin", "MonoDevelop.CocosSharp.Android\MonoDevelop.CocosSharp.Android.addin.csproj", "{FE62E0CA-6AE1-416A-BE20-CF23068B7875}"
EndProject
Project("{FAE04EC0-301F-11D3-BF4B-00C04F79EFBC}") = "MonoDevelop.CocosSharp.iOS.addin", "MonoDevelop.CocosSharp.iOS\MonoDevelop.CocosSharp.iOS.addin.csproj", "{6163A608-50E1-46F5-BBE6-58FC47B7C7C2}"
EndProject
Project("{FAE04EC0-301F-11D3-BF4B-00C04F79EFBC}") = "MonoDevelop.CocosSharp.Mobile.addin", "MonoDevelop.CocosSharp.Mobile\MonoDevelop.CocosSharp.Mobile.addin.csproj", "{FB101340-BB1D-43A0-904A-7DBA69F47ED0}"
EndProject
Global
	GlobalSection(SolutionConfigurationPlatforms) = preSolution
		Debug|Any CPU = Debug|Any CPU
	EndGlobalSection
	GlobalSection(ProjectConfigurationPlatforms) = postSolution
		{3088EDA2-823B-42DE-B286-E9B12A9E8243}.Debug|Any CPU.ActiveCfg = Debug|Any CPU
		{3088EDA2-823B-42DE-B286-E9B12A9E8243}.Debug|Any CPU.Build.0 = Debug|Any CPU
		{52156D3C-35EF-4005-A564-BC02185CBA35}.Debug|Any CPU.ActiveCfg = Debug|Any CPU
		{52156D3C-35EF-4005-A564-BC02185CBA35}.Debug|Any CPU.Build.0 = Debug|Any CPU
		{6163A608-50E1-46F5-BBE6-58FC47B7C7C2}.Debug|Any CPU.ActiveCfg = Debug|Any CPU
		{6163A608-50E1-46F5-BBE6-58FC47B7C7C2}.Debug|Any CPU.Build.0 = Debug|Any CPU
		{FB101340-BB1D-43A0-904A-7DBA69F47ED0}.Debug|Any CPU.ActiveCfg = Debug|Any CPU
		{FB101340-BB1D-43A0-904A-7DBA69F47ED0}.Debug|Any CPU.Build.0 = Debug|Any CPU
		{FE62E0CA-6AE1-416A-BE20-CF23068B7875}.Debug|Any CPU.ActiveCfg = Debug|Any CPU
		{FE62E0CA-6AE1-416A-BE20-CF23068B7875}.Debug|Any CPU.Build.0 = Debug|Any CPU
	EndGlobalSection
	GlobalSection(MonoDevelopProperties) = preSolution
		StartupItem = MonoDevelop.CocosSharp.AllTargets\MonoDevelop.CocosSharp.AllTargets.addin.csproj
		Policies = $0
		$0.TextStylePolicy = $1
		$1.inheritsSet = VisualStudio
		$1.inheritsScope = text/plain
		$1.scope = text/x-csharp
		$0.CSharpFormattingPolicy = $2
		$2.IndentSwitchBody = True
		$2.IndentBlocksInsideExpressions = True
		$2.AnonymousMethodBraceStyle = NextLine
		$2.PropertyBraceStyle = NextLine
		$2.PropertyGetBraceStyle = NextLine
		$2.PropertySetBraceStyle = NextLine
		$2.EventBraceStyle = NextLine
		$2.EventAddBraceStyle = NextLine
		$2.EventRemoveBraceStyle = NextLine
		$2.StatementBraceStyle = NextLine
		$2.ElseNewLinePlacement = NewLine
		$2.CatchNewLinePlacement = NewLine
		$2.FinallyNewLinePlacement = NewLine
		$2.WhileNewLinePlacement = DoNotCare
		$2.ArrayInitializerWrapping = DoNotChange
		$2.ArrayInitializerBraceStyle = NextLine
		$2.BeforeMethodDeclarationParentheses = False
		$2.BeforeMethodCallParentheses = False
		$2.BeforeConstructorDeclarationParentheses = False
		$2.NewLineBeforeConstructorInitializerColon = NewLine
		$2.NewLineAfterConstructorInitializerColon = SameLine
		$2.BeforeDelegateDeclarationParentheses = False
		$2.NewParentheses = False
		$2.SpacesBeforeBrackets = False
		$2.inheritsSet = Mono
		$2.inheritsScope = text/x-csharp
		$2.scope = text/x-csharp
		$0.TextStylePolicy = $3
		$3.FileWidth = 120
		$3.inheritsSet = VisualStudio
		$3.inheritsScope = text/plain
		$3.scope = text/plain
	EndGlobalSection
EndGlobal
