
Microsoft Visual Studio Solution File, Format Version 12.00
# Visual Studio 2012
Project("{FAE04EC0-301F-11D3-BF4B-00C04F79EFBC}") = "Cocos2DContentBuilder", "Cocos2DContentBuilder\Cocos2DContentBuilder.csproj", "{B400CB70-BC2E-405A-ABB1-7C56A4D31582}"
EndProject
Project("{2150E333-8FDC-42A3-9474-1A3956D46DE8}") = ".nuget", ".nuget", "{C27D29BF-7001-4118-A66A-B97B8F470C2F}"
EndProject
Global
	GlobalSection(SolutionConfigurationPlatforms) = preSolution
		Debug|Any CPU = Debug|Any CPU
		Release|Any CPU = Release|Any CPU
	EndGlobalSection
	GlobalSection(ProjectConfigurationPlatforms) = postSolution
		{B400CB70-BC2E-405A-ABB1-7C56A4D31582}.Debug|Any CPU.ActiveCfg = Debug|Windows
		{B400CB70-BC2E-405A-ABB1-7C56A4D31582}.Debug|Any CPU.Build.0 = Debug|Windows
		{B400CB70-BC2E-405A-ABB1-7C56A4D31582}.Release|Any CPU.ActiveCfg = Release|Android
	EndGlobalSection
	GlobalSection(SolutionProperties) = preSolution
		HideSolutionNode = FALSE
	EndGlobalSection
EndGlobal
