
Microsoft Visual Studio Solution File, Format Version 12.00
# Visual Studio 2012
Project("{FAE04EC0-301F-11D3-BF4B-00C04F79EFBC}") = "EmptyProject.WP8", "EmptyProject.WP8\EmptyProject.WP8.csproj", "{ABDE75D9-EE73-467D-842E-2DFE0B5F5FB3}"
EndProject
Global
	GlobalSection(SolutionConfigurationPlatforms) = preSolution
		Debug|Any CPU = Debug|Any CPU
		Release|Any CPU = Release|Any CPU
	EndGlobalSection
	GlobalSection(ProjectConfigurationPlatforms) = postSolution
		{ABDE75D9-EE73-467D-842E-2DFE0B5F5FB3}.Debug|Any CPU.ActiveCfg = Debug|Any CPU
		{ABDE75D9-EE73-467D-842E-2DFE0B5F5FB3}.Debug|Any CPU.Build.0 = Debug|Any CPU
		{ABDE75D9-EE73-467D-842E-2DFE0B5F5FB3}.Release|Any CPU.ActiveCfg = Release|Any CPU
		{ABDE75D9-EE73-467D-842E-2DFE0B5F5FB3}.Release|Any CPU.Build.0 = Release|Any CPU
	EndGlobalSection
	GlobalSection(SolutionProperties) = preSolution
		HideSolutionNode = FALSE
	EndGlobalSection
EndGlobal
