
Microsoft Visual Studio Solution File, Format Version 12.00
# Visual Studio 2012
Project("{FAE04EC0-301F-11D3-BF4B-00C04F79EFBC}") = "SpineCocosSharp", "SpineCocosSharp\SpineCocosSharp.csproj", "{564A4075-6F99-421B-98BC-D915EA25644E}"
EndProject
Project("{FAE04EC0-301F-11D3-BF4B-00C04F79EFBC}") = "SpineCocosSharpMac", "SpineCocosSharp\SpineCocosSharpMac.csproj", "{6620AF56-53ED-49BE-80BE-108E3BE2867B}"
EndProject
Global
	GlobalSection(SolutionConfigurationPlatforms) = preSolution
		Debug|Any CPU = Debug|Any CPU
		Release|Any CPU = Release|Any CPU
	EndGlobalSection
	GlobalSection(ProjectConfigurationPlatforms) = postSolution
		{564A4075-6F99-421B-98BC-D915EA25644E}.Debug|Any CPU.ActiveCfg = Debug|Any CPU
		{564A4075-6F99-421B-98BC-D915EA25644E}.Debug|Any CPU.Build.0 = Debug|Any CPU
		{564A4075-6F99-421B-98BC-D915EA25644E}.Release|Any CPU.ActiveCfg = Release|Any CPU
		{564A4075-6F99-421B-98BC-D915EA25644E}.Release|Any CPU.Build.0 = Release|Any CPU
		{6620AF56-53ED-49BE-80BE-108E3BE2867B}.Debug|Any CPU.ActiveCfg = Debug|Any CPU
		{6620AF56-53ED-49BE-80BE-108E3BE2867B}.Debug|Any CPU.Build.0 = Debug|Any CPU
		{6620AF56-53ED-49BE-80BE-108E3BE2867B}.Release|Any CPU.ActiveCfg = Release|Any CPU
		{6620AF56-53ED-49BE-80BE-108E3BE2867B}.Release|Any CPU.Build.0 = Release|Any CPU
	EndGlobalSection
	GlobalSection(MonoDevelopProperties) = preSolution
		StartupItem = SpineCocosSharp\SpineCocosSharp.csproj
	EndGlobalSection
	GlobalSection(SolutionProperties) = preSolution
		HideSolutionNode = FALSE
	EndGlobalSection
EndGlobal
