
Microsoft Visual Studio Solution File, Format Version 12.00
# Visual Studio 2012
Project("{FAE04EC0-301F-11D3-BF4B-00C04F79EFBC}") = "EmptyProject.WindowsDX", "EmptyProject.WindowsDX\EmptyProject.WindowsDX.csproj", "{AE82F375-F489-4B9F-81A1-DB0BF21BB311}"
EndProject
Global
	GlobalSection(SolutionConfigurationPlatforms) = preSolution
		Debug|Any CPU = Debug|Any CPU
		Release|Any CPU = Release|Any CPU
	EndGlobalSection
	GlobalSection(ProjectConfigurationPlatforms) = postSolution
		{AE82F375-F489-4B9F-81A1-DB0BF21BB311}.Debug|Any CPU.ActiveCfg = Debug|Any CPU
		{AE82F375-F489-4B9F-81A1-DB0BF21BB311}.Debug|Any CPU.Build.0 = Debug|Any CPU
		{AE82F375-F489-4B9F-81A1-DB0BF21BB311}.Release|Any CPU.ActiveCfg = Release|Any CPU
		{AE82F375-F489-4B9F-81A1-DB0BF21BB311}.Release|Any CPU.Build.0 = Release|Any CPU
	EndGlobalSection
	GlobalSection(SolutionProperties) = preSolution
		HideSolutionNode = FALSE
	EndGlobalSection
EndGlobal
